PODS:
  - Alamofire (4.7.3)
  - AlamofireNetworkActivityLogger (2.3.0):
    - Alamofire (~> 4.6)
  - EasyDi (1.4.0)
  - InteractiveSideMenu (2.3)
  - PromiseKit (6.3.4):
    - PromiseKit/CorePromise (= 6.3.4)
    - PromiseKit/Foundation (= 6.3.4)
    - PromiseKit/UIKit (= 6.3.4)
  - PromiseKit/CorePromise (6.3.4)
  - PromiseKit/Foundation (6.3.4):
    - PromiseKit/CorePromise
  - PromiseKit/UIKit (6.3.4):
    - PromiseKit/CorePromise
  - SwiftLint (0.26.0)

DEPENDENCIES:
  - Alamofire (~> 4.7)
  - AlamofireNetworkActivityLogger (~> 2.3)
  - EasyDi
  - InteractiveSideMenu
  - PromiseKit
  - SwiftLint

SPEC REPOS:
  https://github.com/cocoapods/specs.git:
    - Alamofire
    - AlamofireNetworkActivityLogger
    - EasyDi
    - InteractiveSideMenu
    - PromiseKit
    - SwiftLint

SPEC CHECKSUMS:
  Alamofire: c7287b6e5d7da964a70935e5db17046b7fde6568
  AlamofireNetworkActivityLogger: 6f3076652ab7fa6c819b59be08ea038d339e36d8
  EasyDi: 84cfe04e906c0f463b1b1d76ed4be3db446f9702
  InteractiveSideMenu: d503a508c6d62a4d5d4372d9fb9e1795637a8e45
  PromiseKit: e1425568123ec844a944c93f2bcb29d511d39cf5
  SwiftLint: f6b83e8d95ee1e91e11932d843af4fdcbf3fc764

PODFILE CHECKSUM: 8520938a05154cf306d4df86d745a4354492b30b

COCOAPODS: 1.5.2
