// !$*UTF8*$!
{
	archiveVersion = 1;
	classes = {
	};
	objectVersion = 50;
	objects = {

/* Begin PBXBuildFile section */
		3BA753C0705FFA4885FD9053 /* Pods_Films_iOS.framework in Frameworks */ = {isa = PBXBuildFile; fileRef = F2BA10CCB5AE7214BBA9E48E /* Pods_Films_iOS.framework */; };
		BD05FCCA2119C38F008B5AC5 /* FilmDetail.swift in Sources */ = {isa = PBXBuildFile; fileRef = BD05FCC92119C38F008B5AC5 /* FilmDetail.swift */; };
		BD05FCCC2119C48B008B5AC5 /* ProductionCountry.swift in Sources */ = {isa = PBXBuildFile; fileRef = BD05FCCB2119C48B008B5AC5 /* ProductionCountry.swift */; };
		BD05FCCE2119C552008B5AC5 /* DetailsFilmUsecase.swift in Sources */ = {isa = PBXBuildFile; fileRef = BD05FCCD2119C552008B5AC5 /* DetailsFilmUsecase.swift */; };
		BD05FCD12119C60F008B5AC5 /* DetailsFilmPresenter.swift in Sources */ = {isa = PBXBuildFile; fileRef = BD05FCD02119C60F008B5AC5 /* DetailsFilmPresenter.swift */; };
		BD05FCD32119C6F4008B5AC5 /* DetailsFilmDataSource.swift in Sources */ = {isa = PBXBuildFile; fileRef = BD05FCD22119C6F4008B5AC5 /* DetailsFilmDataSource.swift */; };
		BD05FCE12119CDCE008B5AC5 /* FilmInfoAssembly.swift in Sources */ = {isa = PBXBuildFile; fileRef = BD05FCE02119CDCE008B5AC5 /* FilmInfoAssembly.swift */; };
		BD05FCE82119E4C4008B5AC5 /* Segoe UI, Regular.ttf in Resources */ = {isa = PBXBuildFile; fileRef = BD05FCE72119E4C4008B5AC5 /* Segoe UI, Regular.ttf */; };
		BD119EB021202A59002BBAD1 /* ArtistPhotosCollectionViewCell.swift in Sources */ = {isa = PBXBuildFile; fileRef = BD119EAF21202A59002BBAD1 /* ArtistPhotosCollectionViewCell.swift */; };
		BD119EB221202B9A002BBAD1 /* ArtistPhotosDisplayManager.swift in Sources */ = {isa = PBXBuildFile; fileRef = BD119EB121202B9A002BBAD1 /* ArtistPhotosDisplayManager.swift */; };
		BD119EB6212036A8002BBAD1 /* SimilarFilmsUsecase.swift in Sources */ = {isa = PBXBuildFile; fileRef = BD119EB5212036A8002BBAD1 /* SimilarFilmsUsecase.swift */; };
		BD119EC321204DAD002BBAD1 /* ArtistFilmsUsecase.swift in Sources */ = {isa = PBXBuildFile; fileRef = BD119EC221204DAD002BBAD1 /* ArtistFilmsUsecase.swift */; };
		BD119EC921204EFE002BBAD1 /* ArtistFIlms.swift in Sources */ = {isa = PBXBuildFile; fileRef = BD119EC821204EFE002BBAD1 /* ArtistFIlms.swift */; };
		BD119ECF212050BC002BBAD1 /* ArtistFilmsPresenter.swift in Sources */ = {isa = PBXBuildFile; fileRef = BD119ECE212050BC002BBAD1 /* ArtistFilmsPresenter.swift */; };
		BD119ED3212052E8002BBAD1 /* ArtistFilmsViewController.swift in Sources */ = {isa = PBXBuildFile; fileRef = BD119ED2212052E8002BBAD1 /* ArtistFilmsViewController.swift */; };
		BD119EEE21206B8B002BBAD1 /* BaseMoviesDataSourceProtocols.swift in Sources */ = {isa = PBXBuildFile; fileRef = BD119EED21206B8B002BBAD1 /* BaseMoviesDataSourceProtocols.swift */; };
		BD119EF021206C54002BBAD1 /* BaseMoviesDisplayManager.swift in Sources */ = {isa = PBXBuildFile; fileRef = BD119EEF21206C54002BBAD1 /* BaseMoviesDisplayManager.swift */; };
		BD1DCF6321131A38001B48EF /* NetworkingAssembly.swift in Sources */ = {isa = PBXBuildFile; fileRef = BD1DCF6221131A38001B48EF /* NetworkingAssembly.swift */; };
		BD1DCF6621131DCA001B48EF /* MoviesContainerAssembly.swift in Sources */ = {isa = PBXBuildFile; fileRef = BD1DCF6521131DCA001B48EF /* MoviesContainerAssembly.swift */; };
		BD1DCF6821131EA6001B48EF /* TabNamesUsecase.swift in Sources */ = {isa = PBXBuildFile; fileRef = BD1DCF6721131EA6001B48EF /* TabNamesUsecase.swift */; };
		BD1DCF6C21132308001B48EF /* TabName.swift in Sources */ = {isa = PBXBuildFile; fileRef = BD1DCF6B21132308001B48EF /* TabName.swift */; };
		BD1DCF7221132939001B48EF /* Genres.swift in Sources */ = {isa = PBXBuildFile; fileRef = BD1DCF7121132939001B48EF /* Genres.swift */; };
		BD29924D2132D8DE00BA6609 /* AboutArtistAssembly.swift in Sources */ = {isa = PBXBuildFile; fileRef = BD29924C2132D8DE00BA6609 /* AboutArtistAssembly.swift */; };
		BD29924F2132DA2100BA6609 /* AboutFilmAssembly.swift in Sources */ = {isa = PBXBuildFile; fileRef = BD29924E2132DA2100BA6609 /* AboutFilmAssembly.swift */; };
		BD2992522132DB3400BA6609 /* MoviesFilmAssembly.swift in Sources */ = {isa = PBXBuildFile; fileRef = BD2992512132DB3400BA6609 /* MoviesFilmAssembly.swift */; };
		BD2992542132DC8A00BA6609 /* ArtistBioAssembly.swift in Sources */ = {isa = PBXBuildFile; fileRef = BD2992532132DC8A00BA6609 /* ArtistBioAssembly.swift */; };
		BD2992562132DE1E00BA6609 /* ArtistFilmsAssembly.swift in Sources */ = {isa = PBXBuildFile; fileRef = BD2992552132DE1E00BA6609 /* ArtistFilmsAssembly.swift */; };
		BD2992592132E43A00BA6609 /* FilmReviewAssembly.swift in Sources */ = {isa = PBXBuildFile; fileRef = BD2992582132E43A00BA6609 /* FilmReviewAssembly.swift */; };
		BD29925C2132E56E00BA6609 /* ListOfMoviesAssembly.swift in Sources */ = {isa = PBXBuildFile; fileRef = BD29925B2132E56E00BA6609 /* ListOfMoviesAssembly.swift */; };
		BD312065213007BC00FDA3B9 /* AboutArtistContainerAssembly.swift in Sources */ = {isa = PBXBuildFile; fileRef = BD312064213007BC00FDA3B9 /* AboutArtistContainerAssembly.swift */; };
		BD31206D213019E300FDA3B9 /* ArtistFilmsDataSource.swift in Sources */ = {isa = PBXBuildFile; fileRef = BD31206C213019E300FDA3B9 /* ArtistFilmsDataSource.swift */; };
		BD31207021301B5700FDA3B9 /* ArtistMoviesDisplayManager.swift in Sources */ = {isa = PBXBuildFile; fileRef = BD31206F21301B5700FDA3B9 /* ArtistMoviesDisplayManager.swift */; };
		BD31207221301E9B00FDA3B9 /* SimilarFilmsDataSource.swift in Sources */ = {isa = PBXBuildFile; fileRef = BD31207121301E9B00FDA3B9 /* SimilarFilmsDataSource.swift */; };
		BD3D14D02122F0D300F5BD1E /* Films_iOSTests.swift in Sources */ = {isa = PBXBuildFile; fileRef = BD3D14CF2122F0D300F5BD1E /* Films_iOSTests.swift */; };
		BD3D14DE21231F7200F5BD1E /* AboutFilmContainerAssembly.swift in Sources */ = {isa = PBXBuildFile; fileRef = BD3D14DD21231F7200F5BD1E /* AboutFilmContainerAssembly.swift */; };
		BD47CFD92112F47E007339C8 /* Networking.swift in Sources */ = {isa = PBXBuildFile; fileRef = BD47CFD82112F47E007339C8 /* Networking.swift */; };
		BD47CFDC2112FE15007339C8 /* NetworkingError.swift in Sources */ = {isa = PBXBuildFile; fileRef = BD47CFDB2112FE15007339C8 /* NetworkingError.swift */; };
		BD5292A22114783700870328 /* TabNamesPresenter.swift in Sources */ = {isa = PBXBuildFile; fileRef = BD5292A12114783700870328 /* TabNamesPresenter.swift */; };
		BD5292A4211479DF00870328 /* TabNamesDataSource.swift in Sources */ = {isa = PBXBuildFile; fileRef = BD5292A3211479DF00870328 /* TabNamesDataSource.swift */; };
		BD52F3E22116FC2A0063DEB1 /* ListPopularFilmsUsecase.swift in Sources */ = {isa = PBXBuildFile; fileRef = BD52F3E12116FC2A0063DEB1 /* ListPopularFilmsUsecase.swift */; };
		BD52F3E42116FE980063DEB1 /* Films.swift in Sources */ = {isa = PBXBuildFile; fileRef = BD52F3E32116FE980063DEB1 /* Films.swift */; };
		BD52F3E6211700C70063DEB1 /* PopularFilmsPresenter.swift in Sources */ = {isa = PBXBuildFile; fileRef = BD52F3E5211700C70063DEB1 /* PopularFilmsPresenter.swift */; };
		BD52F3F7211711660063DEB1 /* UIImageLoadFromURL+cornerRadius.swift in Sources */ = {isa = PBXBuildFile; fileRef = BD52F3F6211711660063DEB1 /* UIImageLoadFromURL+cornerRadius.swift */; };
		BD569A63212DB6D5003F0B31 /* MenuViewController.swift in Sources */ = {isa = PBXBuildFile; fileRef = BD569A62212DB6D5003F0B31 /* MenuViewController.swift */; };
		BD569A65212DB781003F0B31 /* Storyboardable.swift in Sources */ = {isa = PBXBuildFile; fileRef = BD569A64212DB781003F0B31 /* Storyboardable.swift */; };
		BD569A67212DB812003F0B31 /* SampleMenuViewController.storyboard in Resources */ = {isa = PBXBuildFile; fileRef = BD569A66212DB812003F0B31 /* SampleMenuViewController.storyboard */; };
		BD6C97E721217CB600E5660A /* ReviewUsecase.swift in Sources */ = {isa = PBXBuildFile; fileRef = BD6C97E621217CB600E5660A /* ReviewUsecase.swift */; };
		BD6C97E921217CDD00E5660A /* Review.swift in Sources */ = {isa = PBXBuildFile; fileRef = BD6C97E821217CDD00E5660A /* Review.swift */; };
		BD6C97EB21217D1100E5660A /* Reviews.swift in Sources */ = {isa = PBXBuildFile; fileRef = BD6C97EA21217D1100E5660A /* Reviews.swift */; };
		BD6C97F121217E3D00E5660A /* ReviewDataSource.swift in Sources */ = {isa = PBXBuildFile; fileRef = BD6C97F021217E3D00E5660A /* ReviewDataSource.swift */; };
		BD6C97F321217EF800E5660A /* ReviewPresenter.swift in Sources */ = {isa = PBXBuildFile; fileRef = BD6C97F221217EF800E5660A /* ReviewPresenter.swift */; };
		BD6C97F521217FC100E5660A /* ReviewDisplayManager.swift in Sources */ = {isa = PBXBuildFile; fileRef = BD6C97F421217FC100E5660A /* ReviewDisplayManager.swift */; };
		BD6C980021219BC700E5660A /* MoviesRouting.swift in Sources */ = {isa = PBXBuildFile; fileRef = BD6C97FF21219BC700E5660A /* MoviesRouting.swift */; };
		BD6C98022121A0F300E5660A /* ModuleInput.swift in Sources */ = {isa = PBXBuildFile; fileRef = BD6C98012121A0F300E5660A /* ModuleInput.swift */; };
		BD6C98052121A8FA00E5660A /* InfoRouting.swift in Sources */ = {isa = PBXBuildFile; fileRef = BD6C98042121A8FA00E5660A /* InfoRouting.swift */; };
		BD6C98082121AA5C00E5660A /* ArtistFilmsRouting.swift in Sources */ = {isa = PBXBuildFile; fileRef = BD6C98072121AA5C00E5660A /* ArtistFilmsRouting.swift */; };
		BD6C980A2121BFE900E5660A /* CustomHR.swift in Sources */ = {isa = PBXBuildFile; fileRef = BD6C98092121BFE900E5660A /* CustomHR.swift */; };
		BD700C36211ABDE300C51220 /* FSegmentControl.swift in Sources */ = {isa = PBXBuildFile; fileRef = BD700C35211ABDE300C51220 /* FSegmentControl.swift */; };
		BD700C3C211AE24100C51220 /* FStarRating.swift in Sources */ = {isa = PBXBuildFile; fileRef = BD700C3B211AE24100C51220 /* FStarRating.swift */; };
		BD700C3E211AF00400C51220 /* GalleryDisplayManager.swift in Sources */ = {isa = PBXBuildFile; fileRef = BD700C3D211AF00400C51220 /* GalleryDisplayManager.swift */; };
		BD700C40211AF10600C51220 /* MakeRequestGateway.swift in Sources */ = {isa = PBXBuildFile; fileRef = BD700C3F211AF10600C51220 /* MakeRequestGateway.swift */; };
		BD700C43211AF42E00C51220 /* GalleryUsecase.swift in Sources */ = {isa = PBXBuildFile; fileRef = BD700C42211AF42E00C51220 /* GalleryUsecase.swift */; };
		BD700C46211AF49B00C51220 /* GalleryImage.swift in Sources */ = {isa = PBXBuildFile; fileRef = BD700C45211AF49B00C51220 /* GalleryImage.swift */; };
		BD700C48211B019400C51220 /* Gallery.swift in Sources */ = {isa = PBXBuildFile; fileRef = BD700C47211B019400C51220 /* Gallery.swift */; };
		BD700C4E211B0C1D00C51220 /* GalleryCollectionCell.swift in Sources */ = {isa = PBXBuildFile; fileRef = BD700C4D211B0C1D00C51220 /* GalleryCollectionCell.swift */; };
		BD700C53211B271A00C51220 /* CastCollectionCell.swift in Sources */ = {isa = PBXBuildFile; fileRef = BD700C52211B271A00C51220 /* CastCollectionCell.swift */; };
		BD700C55211B285F00C51220 /* CastViewController.swift in Sources */ = {isa = PBXBuildFile; fileRef = BD700C54211B285F00C51220 /* CastViewController.swift */; };
		BD700C57211B289B00C51220 /* CastDisplayManager.swift in Sources */ = {isa = PBXBuildFile; fileRef = BD700C56211B289B00C51220 /* CastDisplayManager.swift */; };
		BD700C59211B296A00C51220 /* Cast.swift in Sources */ = {isa = PBXBuildFile; fileRef = BD700C58211B296A00C51220 /* Cast.swift */; };
		BD700C5D211B2B7400C51220 /* CastUsecase.swift in Sources */ = {isa = PBXBuildFile; fileRef = BD700C5C211B2B7400C51220 /* CastUsecase.swift */; };
		BD700C5F211B2BF400C51220 /* Credits.swift in Sources */ = {isa = PBXBuildFile; fileRef = BD700C5E211B2BF400C51220 /* Credits.swift */; };
		BD700C65211B30E700C51220 /* FilmCastAssembly.swift in Sources */ = {isa = PBXBuildFile; fileRef = BD700C64211B30E700C51220 /* FilmCastAssembly.swift */; };
		BD8B9718213149E1005D8F00 /* notificationNames.swift in Sources */ = {isa = PBXBuildFile; fileRef = BD8B9717213149E1005D8F00 /* notificationNames.swift */; };
		BD8B971A213151B6005D8F00 /* FilmVideos.xib in Resources */ = {isa = PBXBuildFile; fileRef = BD8B9719213151B6005D8F00 /* FilmVideos.xib */; };
		BD8B971C213152E8005D8F00 /* FilmVideos.swift in Sources */ = {isa = PBXBuildFile; fileRef = BD8B971B213152E8005D8F00 /* FilmVideos.swift */; };
		BD8B971E21315359005D8F00 /* FilmInfo.swift in Sources */ = {isa = PBXBuildFile; fileRef = BD8B971D21315359005D8F00 /* FilmInfo.swift */; };
		BD8B972021315366005D8F00 /* FilmInfo.xib in Resources */ = {isa = PBXBuildFile; fileRef = BD8B971F21315366005D8F00 /* FilmInfo.xib */; };
		BD8B972221318E13005D8F00 /* InfoFilmDisplayManager.swift in Sources */ = {isa = PBXBuildFile; fileRef = BD8B972121318E13005D8F00 /* InfoFilmDisplayManager.swift */; };
		BD8B97242131B51A005D8F00 /* UILabelSize.swift in Sources */ = {isa = PBXBuildFile; fileRef = BD8B97232131B51A005D8F00 /* UILabelSize.swift */; };
		BD8B97262131BD4B005D8F00 /* FilmGallery.swift in Sources */ = {isa = PBXBuildFile; fileRef = BD8B97252131BD4B005D8F00 /* FilmGallery.swift */; };
		BD8B97282131BD5F005D8F00 /* FilmGallery.xib in Resources */ = {isa = PBXBuildFile; fileRef = BD8B97272131BD5F005D8F00 /* FilmGallery.xib */; };
		BD8B972A2131C0CD005D8F00 /* GalleryCollectionCell.xib in Resources */ = {isa = PBXBuildFile; fileRef = BD8B97292131C0CD005D8F00 /* GalleryCollectionCell.xib */; };
		BD8B97302131CF69005D8F00 /* FilmCard.xib in Resources */ = {isa = PBXBuildFile; fileRef = BD8B972F2131CF69005D8F00 /* FilmCard.xib */; };
		BD96F8A3212E818B0070579E /* HostViewController.swift in Sources */ = {isa = PBXBuildFile; fileRef = BD96F8A2212E818B0070579E /* HostViewController.swift */; };
		BD96F8A5212E83350070579E /* Host.storyboard in Resources */ = {isa = PBXBuildFile; fileRef = BD96F8A4212E83350070579E /* Host.storyboard */; };
		BDAC1016212BD73600A2DA9B /* BaseMainPageViewController.swift in Sources */ = {isa = PBXBuildFile; fileRef = BDAC1015212BD73600A2DA9B /* BaseMainPageViewController.swift */; };
		BDAC101F212C509800A2DA9B /* BaseFilmsDataSource.swift in Sources */ = {isa = PBXBuildFile; fileRef = BDAC101E212C509800A2DA9B /* BaseFilmsDataSource.swift */; };
		BDAC1021212C512600A2DA9B /* BaseFilmsDataSourceAssembly.swift in Sources */ = {isa = PBXBuildFile; fileRef = BDAC1020212C512600A2DA9B /* BaseFilmsDataSourceAssembly.swift */; };
		BDC941CB210EE861005C5041 /* AppDelegate.swift in Sources */ = {isa = PBXBuildFile; fileRef = BDC941CA210EE861005C5041 /* AppDelegate.swift */; };
		BDC941D0210EE861005C5041 /* MainViewController.storyboard in Resources */ = {isa = PBXBuildFile; fileRef = BDC941CE210EE861005C5041 /* MainViewController.storyboard */; };
		BDC941D2210EE864005C5041 /* Assets.xcassets in Resources */ = {isa = PBXBuildFile; fileRef = BDC941D1210EE864005C5041 /* Assets.xcassets */; };
		BDC941D5210EE864005C5041 /* LaunchScreen.storyboard in Resources */ = {isa = PBXBuildFile; fileRef = BDC941D3210EE864005C5041 /* LaunchScreen.storyboard */; };
		BDC941EF210EF1F7005C5041 /* Localizable.strings in Resources */ = {isa = PBXBuildFile; fileRef = BDC941EE210EF1F7005C5041 /* Localizable.strings */; };
		BDC941F4210EF464005C5041 /* BaseViewController.swift in Sources */ = {isa = PBXBuildFile; fileRef = BDC941F3210EF464005C5041 /* BaseViewController.swift */; };
		BDC941F6210EF50E005C5041 /* BaseHandlerController.swift in Sources */ = {isa = PBXBuildFile; fileRef = BDC941F5210EF50E005C5041 /* BaseHandlerController.swift */; };
		BDC941F8210F1B2C005C5041 /* colors.swift in Sources */ = {isa = PBXBuildFile; fileRef = BDC941F7210F1B2C005C5041 /* colors.swift */; };
		BDC941FC210F2ADE005C5041 /* MainViewController.swift in Sources */ = {isa = PBXBuildFile; fileRef = BDC941FB210F2ADE005C5041 /* MainViewController.swift */; };
		BDC941FE210F352D005C5041 /* TabNameCollectionViewCell.swift in Sources */ = {isa = PBXBuildFile; fileRef = BDC941FD210F352D005C5041 /* TabNameCollectionViewCell.swift */; };
		BDC94202210F52F6005C5041 /* CustomMenuBarButtonItem.swift in Sources */ = {isa = PBXBuildFile; fileRef = BDC94201210F52F6005C5041 /* CustomMenuBarButtonItem.swift */; };
		BDD0FC9921107DE50060A3F0 /* seguisb.ttf in Resources */ = {isa = PBXBuildFile; fileRef = BDD0FC9821107DE50060A3F0 /* seguisb.ttf */; };
		BDD16047211985920063650A /* InfoFilmViewController.swift in Sources */ = {isa = PBXBuildFile; fileRef = BDD16046211985920063650A /* InfoFilmViewController.swift */; };
		BDD3BFB5211078860096C212 /* fonts.swift in Sources */ = {isa = PBXBuildFile; fileRef = BDD3BFB4211078860096C212 /* fonts.swift */; };
		BDD85B4E211C12C600256E60 /* ReviewViewController.swift in Sources */ = {isa = PBXBuildFile; fileRef = BDD85B4D211C12C600256E60 /* ReviewViewController.swift */; };
		BDD85B50211C14E500256E60 /* ReviewCollectionViewCell.swift in Sources */ = {isa = PBXBuildFile; fileRef = BDD85B4F211C14E500256E60 /* ReviewCollectionViewCell.swift */; };
		BDD85B59211C1AB800256E60 /* AboutArtistViewController.swift in Sources */ = {isa = PBXBuildFile; fileRef = BDD85B58211C1AB800256E60 /* AboutArtistViewController.swift */; };
		BDD85B7C211C3A8D00256E60 /* CastFilmDataSource.swift in Sources */ = {isa = PBXBuildFile; fileRef = BDD85B7B211C3A8D00256E60 /* CastFilmDataSource.swift */; };
		BDD85B7E211C3B6100256E60 /* CastFilmPresenter.swift in Sources */ = {isa = PBXBuildFile; fileRef = BDD85B7D211C3B6100256E60 /* CastFilmPresenter.swift */; };
		BDD85B85211C492200256E60 /* AboutArtistUsecase.swift in Sources */ = {isa = PBXBuildFile; fileRef = BDD85B84211C492200256E60 /* AboutArtistUsecase.swift */; };
		BDD85B88211C49B700256E60 /* Artist.swift in Sources */ = {isa = PBXBuildFile; fileRef = BDD85B87211C49B700256E60 /* Artist.swift */; };
		BDD85B96211C4C3400256E60 /* ArtistBioPresenter.swift in Sources */ = {isa = PBXBuildFile; fileRef = BDD85B95211C4C3400256E60 /* ArtistBioPresenter.swift */; };
		BDD85B98211C4C5200256E60 /* ArtistBioDataSource.swift in Sources */ = {isa = PBXBuildFile; fileRef = BDD85B97211C4C5200256E60 /* ArtistBioDataSource.swift */; };
		BDD85B9A211C4CA500256E60 /* ArtistPhotosUsecase.swift in Sources */ = {isa = PBXBuildFile; fileRef = BDD85B99211C4CA500256E60 /* ArtistPhotosUsecase.swift */; };
		BDD85B9C211C4D4C00256E60 /* ArtistPhoto.swift in Sources */ = {isa = PBXBuildFile; fileRef = BDD85B9B211C4D4C00256E60 /* ArtistPhoto.swift */; };
		BDD85B9E211C4D7600256E60 /* ArtistPhotos.swift in Sources */ = {isa = PBXBuildFile; fileRef = BDD85B9D211C4D7600256E60 /* ArtistPhotos.swift */; };
		BDD85BA4211C51D300256E60 /* artist.storyboard in Resources */ = {isa = PBXBuildFile; fileRef = BDD85BA3211C51D300256E60 /* artist.storyboard */; };
		BDD85BA8211C545A00256E60 /* ArtistBioViewController.swift in Sources */ = {isa = PBXBuildFile; fileRef = BDD85BA7211C545A00256E60 /* ArtistBioViewController.swift */; };
		BDE164EB21119D57002E0A14 /* TabDisplayManager.swift in Sources */ = {isa = PBXBuildFile; fileRef = BDE164EA21119D57002E0A14 /* TabDisplayManager.swift */; };
		BDE164ED2111A0DA002E0A14 /* StringWithFormating.swift in Sources */ = {isa = PBXBuildFile; fileRef = BDE164EC2111A0DA002E0A14 /* StringWithFormating.swift */; };
		BDF1954A211863320093D236 /* film.storyboard in Resources */ = {isa = PBXBuildFile; fileRef = BDF19549211863320093D236 /* film.storyboard */; };
		BDF1954C21186DDB0093D236 /* AboutFilmViewController.swift in Sources */ = {isa = PBXBuildFile; fileRef = BDF1954B21186DDB0093D236 /* AboutFilmViewController.swift */; };
		BDF1954E211877760093D236 /* UIButtonChangeContent.swift in Sources */ = {isa = PBXBuildFile; fileRef = BDF1954D211877750093D236 /* UIButtonChangeContent.swift */; };
		BDF83D642111D68E001596EA /* FilmCard.swift in Sources */ = {isa = PBXBuildFile; fileRef = BDF83D632111D68E001596EA /* FilmCard.swift */; };
		BDF83D662111D980001596EA /* FilmCollectionViewCell.swift in Sources */ = {isa = PBXBuildFile; fileRef = BDF83D652111D980001596EA /* FilmCollectionViewCell.swift */; };
		BDF83D682111F24F001596EA /* PopularFilmsViewController.swift in Sources */ = {isa = PBXBuildFile; fileRef = BDF83D672111F24F001596EA /* PopularFilmsViewController.swift */; };
		BDF83D6A2111FF35001596EA /* CALayerApplySketchShadow.swift in Sources */ = {isa = PBXBuildFile; fileRef = BDF83D692111FF35001596EA /* CALayerApplySketchShadow.swift */; };
		BDFCE2DA211D8AA100C70770 /* BasePageViewController.swift in Sources */ = {isa = PBXBuildFile; fileRef = BDFCE2D9211D8AA100C70770 /* BasePageViewController.swift */; };
		BDFCE2DD211DA2FE00C70770 /* CastRouting.swift in Sources */ = {isa = PBXBuildFile; fileRef = BDFCE2DC211DA2FE00C70770 /* CastRouting.swift */; };
/* End PBXBuildFile section */

/* Begin PBXContainerItemProxy section */
		BD3D14D22122F0D300F5BD1E /* PBXContainerItemProxy */ = {
			isa = PBXContainerItemProxy;
			containerPortal = BDC941BF210EE861005C5041 /* Project object */;
			proxyType = 1;
			remoteGlobalIDString = BDC941C6210EE861005C5041;
			remoteInfo = "Films iOS";
		};
/* End PBXContainerItemProxy section */

/* Begin PBXFileReference section */
		313906239C0C062D5B903C0D /* Pods-Films iOS.debug.xcconfig */ = {isa = PBXFileReference; includeInIndex = 1; lastKnownFileType = text.xcconfig; name = "Pods-Films iOS.debug.xcconfig"; path = "Pods/Target Support Files/Pods-Films iOS/Pods-Films iOS.debug.xcconfig"; sourceTree = "<group>"; };
		86484042187C4F131FBE1961 /* Pods-Films iOS.release.xcconfig */ = {isa = PBXFileReference; includeInIndex = 1; lastKnownFileType = text.xcconfig; name = "Pods-Films iOS.release.xcconfig"; path = "Pods/Target Support Files/Pods-Films iOS/Pods-Films iOS.release.xcconfig"; sourceTree = "<group>"; };
		BD05FCC92119C38F008B5AC5 /* FilmDetail.swift */ = {isa = PBXFileReference; lastKnownFileType = sourcecode.swift; path = FilmDetail.swift; sourceTree = "<group>"; };
		BD05FCCB2119C48B008B5AC5 /* ProductionCountry.swift */ = {isa = PBXFileReference; lastKnownFileType = sourcecode.swift; path = ProductionCountry.swift; sourceTree = "<group>"; };
		BD05FCCD2119C552008B5AC5 /* DetailsFilmUsecase.swift */ = {isa = PBXFileReference; lastKnownFileType = sourcecode.swift; path = DetailsFilmUsecase.swift; sourceTree = "<group>"; };
		BD05FCD02119C60F008B5AC5 /* DetailsFilmPresenter.swift */ = {isa = PBXFileReference; lastKnownFileType = sourcecode.swift; path = DetailsFilmPresenter.swift; sourceTree = "<group>"; };
		BD05FCD22119C6F4008B5AC5 /* DetailsFilmDataSource.swift */ = {isa = PBXFileReference; lastKnownFileType = sourcecode.swift; path = DetailsFilmDataSource.swift; sourceTree = "<group>"; };
		BD05FCE02119CDCE008B5AC5 /* FilmInfoAssembly.swift */ = {isa = PBXFileReference; lastKnownFileType = sourcecode.swift; path = FilmInfoAssembly.swift; sourceTree = "<group>"; };
		BD05FCE72119E4C4008B5AC5 /* Segoe UI, Regular.ttf */ = {isa = PBXFileReference; lastKnownFileType = file; path = "Segoe UI, Regular.ttf"; sourceTree = "<group>"; };
		BD119EAF21202A59002BBAD1 /* ArtistPhotosCollectionViewCell.swift */ = {isa = PBXFileReference; lastKnownFileType = sourcecode.swift; path = ArtistPhotosCollectionViewCell.swift; sourceTree = "<group>"; };
		BD119EB121202B9A002BBAD1 /* ArtistPhotosDisplayManager.swift */ = {isa = PBXFileReference; lastKnownFileType = sourcecode.swift; path = ArtistPhotosDisplayManager.swift; sourceTree = "<group>"; };
		BD119EB5212036A8002BBAD1 /* SimilarFilmsUsecase.swift */ = {isa = PBXFileReference; lastKnownFileType = sourcecode.swift; path = SimilarFilmsUsecase.swift; sourceTree = "<group>"; };
		BD119EC221204DAD002BBAD1 /* ArtistFilmsUsecase.swift */ = {isa = PBXFileReference; lastKnownFileType = sourcecode.swift; path = ArtistFilmsUsecase.swift; sourceTree = "<group>"; };
		BD119EC821204EFE002BBAD1 /* ArtistFIlms.swift */ = {isa = PBXFileReference; lastKnownFileType = sourcecode.swift; path = ArtistFIlms.swift; sourceTree = "<group>"; };
		BD119ECE212050BC002BBAD1 /* ArtistFilmsPresenter.swift */ = {isa = PBXFileReference; lastKnownFileType = sourcecode.swift; path = ArtistFilmsPresenter.swift; sourceTree = "<group>"; };
		BD119ED2212052E8002BBAD1 /* ArtistFilmsViewController.swift */ = {isa = PBXFileReference; lastKnownFileType = sourcecode.swift; path = ArtistFilmsViewController.swift; sourceTree = "<group>"; };
		BD119EED21206B8B002BBAD1 /* BaseMoviesDataSourceProtocols.swift */ = {isa = PBXFileReference; lastKnownFileType = sourcecode.swift; path = BaseMoviesDataSourceProtocols.swift; sourceTree = "<group>"; };
		BD119EEF21206C54002BBAD1 /* BaseMoviesDisplayManager.swift */ = {isa = PBXFileReference; lastKnownFileType = sourcecode.swift; path = BaseMoviesDisplayManager.swift; sourceTree = "<group>"; };
		BD1DCF6221131A38001B48EF /* NetworkingAssembly.swift */ = {isa = PBXFileReference; lastKnownFileType = sourcecode.swift; path = NetworkingAssembly.swift; sourceTree = "<group>"; };
		BD1DCF6521131DCA001B48EF /* MoviesContainerAssembly.swift */ = {isa = PBXFileReference; lastKnownFileType = sourcecode.swift; path = MoviesContainerAssembly.swift; sourceTree = "<group>"; };
		BD1DCF6721131EA6001B48EF /* TabNamesUsecase.swift */ = {isa = PBXFileReference; lastKnownFileType = sourcecode.swift; path = TabNamesUsecase.swift; sourceTree = "<group>"; };
		BD1DCF6B21132308001B48EF /* TabName.swift */ = {isa = PBXFileReference; lastKnownFileType = sourcecode.swift; path = TabName.swift; sourceTree = "<group>"; };
		BD1DCF7121132939001B48EF /* Genres.swift */ = {isa = PBXFileReference; lastKnownFileType = sourcecode.swift; path = Genres.swift; sourceTree = "<group>"; };
		BD29924C2132D8DE00BA6609 /* AboutArtistAssembly.swift */ = {isa = PBXFileReference; lastKnownFileType = sourcecode.swift; path = AboutArtistAssembly.swift; sourceTree = "<group>"; };
		BD29924E2132DA2100BA6609 /* AboutFilmAssembly.swift */ = {isa = PBXFileReference; lastKnownFileType = sourcecode.swift; path = AboutFilmAssembly.swift; sourceTree = "<group>"; };
		BD2992512132DB3400BA6609 /* MoviesFilmAssembly.swift */ = {isa = PBXFileReference; lastKnownFileType = sourcecode.swift; path = MoviesFilmAssembly.swift; sourceTree = "<group>"; };
		BD2992532132DC8A00BA6609 /* ArtistBioAssembly.swift */ = {isa = PBXFileReference; lastKnownFileType = sourcecode.swift; path = ArtistBioAssembly.swift; sourceTree = "<group>"; };
		BD2992552132DE1E00BA6609 /* ArtistFilmsAssembly.swift */ = {isa = PBXFileReference; lastKnownFileType = sourcecode.swift; path = ArtistFilmsAssembly.swift; sourceTree = "<group>"; };
		BD2992582132E43A00BA6609 /* FilmReviewAssembly.swift */ = {isa = PBXFileReference; lastKnownFileType = sourcecode.swift; path = FilmReviewAssembly.swift; sourceTree = "<group>"; };
		BD29925B2132E56E00BA6609 /* ListOfMoviesAssembly.swift */ = {isa = PBXFileReference; lastKnownFileType = sourcecode.swift; path = ListOfMoviesAssembly.swift; sourceTree = "<group>"; };
		BD312064213007BC00FDA3B9 /* AboutArtistContainerAssembly.swift */ = {isa = PBXFileReference; lastKnownFileType = sourcecode.swift; path = AboutArtistContainerAssembly.swift; sourceTree = "<group>"; };
		BD31206C213019E300FDA3B9 /* ArtistFilmsDataSource.swift */ = {isa = PBXFileReference; lastKnownFileType = sourcecode.swift; path = ArtistFilmsDataSource.swift; sourceTree = "<group>"; };
		BD31206F21301B5700FDA3B9 /* ArtistMoviesDisplayManager.swift */ = {isa = PBXFileReference; lastKnownFileType = sourcecode.swift; path = ArtistMoviesDisplayManager.swift; sourceTree = "<group>"; };
		BD31207121301E9B00FDA3B9 /* SimilarFilmsDataSource.swift */ = {isa = PBXFileReference; lastKnownFileType = sourcecode.swift; path = SimilarFilmsDataSource.swift; sourceTree = "<group>"; };
		BD3D14CD2122F0D300F5BD1E /* Films_iOSTests.xctest */ = {isa = PBXFileReference; explicitFileType = wrapper.cfbundle; includeInIndex = 0; path = Films_iOSTests.xctest; sourceTree = BUILT_PRODUCTS_DIR; };
		BD3D14CF2122F0D300F5BD1E /* Films_iOSTests.swift */ = {isa = PBXFileReference; lastKnownFileType = sourcecode.swift; path = Films_iOSTests.swift; sourceTree = "<group>"; };
		BD3D14D12122F0D300F5BD1E /* Info.plist */ = {isa = PBXFileReference; lastKnownFileType = text.plist.xml; path = Info.plist; sourceTree = "<group>"; };
		BD3D14DD21231F7200F5BD1E /* AboutFilmContainerAssembly.swift */ = {isa = PBXFileReference; lastKnownFileType = sourcecode.swift; path = AboutFilmContainerAssembly.swift; sourceTree = "<group>"; };
		BD47CFD82112F47E007339C8 /* Networking.swift */ = {isa = PBXFileReference; lastKnownFileType = sourcecode.swift; path = Networking.swift; sourceTree = "<group>"; };
		BD47CFDB2112FE15007339C8 /* NetworkingError.swift */ = {isa = PBXFileReference; lastKnownFileType = sourcecode.swift; path = NetworkingError.swift; sourceTree = "<group>"; };
		BD5292A12114783700870328 /* TabNamesPresenter.swift */ = {isa = PBXFileReference; lastKnownFileType = sourcecode.swift; path = TabNamesPresenter.swift; sourceTree = "<group>"; };
		BD5292A3211479DF00870328 /* TabNamesDataSource.swift */ = {isa = PBXFileReference; lastKnownFileType = sourcecode.swift; path = TabNamesDataSource.swift; sourceTree = "<group>"; };
		BD52F3E12116FC2A0063DEB1 /* ListPopularFilmsUsecase.swift */ = {isa = PBXFileReference; lastKnownFileType = sourcecode.swift; path = ListPopularFilmsUsecase.swift; sourceTree = "<group>"; };
		BD52F3E32116FE980063DEB1 /* Films.swift */ = {isa = PBXFileReference; lastKnownFileType = sourcecode.swift; path = Films.swift; sourceTree = "<group>"; };
		BD52F3E5211700C70063DEB1 /* PopularFilmsPresenter.swift */ = {isa = PBXFileReference; lastKnownFileType = sourcecode.swift; path = PopularFilmsPresenter.swift; sourceTree = "<group>"; };
		BD52F3F6211711660063DEB1 /* UIImageLoadFromURL+cornerRadius.swift */ = {isa = PBXFileReference; lastKnownFileType = sourcecode.swift; path = "UIImageLoadFromURL+cornerRadius.swift"; sourceTree = "<group>"; };
		BD569A62212DB6D5003F0B31 /* MenuViewController.swift */ = {isa = PBXFileReference; lastKnownFileType = sourcecode.swift; path = MenuViewController.swift; sourceTree = "<group>"; };
		BD569A64212DB781003F0B31 /* Storyboardable.swift */ = {isa = PBXFileReference; lastKnownFileType = sourcecode.swift; path = Storyboardable.swift; sourceTree = "<group>"; };
		BD569A66212DB812003F0B31 /* SampleMenuViewController.storyboard */ = {isa = PBXFileReference; lastKnownFileType = file.storyboard; path = SampleMenuViewController.storyboard; sourceTree = "<group>"; };
		BD6C97E621217CB600E5660A /* ReviewUsecase.swift */ = {isa = PBXFileReference; lastKnownFileType = sourcecode.swift; path = ReviewUsecase.swift; sourceTree = "<group>"; };
		BD6C97E821217CDD00E5660A /* Review.swift */ = {isa = PBXFileReference; lastKnownFileType = sourcecode.swift; path = Review.swift; sourceTree = "<group>"; };
		BD6C97EA21217D1100E5660A /* Reviews.swift */ = {isa = PBXFileReference; lastKnownFileType = sourcecode.swift; path = Reviews.swift; sourceTree = "<group>"; };
		BD6C97F021217E3D00E5660A /* ReviewDataSource.swift */ = {isa = PBXFileReference; lastKnownFileType = sourcecode.swift; path = ReviewDataSource.swift; sourceTree = "<group>"; };
		BD6C97F221217EF800E5660A /* ReviewPresenter.swift */ = {isa = PBXFileReference; lastKnownFileType = sourcecode.swift; path = ReviewPresenter.swift; sourceTree = "<group>"; };
		BD6C97F421217FC100E5660A /* ReviewDisplayManager.swift */ = {isa = PBXFileReference; lastKnownFileType = sourcecode.swift; path = ReviewDisplayManager.swift; sourceTree = "<group>"; };
		BD6C97FF21219BC700E5660A /* MoviesRouting.swift */ = {isa = PBXFileReference; lastKnownFileType = sourcecode.swift; path = MoviesRouting.swift; sourceTree = "<group>"; };
		BD6C98012121A0F300E5660A /* ModuleInput.swift */ = {isa = PBXFileReference; lastKnownFileType = sourcecode.swift; path = ModuleInput.swift; sourceTree = "<group>"; };
		BD6C98042121A8FA00E5660A /* InfoRouting.swift */ = {isa = PBXFileReference; lastKnownFileType = sourcecode.swift; path = InfoRouting.swift; sourceTree = "<group>"; };
		BD6C98072121AA5C00E5660A /* ArtistFilmsRouting.swift */ = {isa = PBXFileReference; lastKnownFileType = sourcecode.swift; path = ArtistFilmsRouting.swift; sourceTree = "<group>"; };
		BD6C98092121BFE900E5660A /* CustomHR.swift */ = {isa = PBXFileReference; lastKnownFileType = sourcecode.swift; path = CustomHR.swift; sourceTree = "<group>"; };
		BD700C35211ABDE300C51220 /* FSegmentControl.swift */ = {isa = PBXFileReference; lastKnownFileType = sourcecode.swift; path = FSegmentControl.swift; sourceTree = "<group>"; };
		BD700C3B211AE24100C51220 /* FStarRating.swift */ = {isa = PBXFileReference; lastKnownFileType = sourcecode.swift; path = FStarRating.swift; sourceTree = "<group>"; };
		BD700C3D211AF00400C51220 /* GalleryDisplayManager.swift */ = {isa = PBXFileReference; lastKnownFileType = sourcecode.swift; path = GalleryDisplayManager.swift; sourceTree = "<group>"; };
		BD700C3F211AF10600C51220 /* MakeRequestGateway.swift */ = {isa = PBXFileReference; lastKnownFileType = sourcecode.swift; path = MakeRequestGateway.swift; sourceTree = "<group>"; };
		BD700C42211AF42E00C51220 /* GalleryUsecase.swift */ = {isa = PBXFileReference; lastKnownFileType = sourcecode.swift; path = GalleryUsecase.swift; sourceTree = "<group>"; };
		BD700C45211AF49B00C51220 /* GalleryImage.swift */ = {isa = PBXFileReference; lastKnownFileType = sourcecode.swift; path = GalleryImage.swift; sourceTree = "<group>"; };
		BD700C47211B019400C51220 /* Gallery.swift */ = {isa = PBXFileReference; lastKnownFileType = sourcecode.swift; path = Gallery.swift; sourceTree = "<group>"; };
		BD700C4D211B0C1D00C51220 /* GalleryCollectionCell.swift */ = {isa = PBXFileReference; lastKnownFileType = sourcecode.swift; path = GalleryCollectionCell.swift; sourceTree = "<group>"; };
		BD700C52211B271A00C51220 /* CastCollectionCell.swift */ = {isa = PBXFileReference; lastKnownFileType = sourcecode.swift; path = CastCollectionCell.swift; sourceTree = "<group>"; };
		BD700C54211B285F00C51220 /* CastViewController.swift */ = {isa = PBXFileReference; lastKnownFileType = sourcecode.swift; path = CastViewController.swift; sourceTree = "<group>"; };
		BD700C56211B289B00C51220 /* CastDisplayManager.swift */ = {isa = PBXFileReference; lastKnownFileType = sourcecode.swift; path = CastDisplayManager.swift; sourceTree = "<group>"; };
		BD700C58211B296A00C51220 /* Cast.swift */ = {isa = PBXFileReference; lastKnownFileType = sourcecode.swift; path = Cast.swift; sourceTree = "<group>"; };
		BD700C5C211B2B7400C51220 /* CastUsecase.swift */ = {isa = PBXFileReference; lastKnownFileType = sourcecode.swift; path = CastUsecase.swift; sourceTree = "<group>"; };
		BD700C5E211B2BF400C51220 /* Credits.swift */ = {isa = PBXFileReference; lastKnownFileType = sourcecode.swift; path = Credits.swift; sourceTree = "<group>"; };
		BD700C64211B30E700C51220 /* FilmCastAssembly.swift */ = {isa = PBXFileReference; lastKnownFileType = sourcecode.swift; path = FilmCastAssembly.swift; sourceTree = "<group>"; };
		BD8B9717213149E1005D8F00 /* notificationNames.swift */ = {isa = PBXFileReference; lastKnownFileType = sourcecode.swift; path = notificationNames.swift; sourceTree = "<group>"; };
		BD8B9719213151B6005D8F00 /* FilmVideos.xib */ = {isa = PBXFileReference; lastKnownFileType = file.xib; path = FilmVideos.xib; sourceTree = "<group>"; };
		BD8B971B213152E8005D8F00 /* FilmVideos.swift */ = {isa = PBXFileReference; lastKnownFileType = sourcecode.swift; path = FilmVideos.swift; sourceTree = "<group>"; };
		BD8B971D21315359005D8F00 /* FilmInfo.swift */ = {isa = PBXFileReference; lastKnownFileType = sourcecode.swift; path = FilmInfo.swift; sourceTree = "<group>"; };
		BD8B971F21315366005D8F00 /* FilmInfo.xib */ = {isa = PBXFileReference; lastKnownFileType = file.xib; path = FilmInfo.xib; sourceTree = "<group>"; };
		BD8B972121318E13005D8F00 /* InfoFilmDisplayManager.swift */ = {isa = PBXFileReference; lastKnownFileType = sourcecode.swift; path = InfoFilmDisplayManager.swift; sourceTree = "<group>"; };
		BD8B97232131B51A005D8F00 /* UILabelSize.swift */ = {isa = PBXFileReference; lastKnownFileType = sourcecode.swift; path = UILabelSize.swift; sourceTree = "<group>"; };
		BD8B97252131BD4B005D8F00 /* FilmGallery.swift */ = {isa = PBXFileReference; lastKnownFileType = sourcecode.swift; path = FilmGallery.swift; sourceTree = "<group>"; };
		BD8B97272131BD5F005D8F00 /* FilmGallery.xib */ = {isa = PBXFileReference; lastKnownFileType = file.xib; path = FilmGallery.xib; sourceTree = "<group>"; };
		BD8B97292131C0CD005D8F00 /* GalleryCollectionCell.xib */ = {isa = PBXFileReference; lastKnownFileType = file.xib; path = GalleryCollectionCell.xib; sourceTree = "<group>"; };
		BD8B972F2131CF69005D8F00 /* FilmCard.xib */ = {isa = PBXFileReference; lastKnownFileType = file.xib; path = FilmCard.xib; sourceTree = "<group>"; };
		BD96F8A2212E818B0070579E /* HostViewController.swift */ = {isa = PBXFileReference; lastKnownFileType = sourcecode.swift; path = HostViewController.swift; sourceTree = "<group>"; };
		BD96F8A4212E83350070579E /* Host.storyboard */ = {isa = PBXFileReference; lastKnownFileType = file.storyboard; path = Host.storyboard; sourceTree = "<group>"; };
		BDAC1015212BD73600A2DA9B /* BaseMainPageViewController.swift */ = {isa = PBXFileReference; lastKnownFileType = sourcecode.swift; path = BaseMainPageViewController.swift; sourceTree = "<group>"; };
		BDAC101E212C509800A2DA9B /* BaseFilmsDataSource.swift */ = {isa = PBXFileReference; lastKnownFileType = sourcecode.swift; path = BaseFilmsDataSource.swift; sourceTree = "<group>"; };
		BDAC1020212C512600A2DA9B /* BaseFilmsDataSourceAssembly.swift */ = {isa = PBXFileReference; lastKnownFileType = sourcecode.swift; path = BaseFilmsDataSourceAssembly.swift; sourceTree = "<group>"; };
		BDC941C7210EE861005C5041 /* Films iOS.app */ = {isa = PBXFileReference; explicitFileType = wrapper.application; includeInIndex = 0; path = "Films iOS.app"; sourceTree = BUILT_PRODUCTS_DIR; };
		BDC941CA210EE861005C5041 /* AppDelegate.swift */ = {isa = PBXFileReference; lastKnownFileType = sourcecode.swift; path = AppDelegate.swift; sourceTree = "<group>"; };
		BDC941CF210EE861005C5041 /* Base */ = {isa = PBXFileReference; lastKnownFileType = file.storyboard; name = Base; path = Base.lproj/MainViewController.storyboard; sourceTree = "<group>"; };
		BDC941D1210EE864005C5041 /* Assets.xcassets */ = {isa = PBXFileReference; lastKnownFileType = folder.assetcatalog; path = Assets.xcassets; sourceTree = "<group>"; };
		BDC941D4210EE864005C5041 /* Base */ = {isa = PBXFileReference; lastKnownFileType = file.storyboard; name = Base; path = Base.lproj/LaunchScreen.storyboard; sourceTree = "<group>"; };
		BDC941D6210EE864005C5041 /* Info.plist */ = {isa = PBXFileReference; lastKnownFileType = text.plist.xml; path = Info.plist; sourceTree = "<group>"; };
		BDC941EE210EF1F7005C5041 /* Localizable.strings */ = {isa = PBXFileReference; lastKnownFileType = text.plist.strings; path = Localizable.strings; sourceTree = "<group>"; };
		BDC941F3210EF464005C5041 /* BaseViewController.swift */ = {isa = PBXFileReference; lastKnownFileType = sourcecode.swift; path = BaseViewController.swift; sourceTree = "<group>"; };
		BDC941F5210EF50E005C5041 /* BaseHandlerController.swift */ = {isa = PBXFileReference; lastKnownFileType = sourcecode.swift; path = BaseHandlerController.swift; sourceTree = "<group>"; };
		BDC941F7210F1B2C005C5041 /* colors.swift */ = {isa = PBXFileReference; lastKnownFileType = sourcecode.swift; path = colors.swift; sourceTree = "<group>"; };
		BDC941FB210F2ADE005C5041 /* MainViewController.swift */ = {isa = PBXFileReference; lastKnownFileType = sourcecode.swift; path = MainViewController.swift; sourceTree = "<group>"; };
		BDC941FD210F352D005C5041 /* TabNameCollectionViewCell.swift */ = {isa = PBXFileReference; lastKnownFileType = sourcecode.swift; path = TabNameCollectionViewCell.swift; sourceTree = "<group>"; };
		BDC94201210F52F6005C5041 /* CustomMenuBarButtonItem.swift */ = {isa = PBXFileReference; lastKnownFileType = sourcecode.swift; path = CustomMenuBarButtonItem.swift; sourceTree = "<group>"; };
		BDD0FC9821107DE50060A3F0 /* seguisb.ttf */ = {isa = PBXFileReference; lastKnownFileType = file; path = seguisb.ttf; sourceTree = "<group>"; };
		BDD16046211985920063650A /* InfoFilmViewController.swift */ = {isa = PBXFileReference; lastKnownFileType = sourcecode.swift; path = InfoFilmViewController.swift; sourceTree = "<group>"; };
		BDD3BFB4211078860096C212 /* fonts.swift */ = {isa = PBXFileReference; lastKnownFileType = sourcecode.swift; path = fonts.swift; sourceTree = "<group>"; };
		BDD85B4D211C12C600256E60 /* ReviewViewController.swift */ = {isa = PBXFileReference; lastKnownFileType = sourcecode.swift; path = ReviewViewController.swift; sourceTree = "<group>"; };
		BDD85B4F211C14E500256E60 /* ReviewCollectionViewCell.swift */ = {isa = PBXFileReference; lastKnownFileType = sourcecode.swift; path = ReviewCollectionViewCell.swift; sourceTree = "<group>"; };
		BDD85B58211C1AB800256E60 /* AboutArtistViewController.swift */ = {isa = PBXFileReference; lastKnownFileType = sourcecode.swift; path = AboutArtistViewController.swift; sourceTree = "<group>"; };
		BDD85B7B211C3A8D00256E60 /* CastFilmDataSource.swift */ = {isa = PBXFileReference; lastKnownFileType = sourcecode.swift; path = CastFilmDataSource.swift; sourceTree = "<group>"; };
		BDD85B7D211C3B6100256E60 /* CastFilmPresenter.swift */ = {isa = PBXFileReference; lastKnownFileType = sourcecode.swift; path = CastFilmPresenter.swift; sourceTree = "<group>"; };
		BDD85B84211C492200256E60 /* AboutArtistUsecase.swift */ = {isa = PBXFileReference; lastKnownFileType = sourcecode.swift; path = AboutArtistUsecase.swift; sourceTree = "<group>"; };
		BDD85B87211C49B700256E60 /* Artist.swift */ = {isa = PBXFileReference; lastKnownFileType = sourcecode.swift; path = Artist.swift; sourceTree = "<group>"; };
		BDD85B95211C4C3400256E60 /* ArtistBioPresenter.swift */ = {isa = PBXFileReference; lastKnownFileType = sourcecode.swift; path = ArtistBioPresenter.swift; sourceTree = "<group>"; };
		BDD85B97211C4C5200256E60 /* ArtistBioDataSource.swift */ = {isa = PBXFileReference; lastKnownFileType = sourcecode.swift; path = ArtistBioDataSource.swift; sourceTree = "<group>"; };
		BDD85B99211C4CA500256E60 /* ArtistPhotosUsecase.swift */ = {isa = PBXFileReference; lastKnownFileType = sourcecode.swift; path = ArtistPhotosUsecase.swift; sourceTree = "<group>"; };
		BDD85B9B211C4D4C00256E60 /* ArtistPhoto.swift */ = {isa = PBXFileReference; lastKnownFileType = sourcecode.swift; path = ArtistPhoto.swift; sourceTree = "<group>"; };
		BDD85B9D211C4D7600256E60 /* ArtistPhotos.swift */ = {isa = PBXFileReference; lastKnownFileType = sourcecode.swift; path = ArtistPhotos.swift; sourceTree = "<group>"; };
		BDD85BA3211C51D300256E60 /* artist.storyboard */ = {isa = PBXFileReference; lastKnownFileType = file.storyboard; path = artist.storyboard; sourceTree = "<group>"; };
		BDD85BA7211C545A00256E60 /* ArtistBioViewController.swift */ = {isa = PBXFileReference; lastKnownFileType = sourcecode.swift; path = ArtistBioViewController.swift; sourceTree = "<group>"; };
		BDE164EA21119D57002E0A14 /* TabDisplayManager.swift */ = {isa = PBXFileReference; lastKnownFileType = sourcecode.swift; path = TabDisplayManager.swift; sourceTree = "<group>"; };
		BDE164EC2111A0DA002E0A14 /* StringWithFormating.swift */ = {isa = PBXFileReference; lastKnownFileType = sourcecode.swift; path = StringWithFormating.swift; sourceTree = "<group>"; };
		BDF19549211863320093D236 /* film.storyboard */ = {isa = PBXFileReference; lastKnownFileType = file.storyboard; path = film.storyboard; sourceTree = "<group>"; };
		BDF1954B21186DDB0093D236 /* AboutFilmViewController.swift */ = {isa = PBXFileReference; lastKnownFileType = sourcecode.swift; path = AboutFilmViewController.swift; sourceTree = "<group>"; };
		BDF1954D211877750093D236 /* UIButtonChangeContent.swift */ = {isa = PBXFileReference; lastKnownFileType = sourcecode.swift; path = UIButtonChangeContent.swift; sourceTree = "<group>"; };
		BDF83D632111D68E001596EA /* FilmCard.swift */ = {isa = PBXFileReference; lastKnownFileType = sourcecode.swift; path = FilmCard.swift; sourceTree = "<group>"; };
		BDF83D652111D980001596EA /* FilmCollectionViewCell.swift */ = {isa = PBXFileReference; lastKnownFileType = sourcecode.swift; path = FilmCollectionViewCell.swift; sourceTree = "<group>"; };
		BDF83D672111F24F001596EA /* PopularFilmsViewController.swift */ = {isa = PBXFileReference; lastKnownFileType = sourcecode.swift; path = PopularFilmsViewController.swift; sourceTree = "<group>"; };
		BDF83D692111FF35001596EA /* CALayerApplySketchShadow.swift */ = {isa = PBXFileReference; lastKnownFileType = sourcecode.swift; path = CALayerApplySketchShadow.swift; sourceTree = "<group>"; };
		BDFCE2D9211D8AA100C70770 /* BasePageViewController.swift */ = {isa = PBXFileReference; lastKnownFileType = sourcecode.swift; path = BasePageViewController.swift; sourceTree = "<group>"; };
		BDFCE2DC211DA2FE00C70770 /* CastRouting.swift */ = {isa = PBXFileReference; lastKnownFileType = sourcecode.swift; path = CastRouting.swift; sourceTree = "<group>"; };
		F2BA10CCB5AE7214BBA9E48E /* Pods_Films_iOS.framework */ = {isa = PBXFileReference; explicitFileType = wrapper.framework; includeInIndex = 0; path = Pods_Films_iOS.framework; sourceTree = BUILT_PRODUCTS_DIR; };
/* End PBXFileReference section */

/* Begin PBXFrameworksBuildPhase section */
		BD3D14CA2122F0D300F5BD1E /* Frameworks */ = {
			isa = PBXFrameworksBuildPhase;
			buildActionMask = 2147483647;
			files = (
			);
			runOnlyForDeploymentPostprocessing = 0;
		};
		BDC941C4210EE861005C5041 /* Frameworks */ = {
			isa = PBXFrameworksBuildPhase;
			buildActionMask = 2147483647;
			files = (
				3BA753C0705FFA4885FD9053 /* Pods_Films_iOS.framework in Frameworks */,
			);
			runOnlyForDeploymentPostprocessing = 0;
		};
/* End PBXFrameworksBuildPhase section */

/* Begin PBXGroup section */
		0DA4F846C6640711AA98B6C6 /* Pods */ = {
			isa = PBXGroup;
			children = (
				313906239C0C062D5B903C0D /* Pods-Films iOS.debug.xcconfig */,
				86484042187C4F131FBE1961 /* Pods-Films iOS.release.xcconfig */,
			);
			name = Pods;
			sourceTree = "<group>";
		};
		711919AEDDF845E282EB6DA3 /* Frameworks */ = {
			isa = PBXGroup;
			children = (
				F2BA10CCB5AE7214BBA9E48E /* Pods_Films_iOS.framework */,
			);
			name = Frameworks;
			sourceTree = "<group>";
		};
		BD05FCDB2119CCAB008B5AC5 /* Assemblies */ = {
			isa = PBXGroup;
			children = (
				BD05FCE02119CDCE008B5AC5 /* FilmInfoAssembly.swift */,
			);
			path = Assemblies;
			sourceTree = "<group>";
		};
		BD119EAD21202A0C002BBAD1 /* DisplayManagers */ = {
			isa = PBXGroup;
			children = (
				BD119EB121202B9A002BBAD1 /* ArtistPhotosDisplayManager.swift */,
			);
			path = DisplayManagers;
			sourceTree = "<group>";
		};
		BD119EAE21202A1B002BBAD1 /* Cells */ = {
			isa = PBXGroup;
			children = (
				BD119EAF21202A59002BBAD1 /* ArtistPhotosCollectionViewCell.swift */,
			);
			path = Cells;
			sourceTree = "<group>";
		};
		BD119EBD21203FBE002BBAD1 /* Common */ = {
			isa = PBXGroup;
			children = (
				BD6C98092121BFE900E5660A /* CustomHR.swift */,
				BD8B972F2131CF69005D8F00 /* FilmCard.xib */,
				BDF83D652111D980001596EA /* FilmCollectionViewCell.swift */,
			);
			path = Common;
			sourceTree = "<group>";
		};
		BD119EBE21204D60002BBAD1 /* View */ = {
			isa = PBXGroup;
			children = (
				BD31206E21301B4700FDA3B9 /* DisplayManagers */,
				BD119ED2212052E8002BBAD1 /* ArtistFilmsViewController.swift */,
			);
			path = View;
			sourceTree = "<group>";
		};
		BD119EC021204D7B002BBAD1 /* Assemblies */ = {
			isa = PBXGroup;
			children = (
				BD2992552132DE1E00BA6609 /* ArtistFilmsAssembly.swift */,
			);
			path = Assemblies;
			sourceTree = "<group>";
		};
		BD119EC121204D8D002BBAD1 /* Presenter */ = {
			isa = PBXGroup;
			children = (
				BD31206B213019C900FDA3B9 /* DataSource */,
				BD119ECB21204FB4002BBAD1 /* Presenters */,
			);
			path = Presenter;
			sourceTree = "<group>";
		};
		BD119ECB21204FB4002BBAD1 /* Presenters */ = {
			isa = PBXGroup;
			children = (
				BD119ECE212050BC002BBAD1 /* ArtistFilmsPresenter.swift */,
			);
			path = Presenters;
			sourceTree = "<group>";
		};
		BD2992572132E24D00BA6609 /* Sections */ = {
			isa = PBXGroup;
			children = (
				BD8B97252131BD4B005D8F00 /* FilmGallery.swift */,
				BD8B97272131BD5F005D8F00 /* FilmGallery.xib */,
				BD8B971D21315359005D8F00 /* FilmInfo.swift */,
				BD8B971F21315366005D8F00 /* FilmInfo.xib */,
				BD8B971B213152E8005D8F00 /* FilmVideos.swift */,
				BD8B9719213151B6005D8F00 /* FilmVideos.xib */,
			);
			path = Sections;
			sourceTree = "<group>";
		};
		BD29925A2132E52700BA6609 /* Assemblies */ = {
			isa = PBXGroup;
			children = (
				BD1DCF6521131DCA001B48EF /* MoviesContainerAssembly.swift */,
			);
			path = Assemblies;
			sourceTree = "<group>";
		};
		BD31206B213019C900FDA3B9 /* DataSource */ = {
			isa = PBXGroup;
			children = (
				BD31206C213019E300FDA3B9 /* ArtistFilmsDataSource.swift */,
			);
			path = DataSource;
			sourceTree = "<group>";
		};
		BD31206E21301B4700FDA3B9 /* DisplayManagers */ = {
			isa = PBXGroup;
			children = (
				BD31206F21301B5700FDA3B9 /* ArtistMoviesDisplayManager.swift */,
			);
			path = DisplayManagers;
			sourceTree = "<group>";
		};
		BD312075213025E100FDA3B9 /* View */ = {
			isa = PBXGroup;
			children = (
				BD312076213025FE00FDA3B9 /* Menu */,
				BDC941CE210EE861005C5041 /* MainViewController.storyboard */,
				BDC941FB210F2ADE005C5041 /* MainViewController.swift */,
			);
			path = View;
			sourceTree = "<group>";
		};
		BD312076213025FE00FDA3B9 /* Menu */ = {
			isa = PBXGroup;
			children = (
				BD96F8A4212E83350070579E /* Host.storyboard */,
				BD96F8A2212E818B0070579E /* HostViewController.swift */,
				BD569A62212DB6D5003F0B31 /* MenuViewController.swift */,
				BD569A66212DB812003F0B31 /* SampleMenuViewController.storyboard */,
				BD569A64212DB781003F0B31 /* Storyboardable.swift */,
			);
			path = Menu;
			sourceTree = "<group>";
		};
		BD3120792130265700FDA3B9 /* View */ = {
			isa = PBXGroup;
			children = (
				BDF1954B21186DDB0093D236 /* AboutFilmViewController.swift */,
				BDF19549211863320093D236 /* film.storyboard */,
			);
			path = View;
			sourceTree = "<group>";
		};
		BD31207A2130265F00FDA3B9 /* Assemblies */ = {
			isa = PBXGroup;
			children = (
				BD3D14DD21231F7200F5BD1E /* AboutFilmContainerAssembly.swift */,
			);
			path = Assemblies;
			sourceTree = "<group>";
		};
		BD31207B2130267A00FDA3B9 /* View */ = {
			isa = PBXGroup;
			children = (
				BDD85B58211C1AB800256E60 /* AboutArtistViewController.swift */,
				BDD85BA3211C51D300256E60 /* artist.storyboard */,
			);
			path = View;
			sourceTree = "<group>";
		};
		BD31207C2130269600FDA3B9 /* Assemblies */ = {
			isa = PBXGroup;
			children = (
				BD312064213007BC00FDA3B9 /* AboutArtistContainerAssembly.swift */,
			);
			path = Assemblies;
			sourceTree = "<group>";
		};
		BD3D14CE2122F0D300F5BD1E /* Films_iOSTests */ = {
			isa = PBXGroup;
			children = (
				BD3D14CF2122F0D300F5BD1E /* Films_iOSTests.swift */,
				BD3D14D12122F0D300F5BD1E /* Info.plist */,
			);
			path = Films_iOSTests;
			sourceTree = "<group>";
		};
		BD6C97EC21217DFD00E5660A /* DisplayManagers */ = {
			isa = PBXGroup;
			children = (
				BD6C97F421217FC100E5660A /* ReviewDisplayManager.swift */,
			);
			path = DisplayManagers;
			sourceTree = "<group>";
		};
		BD6C97EE21217E2000E5660A /* DataSource */ = {
			isa = PBXGroup;
			children = (
				BD6C97F021217E3D00E5660A /* ReviewDataSource.swift */,
			);
			path = DataSource;
			sourceTree = "<group>";
		};
		BD6C97EF21217E2900E5660A /* Presenters */ = {
			isa = PBXGroup;
			children = (
				BD6C97F221217EF800E5660A /* ReviewPresenter.swift */,
			);
			path = Presenters;
			sourceTree = "<group>";
		};
		BD6C97FE21219A3A00E5660A /* Routing */ = {
			isa = PBXGroup;
			children = (
				BD6C97FF21219BC700E5660A /* MoviesRouting.swift */,
			);
			path = Routing;
			sourceTree = "<group>";
		};
		BD6C98032121A75800E5660A /* Routing */ = {
			isa = PBXGroup;
			children = (
				BD6C98042121A8FA00E5660A /* InfoRouting.swift */,
			);
			path = Routing;
			sourceTree = "<group>";
		};
		BD6C98062121AA3E00E5660A /* Routing */ = {
			isa = PBXGroup;
			children = (
				BD6C98072121AA5C00E5660A /* ArtistFilmsRouting.swift */,
			);
			path = Routing;
			sourceTree = "<group>";
		};
		BD700C34211ABDC500C51220 /* AboutFilm */ = {
			isa = PBXGroup;
			children = (
				BD700C35211ABDE300C51220 /* FSegmentControl.swift */,
				BD700C3B211AE24100C51220 /* FStarRating.swift */,
			);
			path = AboutFilm;
			sourceTree = "<group>";
		};
		BD700C41211AF36000C51220 /* AboutFilm */ = {
			isa = PBXGroup;
			children = (
				BD29924E2132DA2100BA6609 /* AboutFilmAssembly.swift */,
			);
			path = AboutFilm;
			sourceTree = "<group>";
		};
		BD700C44211AF48F00C51220 /* AboutFilm */ = {
			isa = PBXGroup;
			children = (
				BD700C58211B296A00C51220 /* Cast.swift */,
				BD700C5E211B2BF400C51220 /* Credits.swift */,
				BD05FCC92119C38F008B5AC5 /* FilmDetail.swift */,
				BD700C47211B019400C51220 /* Gallery.swift */,
				BD700C45211AF49B00C51220 /* GalleryImage.swift */,
				BD05FCCB2119C48B008B5AC5 /* ProductionCountry.swift */,
				BD6C97E821217CDD00E5660A /* Review.swift */,
				BD6C97EA21217D1100E5660A /* Reviews.swift */,
			);
			path = AboutFilm;
			sourceTree = "<group>";
		};
		BD700C51211B24E300C51220 /* Movies */ = {
			isa = PBXGroup;
			children = (
				BD2992512132DB3400BA6609 /* MoviesFilmAssembly.swift */,
			);
			path = Movies;
			sourceTree = "<group>";
		};
		BDC941BE210EE861005C5041 = {
			isa = PBXGroup;
			children = (
				BDC941C9210EE861005C5041 /* Films iOS */,
				BD3D14CE2122F0D300F5BD1E /* Films_iOSTests */,
				711919AEDDF845E282EB6DA3 /* Frameworks */,
				0DA4F846C6640711AA98B6C6 /* Pods */,
				BDC941C8210EE861005C5041 /* Products */,
			);
			sourceTree = "<group>";
		};
		BDC941C8210EE861005C5041 /* Products */ = {
			isa = PBXGroup;
			children = (
				BDC941C7210EE861005C5041 /* Films iOS.app */,
				BD3D14CD2122F0D300F5BD1E /* Films_iOSTests.xctest */,
			);
			name = Products;
			sourceTree = "<group>";
		};
		BDC941C9210EE861005C5041 /* Films iOS */ = {
			isa = PBXGroup;
			children = (
				BDC941DC210EEFC1005C5041 /* App */,
				BDC941E1210EF011005C5041 /* BusinessLogic */,
				BDC941E0210EEFF6005C5041 /* Constants */,
				BDC941DD210EEFC6005C5041 /* Core */,
				BDC941DE210EEFCC005C5041 /* Presentation */,
				BDC941DF210EEFD5005C5041 /* Resources */,
			);
			path = "Films iOS";
			sourceTree = "<group>";
		};
		BDC941DC210EEFC1005C5041 /* App */ = {
			isa = PBXGroup;
			children = (
				BDC941E2210EF05A005C5041 /* AppDelegates */,
				BDC941D6210EE864005C5041 /* Info.plist */,
				BDC941D3210EE864005C5041 /* LaunchScreen.storyboard */,
			);
			path = App;
			sourceTree = "<group>";
		};
		BDC941DD210EEFC6005C5041 /* Core */ = {
			isa = PBXGroup;
			children = (
				BDC941EA210EF133005C5041 /* Assemblies */,
				BDC941E9210EF124005C5041 /* Extension */,
				BDAC101E212C509800A2DA9B /* BaseFilmsDataSource.swift */,
				BDC941F5210EF50E005C5041 /* BaseHandlerController.swift */,
				BDAC1015212BD73600A2DA9B /* BaseMainPageViewController.swift */,
				BD119EED21206B8B002BBAD1 /* BaseMoviesDataSourceProtocols.swift */,
				BD119EEF21206C54002BBAD1 /* BaseMoviesDisplayManager.swift */,
				BDFCE2D9211D8AA100C70770 /* BasePageViewController.swift */,
				BDC941F3210EF464005C5041 /* BaseViewController.swift */,
				BD6C98012121A0F300E5660A /* ModuleInput.swift */,
				BD47CFD82112F47E007339C8 /* Networking.swift */,
			);
			path = Core;
			sourceTree = "<group>";
		};
		BDC941DE210EEFCC005C5041 /* Presentation */ = {
			isa = PBXGroup;
			children = (
				BDC941F1210EF267005C5041 /* CustomViews */,
				BDC941EB210EF14E005C5041 /* UserStories */,
			);
			path = Presentation;
			sourceTree = "<group>";
		};
		BDC941DF210EEFD5005C5041 /* Resources */ = {
			isa = PBXGroup;
			children = (
				BDC941ED210EF1CD005C5041 /* Fonts */,
				BDC941D1210EE864005C5041 /* Assets.xcassets */,
				BDC941EE210EF1F7005C5041 /* Localizable.strings */,
			);
			path = Resources;
			sourceTree = "<group>";
		};
		BDC941E0210EEFF6005C5041 /* Constants */ = {
			isa = PBXGroup;
			children = (
				BDC941F7210F1B2C005C5041 /* colors.swift */,
				BDD3BFB4211078860096C212 /* fonts.swift */,
				BD8B9717213149E1005D8F00 /* notificationNames.swift */,
			);
			path = Constants;
			sourceTree = "<group>";
		};
		BDC941E1210EF011005C5041 /* BusinessLogic */ = {
			isa = PBXGroup;
			children = (
				BDC941E5210EF0DE005C5041 /* Assemblies */,
				BDC941E8210EF0FF005C5041 /* Entities */,
				BDC941E7210EF0F6005C5041 /* Gateways */,
				BDC941E6210EF0ED005C5041 /* Usecases */,
			);
			path = BusinessLogic;
			sourceTree = "<group>";
		};
		BDC941E2210EF05A005C5041 /* AppDelegates */ = {
			isa = PBXGroup;
			children = (
				BDC941CA210EE861005C5041 /* AppDelegate.swift */,
			);
			path = AppDelegates;
			sourceTree = "<group>";
		};
		BDC941E5210EF0DE005C5041 /* Assemblies */ = {
			isa = PBXGroup;
			children = (
				BDD85B89211C4ACE00256E60 /* AboutArtist */,
				BD700C41211AF36000C51220 /* AboutFilm */,
				BD700C51211B24E300C51220 /* Movies */,
			);
			path = Assemblies;
			sourceTree = "<group>";
		};
		BDC941E6210EF0ED005C5041 /* Usecases */ = {
			isa = PBXGroup;
			children = (
				BDD85B83211C48C600256E60 /* AboutArtist */,
				BDFCE2CE211D617D00C70770 /* AboutFilm */,
				BDFCE2CF211D618600C70770 /* Movies */,
			);
			path = Usecases;
			sourceTree = "<group>";
		};
		BDC941E7210EF0F6005C5041 /* Gateways */ = {
			isa = PBXGroup;
			children = (
				BD700C3F211AF10600C51220 /* MakeRequestGateway.swift */,
			);
			path = Gateways;
			sourceTree = "<group>";
		};
		BDC941E8210EF0FF005C5041 /* Entities */ = {
			isa = PBXGroup;
			children = (
				BDD85B86211C49AB00256E60 /* AboutArtist */,
				BD700C44211AF48F00C51220 /* AboutFilm */,
				BDC941F0210EF225005C5041 /* Errors */,
				BDF83D632111D68E001596EA /* FilmCard.swift */,
				BD52F3E32116FE980063DEB1 /* Films.swift */,
				BD1DCF7121132939001B48EF /* Genres.swift */,
				BD1DCF6B21132308001B48EF /* TabName.swift */,
			);
			path = Entities;
			sourceTree = "<group>";
		};
		BDC941E9210EF124005C5041 /* Extension */ = {
			isa = PBXGroup;
			children = (
				BDF83D692111FF35001596EA /* CALayerApplySketchShadow.swift */,
				BDE164EC2111A0DA002E0A14 /* StringWithFormating.swift */,
				BDF1954D211877750093D236 /* UIButtonChangeContent.swift */,
				BD52F3F6211711660063DEB1 /* UIImageLoadFromURL+cornerRadius.swift */,
				BD8B97232131B51A005D8F00 /* UILabelSize.swift */,
			);
			path = Extension;
			sourceTree = "<group>";
		};
		BDC941EA210EF133005C5041 /* Assemblies */ = {
			isa = PBXGroup;
			children = (
				BDAC1020212C512600A2DA9B /* BaseFilmsDataSourceAssembly.swift */,
				BD1DCF6221131A38001B48EF /* NetworkingAssembly.swift */,
			);
			path = Assemblies;
			sourceTree = "<group>";
		};
		BDC941EB210EF14E005C5041 /* UserStories */ = {
			isa = PBXGroup;
			children = (
				BDD85B51211C190700256E60 /* AboutArtist */,
				BDF19548211863080093D236 /* AboutFilm */,
				BDC94204210F57EA005C5041 /* Movies */,
			);
			path = UserStories;
			sourceTree = "<group>";
		};
		BDC941ED210EF1CD005C5041 /* Fonts */ = {
			isa = PBXGroup;
			children = (
				BD05FCE72119E4C4008B5AC5 /* Segoe UI, Regular.ttf */,
				BDD0FC9821107DE50060A3F0 /* seguisb.ttf */,
			);
			path = Fonts;
			sourceTree = "<group>";
		};
		BDC941F0210EF225005C5041 /* Errors */ = {
			isa = PBXGroup;
			children = (
				BD47CFDB2112FE15007339C8 /* NetworkingError.swift */,
			);
			path = Errors;
			sourceTree = "<group>";
		};
		BDC941F1210EF267005C5041 /* CustomViews */ = {
			isa = PBXGroup;
			children = (
				BD700C34211ABDC500C51220 /* AboutFilm */,
				BD119EBD21203FBE002BBAD1 /* Common */,
				BDC94203210F57D0005C5041 /* NavigationBar */,
			);
			path = CustomViews;
			sourceTree = "<group>";
		};
		BDC94203210F57D0005C5041 /* NavigationBar */ = {
			isa = PBXGroup;
			children = (
				BDC94201210F52F6005C5041 /* CustomMenuBarButtonItem.swift */,
			);
			path = NavigationBar;
			sourceTree = "<group>";
		};
		BDC94204210F57EA005C5041 /* Movies */ = {
			isa = PBXGroup;
			children = (
				BDFCE2C1211D5F3700C70770 /* Container */,
				BDFCE2C0211D5F2500C70770 /* Modules */,
			);
			path = Movies;
			sourceTree = "<group>";
		};
		BDD160452119857B0063650A /* Info */ = {
			isa = PBXGroup;
			children = (
				BD05FCDB2119CCAB008B5AC5 /* Assemblies */,
				BDD85B68211C2F9400256E60 /* Presenter */,
				BD6C98032121A75800E5660A /* Routing */,
				BDD85B67211C2F8F00256E60 /* View */,
			);
			path = Info;
			sourceTree = "<group>";
		};
		BDD85B51211C190700256E60 /* AboutArtist */ = {
			isa = PBXGroup;
			children = (
				BDD85B6E211C304B00256E60 /* Container */,
				BDD85B6D211C303E00256E60 /* Modules */,
			);
			path = AboutArtist;
			sourceTree = "<group>";
		};
		BDD85B52211C192A00256E60 /* Bio */ = {
			isa = PBXGroup;
			children = (
				BDD85B92211C4C0800256E60 /* Assemblies */,
				BDD85B90211C4BF500256E60 /* Presenter */,
				BDD85B91211C4BFE00256E60 /* View */,
			);
			path = Bio;
			sourceTree = "<group>";
		};
		BDD85B53211C193300256E60 /* Films */ = {
			isa = PBXGroup;
			children = (
				BD119EC021204D7B002BBAD1 /* Assemblies */,
				BD119EC121204D8D002BBAD1 /* Presenter */,
				BD6C98062121AA3E00E5660A /* Routing */,
				BD119EBE21204D60002BBAD1 /* View */,
			);
			path = Films;
			sourceTree = "<group>";
		};
		BDD85B5A211C2ECD00256E60 /* Cast */ = {
			isa = PBXGroup;
			children = (
				BDD85B63211C2F4300256E60 /* Assemblies */,
				BDD85B62211C2F3D00256E60 /* Presenter */,
				BDFCE2DB211DA2EF00C70770 /* Routing */,
				BDD85B61211C2F3700256E60 /* View */,
			);
			path = Cast;
			sourceTree = "<group>";
		};
		BDD85B5B211C2ED500256E60 /* Review */ = {
			isa = PBXGroup;
			children = (
				BDD85B5C211C2EE600256E60 /* Assemblies */,
				BDD85B5D211C2EF000256E60 /* Presenter */,
				BDD85B5E211C2EFB00256E60 /* View */,
			);
			path = Review;
			sourceTree = "<group>";
		};
		BDD85B5C211C2EE600256E60 /* Assemblies */ = {
			isa = PBXGroup;
			children = (
				BD2992582132E43A00BA6609 /* FilmReviewAssembly.swift */,
			);
			path = Assemblies;
			sourceTree = "<group>";
		};
		BDD85B5D211C2EF000256E60 /* Presenter */ = {
			isa = PBXGroup;
			children = (
				BD6C97EE21217E2000E5660A /* DataSource */,
				BD6C97EF21217E2900E5660A /* Presenters */,
			);
			path = Presenter;
			sourceTree = "<group>";
		};
		BDD85B5E211C2EFB00256E60 /* View */ = {
			isa = PBXGroup;
			children = (
				BDD85B64211C2F5B00256E60 /* Cells */,
				BD6C97EC21217DFD00E5660A /* DisplayManagers */,
				BDD85B4D211C12C600256E60 /* ReviewViewController.swift */,
			);
			path = View;
			sourceTree = "<group>";
		};
		BDD85B5F211C2F1500256E60 /* Container */ = {
			isa = PBXGroup;
			children = (
				BD31207A2130265F00FDA3B9 /* Assemblies */,
				BD3120792130265700FDA3B9 /* View */,
			);
			path = Container;
			sourceTree = "<group>";
		};
		BDD85B60211C2F1E00256E60 /* Modules */ = {
			isa = PBXGroup;
			children = (
				BDD85B5A211C2ECD00256E60 /* Cast */,
				BDD160452119857B0063650A /* Info */,
				BDD85B5B211C2ED500256E60 /* Review */,
			);
			path = Modules;
			sourceTree = "<group>";
		};
		BDD85B61211C2F3700256E60 /* View */ = {
			isa = PBXGroup;
			children = (
				BDD85B65211C2F6500256E60 /* Cells */,
				BDD85B66211C2F7A00256E60 /* DisplayManagers */,
				BD700C54211B285F00C51220 /* CastViewController.swift */,
			);
			path = View;
			sourceTree = "<group>";
		};
		BDD85B62211C2F3D00256E60 /* Presenter */ = {
			isa = PBXGroup;
			children = (
				BDD85B79211C3A6500256E60 /* DataSource */,
				BDD85B7A211C3A7200256E60 /* Presenters */,
			);
			path = Presenter;
			sourceTree = "<group>";
		};
		BDD85B63211C2F4300256E60 /* Assemblies */ = {
			isa = PBXGroup;
			children = (
				BD700C64211B30E700C51220 /* FilmCastAssembly.swift */,
			);
			path = Assemblies;
			sourceTree = "<group>";
		};
		BDD85B64211C2F5B00256E60 /* Cells */ = {
			isa = PBXGroup;
			children = (
				BDD85B4F211C14E500256E60 /* ReviewCollectionViewCell.swift */,
			);
			path = Cells;
			sourceTree = "<group>";
		};
		BDD85B65211C2F6500256E60 /* Cells */ = {
			isa = PBXGroup;
			children = (
				BD700C52211B271A00C51220 /* CastCollectionCell.swift */,
			);
			path = Cells;
			sourceTree = "<group>";
		};
		BDD85B66211C2F7A00256E60 /* DisplayManagers */ = {
			isa = PBXGroup;
			children = (
				BD700C56211B289B00C51220 /* CastDisplayManager.swift */,
			);
			path = DisplayManagers;
			sourceTree = "<group>";
		};
		BDD85B67211C2F8F00256E60 /* View */ = {
			isa = PBXGroup;
			children = (
				BD2992572132E24D00BA6609 /* Sections */,
				BDD85B6C211C2FE100256E60 /* Cells */,
				BDD85B69211C2F9B00256E60 /* DisplayManagers */,
				BDD16046211985920063650A /* InfoFilmViewController.swift */,
			);
			path = View;
			sourceTree = "<group>";
		};
		BDD85B68211C2F9400256E60 /* Presenter */ = {
			isa = PBXGroup;
			children = (
				BDD85B6B211C2FBE00256E60 /* DataSource */,
				BDD85B6A211C2FB600256E60 /* Presenters */,
			);
			path = Presenter;
			sourceTree = "<group>";
		};
		BDD85B69211C2F9B00256E60 /* DisplayManagers */ = {
			isa = PBXGroup;
			children = (
				BD700C3D211AF00400C51220 /* GalleryDisplayManager.swift */,
				BD8B972121318E13005D8F00 /* InfoFilmDisplayManager.swift */,
			);
			path = DisplayManagers;
			sourceTree = "<group>";
		};
		BDD85B6A211C2FB600256E60 /* Presenters */ = {
			isa = PBXGroup;
			children = (
				BD05FCD02119C60F008B5AC5 /* DetailsFilmPresenter.swift */,
			);
			path = Presenters;
			sourceTree = "<group>";
		};
		BDD85B6B211C2FBE00256E60 /* DataSource */ = {
			isa = PBXGroup;
			children = (
				BD05FCD22119C6F4008B5AC5 /* DetailsFilmDataSource.swift */,
				BD31207121301E9B00FDA3B9 /* SimilarFilmsDataSource.swift */,
			);
			path = DataSource;
			sourceTree = "<group>";
		};
		BDD85B6C211C2FE100256E60 /* Cells */ = {
			isa = PBXGroup;
			children = (
				BD700C4D211B0C1D00C51220 /* GalleryCollectionCell.swift */,
				BD8B97292131C0CD005D8F00 /* GalleryCollectionCell.xib */,
			);
			path = Cells;
			sourceTree = "<group>";
		};
		BDD85B6D211C303E00256E60 /* Modules */ = {
			isa = PBXGroup;
			children = (
				BDD85B52211C192A00256E60 /* Bio */,
				BDD85B53211C193300256E60 /* Films */,
			);
			path = Modules;
			sourceTree = "<group>";
		};
		BDD85B6E211C304B00256E60 /* Container */ = {
			isa = PBXGroup;
			children = (
				BD31207C2130269600FDA3B9 /* Assemblies */,
				BD31207B2130267A00FDA3B9 /* View */,
			);
			path = Container;
			sourceTree = "<group>";
		};
		BDD85B79211C3A6500256E60 /* DataSource */ = {
			isa = PBXGroup;
			children = (
				BDD85B7B211C3A8D00256E60 /* CastFilmDataSource.swift */,
			);
			path = DataSource;
			sourceTree = "<group>";
		};
		BDD85B7A211C3A7200256E60 /* Presenters */ = {
			isa = PBXGroup;
			children = (
				BDD85B7D211C3B6100256E60 /* CastFilmPresenter.swift */,
			);
			path = Presenters;
			sourceTree = "<group>";
		};
		BDD85B83211C48C600256E60 /* AboutArtist */ = {
			isa = PBXGroup;
			children = (
				BDD85B84211C492200256E60 /* AboutArtistUsecase.swift */,
				BD119EC221204DAD002BBAD1 /* ArtistFilmsUsecase.swift */,
				BDD85B99211C4CA500256E60 /* ArtistPhotosUsecase.swift */,
			);
			path = AboutArtist;
			sourceTree = "<group>";
		};
		BDD85B86211C49AB00256E60 /* AboutArtist */ = {
			isa = PBXGroup;
			children = (
				BDD85B87211C49B700256E60 /* Artist.swift */,
				BD119EC821204EFE002BBAD1 /* ArtistFIlms.swift */,
				BDD85B9B211C4D4C00256E60 /* ArtistPhoto.swift */,
				BDD85B9D211C4D7600256E60 /* ArtistPhotos.swift */,
			);
			path = AboutArtist;
			sourceTree = "<group>";
		};
		BDD85B89211C4ACE00256E60 /* AboutArtist */ = {
			isa = PBXGroup;
			children = (
				BD29924C2132D8DE00BA6609 /* AboutArtistAssembly.swift */,
			);
			path = AboutArtist;
			sourceTree = "<group>";
		};
		BDD85B90211C4BF500256E60 /* Presenter */ = {
			isa = PBXGroup;
			children = (
				BDD85B94211C4C1D00256E60 /* DataSource */,
				BDD85B93211C4C1700256E60 /* Presenters */,
			);
			path = Presenter;
			sourceTree = "<group>";
		};
		BDD85B91211C4BFE00256E60 /* View */ = {
			isa = PBXGroup;
			children = (
				BD119EAE21202A1B002BBAD1 /* Cells */,
				BD119EAD21202A0C002BBAD1 /* DisplayManagers */,
				BDD85BA7211C545A00256E60 /* ArtistBioViewController.swift */,
			);
			path = View;
			sourceTree = "<group>";
		};
		BDD85B92211C4C0800256E60 /* Assemblies */ = {
			isa = PBXGroup;
			children = (
				BD2992532132DC8A00BA6609 /* ArtistBioAssembly.swift */,
			);
			path = Assemblies;
			sourceTree = "<group>";
		};
		BDD85B93211C4C1700256E60 /* Presenters */ = {
			isa = PBXGroup;
			children = (
				BDD85B95211C4C3400256E60 /* ArtistBioPresenter.swift */,
			);
			path = Presenters;
			sourceTree = "<group>";
		};
		BDD85B94211C4C1D00256E60 /* DataSource */ = {
			isa = PBXGroup;
			children = (
				BDD85B97211C4C5200256E60 /* ArtistBioDataSource.swift */,
			);
			path = DataSource;
			sourceTree = "<group>";
		};
		BDE164E921119D2C002E0A14 /* DisplayManagers */ = {
			isa = PBXGroup;
			children = (
				BDE164EA21119D57002E0A14 /* TabDisplayManager.swift */,
			);
			path = DisplayManagers;
			sourceTree = "<group>";
		};
		BDF19548211863080093D236 /* AboutFilm */ = {
			isa = PBXGroup;
			children = (
				BDD85B5F211C2F1500256E60 /* Container */,
				BDD85B60211C2F1E00256E60 /* Modules */,
			);
			path = AboutFilm;
			sourceTree = "<group>";
		};
		BDFCE2C0211D5F2500C70770 /* Modules */ = {
			isa = PBXGroup;
			children = (
				BDFCE2C2211D5F6200C70770 /* ListOfMovies */,
			);
			path = Modules;
			sourceTree = "<group>";
		};
		BDFCE2C1211D5F3700C70770 /* Container */ = {
			isa = PBXGroup;
			children = (
				BD29925A2132E52700BA6609 /* Assemblies */,
				BD312075213025E100FDA3B9 /* View */,
			);
			path = Container;
			sourceTree = "<group>";
		};
		BDFCE2C2211D5F6200C70770 /* ListOfMovies */ = {
			isa = PBXGroup;
			children = (
				BDFCE2C5211D5F8200C70770 /* Assemblies */,
				BDFCE2C4211D5F7B00C70770 /* Presenter */,
				BD6C97FE21219A3A00E5660A /* Routing */,
				BDFCE2C3211D5F7400C70770 /* View */,
			);
			path = ListOfMovies;
			sourceTree = "<group>";
		};
		BDFCE2C3211D5F7400C70770 /* View */ = {
			isa = PBXGroup;
			children = (
				BDFCE2C8211D5FDC00C70770 /* Cells */,
				BDE164E921119D2C002E0A14 /* DisplayManagers */,
				BDF83D672111F24F001596EA /* PopularFilmsViewController.swift */,
			);
			path = View;
			sourceTree = "<group>";
		};
		BDFCE2C4211D5F7B00C70770 /* Presenter */ = {
			isa = PBXGroup;
			children = (
				BDFCE2C7211D5FD300C70770 /* DataSource */,
				BDFCE2C6211D5FCD00C70770 /* Presenters */,
			);
			path = Presenter;
			sourceTree = "<group>";
		};
		BDFCE2C5211D5F8200C70770 /* Assemblies */ = {
			isa = PBXGroup;
			children = (
				BD29925B2132E56E00BA6609 /* ListOfMoviesAssembly.swift */,
			);
			path = Assemblies;
			sourceTree = "<group>";
		};
		BDFCE2C6211D5FCD00C70770 /* Presenters */ = {
			isa = PBXGroup;
			children = (
				BD52F3E5211700C70063DEB1 /* PopularFilmsPresenter.swift */,
				BD5292A12114783700870328 /* TabNamesPresenter.swift */,
			);
			path = Presenters;
			sourceTree = "<group>";
		};
		BDFCE2C7211D5FD300C70770 /* DataSource */ = {
			isa = PBXGroup;
			children = (
				BD5292A3211479DF00870328 /* TabNamesDataSource.swift */,
			);
			path = DataSource;
			sourceTree = "<group>";
		};
		BDFCE2C8211D5FDC00C70770 /* Cells */ = {
			isa = PBXGroup;
			children = (
				BDC941FD210F352D005C5041 /* TabNameCollectionViewCell.swift */,
			);
			path = Cells;
			sourceTree = "<group>";
		};
		BDFCE2CE211D617D00C70770 /* AboutFilm */ = {
			isa = PBXGroup;
			children = (
				BD700C5C211B2B7400C51220 /* CastUsecase.swift */,
				BD05FCCD2119C552008B5AC5 /* DetailsFilmUsecase.swift */,
				BD700C42211AF42E00C51220 /* GalleryUsecase.swift */,
				BD6C97E621217CB600E5660A /* ReviewUsecase.swift */,
				BD119EB5212036A8002BBAD1 /* SimilarFilmsUsecase.swift */,
			);
			path = AboutFilm;
			sourceTree = "<group>";
		};
		BDFCE2CF211D618600C70770 /* Movies */ = {
			isa = PBXGroup;
			children = (
				BD52F3E12116FC2A0063DEB1 /* ListPopularFilmsUsecase.swift */,
				BD1DCF6721131EA6001B48EF /* TabNamesUsecase.swift */,
			);
			path = Movies;
			sourceTree = "<group>";
		};
		BDFCE2DB211DA2EF00C70770 /* Routing */ = {
			isa = PBXGroup;
			children = (
				BDFCE2DC211DA2FE00C70770 /* CastRouting.swift */,
			);
			path = Routing;
			sourceTree = "<group>";
		};
/* End PBXGroup section */

/* Begin PBXNativeTarget section */
		BD3D14CC2122F0D300F5BD1E /* Films_iOSTests */ = {
			isa = PBXNativeTarget;
			buildConfigurationList = BD3D14D62122F0D300F5BD1E /* Build configuration list for PBXNativeTarget "Films_iOSTests" */;
			buildPhases = (
				BD3D14C92122F0D300F5BD1E /* Sources */,
				BD3D14CA2122F0D300F5BD1E /* Frameworks */,
				BD3D14CB2122F0D300F5BD1E /* Resources */,
			);
			buildRules = (
			);
			dependencies = (
				BD3D14D32122F0D300F5BD1E /* PBXTargetDependency */,
			);
			name = Films_iOSTests;
			productName = Films_iOSTests;
			productReference = BD3D14CD2122F0D300F5BD1E /* Films_iOSTests.xctest */;
			productType = "com.apple.product-type.bundle.unit-test";
		};
		BDC941C6210EE861005C5041 /* Films iOS */ = {
			isa = PBXNativeTarget;
			buildConfigurationList = BDC941D9210EE864005C5041 /* Build configuration list for PBXNativeTarget "Films iOS" */;
			buildPhases = (
				6BB1C109D88D899C21878B9C /* [CP] Check Pods Manifest.lock */,
				BDF83D5F2111D0AC001596EA /* swiftlint */,
				BDC941C3210EE861005C5041 /* Sources */,
				BDC941C4210EE861005C5041 /* Frameworks */,
				BDC941C5210EE861005C5041 /* Resources */,
				F617928A9E70026A6E4811BB /* [CP] Embed Pods Frameworks */,
			);
			buildRules = (
			);
			dependencies = (
			);
			name = "Films iOS";
			productName = "Films iOS";
			productReference = BDC941C7210EE861005C5041 /* Films iOS.app */;
			productType = "com.apple.product-type.application";
		};
/* End PBXNativeTarget section */

/* Begin PBXProject section */
		BDC941BF210EE861005C5041 /* Project object */ = {
			isa = PBXProject;
			attributes = {
				LastSwiftUpdateCheck = 0940;
				LastUpgradeCheck = 0940;
				ORGANIZATIONNAME = "Nikita Zhudin";
				TargetAttributes = {
					BD3D14CC2122F0D300F5BD1E = {
						CreatedOnToolsVersion = 9.4.1;
						TestTargetID = BDC941C6210EE861005C5041;
					};
					BDC941C6210EE861005C5041 = {
						CreatedOnToolsVersion = 9.4.1;
					};
				};
			};
			buildConfigurationList = BDC941C2210EE861005C5041 /* Build configuration list for PBXProject "Films iOS" */;
			compatibilityVersion = "Xcode 9.3";
			developmentRegion = en;
			hasScannedForEncodings = 0;
			knownRegions = (
				en,
				Base,
			);
			mainGroup = BDC941BE210EE861005C5041;
			productRefGroup = BDC941C8210EE861005C5041 /* Products */;
			projectDirPath = "";
			projectRoot = "";
			targets = (
				BDC941C6210EE861005C5041 /* Films iOS */,
				BD3D14CC2122F0D300F5BD1E /* Films_iOSTests */,
			);
		};
/* End PBXProject section */

/* Begin PBXResourcesBuildPhase section */
		BD3D14CB2122F0D300F5BD1E /* Resources */ = {
			isa = PBXResourcesBuildPhase;
			buildActionMask = 2147483647;
			files = (
			);
			runOnlyForDeploymentPostprocessing = 0;
		};
		BDC941C5210EE861005C5041 /* Resources */ = {
			isa = PBXResourcesBuildPhase;
			buildActionMask = 2147483647;
			files = (
				BD8B97282131BD5F005D8F00 /* FilmGallery.xib in Resources */,
				BD569A67212DB812003F0B31 /* SampleMenuViewController.storyboard in Resources */,
				BDD0FC9921107DE50060A3F0 /* seguisb.ttf in Resources */,
				BDD85BA4211C51D300256E60 /* artist.storyboard in Resources */,
				BD8B971A213151B6005D8F00 /* FilmVideos.xib in Resources */,
				BDF1954A211863320093D236 /* film.storyboard in Resources */,
				BD8B972A2131C0CD005D8F00 /* GalleryCollectionCell.xib in Resources */,
				BDC941D5210EE864005C5041 /* LaunchScreen.storyboard in Resources */,
				BDC941EF210EF1F7005C5041 /* Localizable.strings in Resources */,
				BDC941D2210EE864005C5041 /* Assets.xcassets in Resources */,
				BDC941D0210EE861005C5041 /* MainViewController.storyboard in Resources */,
				BD8B972021315366005D8F00 /* FilmInfo.xib in Resources */,
				BD96F8A5212E83350070579E /* Host.storyboard in Resources */,
				BD05FCE82119E4C4008B5AC5 /* Segoe UI, Regular.ttf in Resources */,
				BD8B97302131CF69005D8F00 /* FilmCard.xib in Resources */,
			);
			runOnlyForDeploymentPostprocessing = 0;
		};
/* End PBXResourcesBuildPhase section */

/* Begin PBXShellScriptBuildPhase section */
		6BB1C109D88D899C21878B9C /* [CP] Check Pods Manifest.lock */ = {
			isa = PBXShellScriptBuildPhase;
			buildActionMask = 2147483647;
			files = (
			);
			inputPaths = (
				"${PODS_PODFILE_DIR_PATH}/Podfile.lock",
				"${PODS_ROOT}/Manifest.lock",
			);
			name = "[CP] Check Pods Manifest.lock";
			outputPaths = (
				"$(DERIVED_FILE_DIR)/Pods-Films iOS-checkManifestLockResult.txt",
			);
			runOnlyForDeploymentPostprocessing = 0;
			shellPath = /bin/sh;
			shellScript = "diff \"${PODS_PODFILE_DIR_PATH}/Podfile.lock\" \"${PODS_ROOT}/Manifest.lock\" > /dev/null\nif [ $? != 0 ] ; then\n    # print error to STDERR\n    echo \"error: The sandbox is not in sync with the Podfile.lock. Run 'pod install' or update your CocoaPods installation.\" >&2\n    exit 1\nfi\n# This output is used by Xcode 'outputs' to avoid re-running this script phase.\necho \"SUCCESS\" > \"${SCRIPT_OUTPUT_FILE_0}\"\n";
			showEnvVarsInLog = 0;
		};
		BDF83D5F2111D0AC001596EA /* swiftlint */ = {
			isa = PBXShellScriptBuildPhase;
			buildActionMask = 2147483647;
			files = (
			);
			inputPaths = (
			);
			name = swiftlint;
			outputPaths = (
			);
			runOnlyForDeploymentPostprocessing = 0;
			shellPath = /bin/sh;
			shellScript = "\"${PODS_ROOT}/SwiftLint/swiftlint\" autocorrect\n\"${PODS_ROOT}/SwiftLint/swiftlint\"";
		};
		F617928A9E70026A6E4811BB /* [CP] Embed Pods Frameworks */ = {
			isa = PBXShellScriptBuildPhase;
			buildActionMask = 2147483647;
			files = (
			);
			inputPaths = (
				"${SRCROOT}/Pods/Target Support Files/Pods-Films iOS/Pods-Films iOS-frameworks.sh",
				"${BUILT_PRODUCTS_DIR}/Alamofire/Alamofire.framework",
				"${BUILT_PRODUCTS_DIR}/AlamofireNetworkActivityLogger/AlamofireNetworkActivityLogger.framework",
				"${BUILT_PRODUCTS_DIR}/EasyDi/EasyDi.framework",
				"${BUILT_PRODUCTS_DIR}/InteractiveSideMenu/InteractiveSideMenu.framework",
				"${BUILT_PRODUCTS_DIR}/PromiseKit/PromiseKit.framework",
			);
			name = "[CP] Embed Pods Frameworks";
			outputPaths = (
				"${TARGET_BUILD_DIR}/${FRAMEWORKS_FOLDER_PATH}/Alamofire.framework",
				"${TARGET_BUILD_DIR}/${FRAMEWORKS_FOLDER_PATH}/AlamofireNetworkActivityLogger.framework",
				"${TARGET_BUILD_DIR}/${FRAMEWORKS_FOLDER_PATH}/EasyDi.framework",
				"${TARGET_BUILD_DIR}/${FRAMEWORKS_FOLDER_PATH}/InteractiveSideMenu.framework",
				"${TARGET_BUILD_DIR}/${FRAMEWORKS_FOLDER_PATH}/PromiseKit.framework",
			);
			runOnlyForDeploymentPostprocessing = 0;
			shellPath = /bin/sh;
			shellScript = "\"${SRCROOT}/Pods/Target Support Files/Pods-Films iOS/Pods-Films iOS-frameworks.sh\"\n";
			showEnvVarsInLog = 0;
		};
/* End PBXShellScriptBuildPhase section */

/* Begin PBXSourcesBuildPhase section */
		BD3D14C92122F0D300F5BD1E /* Sources */ = {
			isa = PBXSourcesBuildPhase;
			buildActionMask = 2147483647;
			files = (
				BD3D14D02122F0D300F5BD1E /* Films_iOSTests.swift in Sources */,
			);
			runOnlyForDeploymentPostprocessing = 0;
		};
		BDC941C3210EE861005C5041 /* Sources */ = {
			isa = PBXSourcesBuildPhase;
			buildActionMask = 2147483647;
			files = (
				BD1DCF6821131EA6001B48EF /* TabNamesUsecase.swift in Sources */,
				BD2992522132DB3400BA6609 /* MoviesFilmAssembly.swift in Sources */,
				BD700C59211B296A00C51220 /* Cast.swift in Sources */,
				BDD85BA8211C545A00256E60 /* ArtistBioViewController.swift in Sources */,
				BD312065213007BC00FDA3B9 /* AboutArtistContainerAssembly.swift in Sources */,
				BD31207221301E9B00FDA3B9 /* SimilarFilmsDataSource.swift in Sources */,
				BD47CFD92112F47E007339C8 /* Networking.swift in Sources */,
				BDD85B9A211C4CA500256E60 /* ArtistPhotosUsecase.swift in Sources */,
				BD52F3F7211711660063DEB1 /* UIImageLoadFromURL+cornerRadius.swift in Sources */,
				BD6C98052121A8FA00E5660A /* InfoRouting.swift in Sources */,
				BDD85B7E211C3B6100256E60 /* CastFilmPresenter.swift in Sources */,
				BD1DCF6621131DCA001B48EF /* MoviesContainerAssembly.swift in Sources */,
				BD05FCD12119C60F008B5AC5 /* DetailsFilmPresenter.swift in Sources */,
				BD700C40211AF10600C51220 /* MakeRequestGateway.swift in Sources */,
				BDFCE2DA211D8AA100C70770 /* BasePageViewController.swift in Sources */,
				BDAC101F212C509800A2DA9B /* BaseFilmsDataSource.swift in Sources */,
				BD119EF021206C54002BBAD1 /* BaseMoviesDisplayManager.swift in Sources */,
				BDE164EB21119D57002E0A14 /* TabDisplayManager.swift in Sources */,
				BD700C3C211AE24100C51220 /* FStarRating.swift in Sources */,
				BDC94202210F52F6005C5041 /* CustomMenuBarButtonItem.swift in Sources */,
				BD6C97EB21217D1100E5660A /* Reviews.swift in Sources */,
				BD8B971C213152E8005D8F00 /* FilmVideos.swift in Sources */,
				BD31207021301B5700FDA3B9 /* ArtistMoviesDisplayManager.swift in Sources */,
				BD8B97262131BD4B005D8F00 /* FilmGallery.swift in Sources */,
				BD119EC921204EFE002BBAD1 /* ArtistFIlms.swift in Sources */,
				BD5292A4211479DF00870328 /* TabNamesDataSource.swift in Sources */,
				BD1DCF7221132939001B48EF /* Genres.swift in Sources */,
				BD6C97E921217CDD00E5660A /* Review.swift in Sources */,
				BD700C36211ABDE300C51220 /* FSegmentControl.swift in Sources */,
				BD05FCD32119C6F4008B5AC5 /* DetailsFilmDataSource.swift in Sources */,
				BDC941FC210F2ADE005C5041 /* MainViewController.swift in Sources */,
				BD119EB221202B9A002BBAD1 /* ArtistPhotosDisplayManager.swift in Sources */,
				BDC941F8210F1B2C005C5041 /* colors.swift in Sources */,
				BD8B972221318E13005D8F00 /* InfoFilmDisplayManager.swift in Sources */,
				BDD16047211985920063650A /* InfoFilmViewController.swift in Sources */,
				BDC941CB210EE861005C5041 /* AppDelegate.swift in Sources */,
				BDD85B9C211C4D4C00256E60 /* ArtistPhoto.swift in Sources */,
				BD1DCF6C21132308001B48EF /* TabName.swift in Sources */,
				BD05FCCE2119C552008B5AC5 /* DetailsFilmUsecase.swift in Sources */,
				BDFCE2DD211DA2FE00C70770 /* CastRouting.swift in Sources */,
				BD1DCF6321131A38001B48EF /* NetworkingAssembly.swift in Sources */,
				BDE164ED2111A0DA002E0A14 /* StringWithFormating.swift in Sources */,
				BD700C4E211B0C1D00C51220 /* GalleryCollectionCell.swift in Sources */,
				BD52F3E6211700C70063DEB1 /* PopularFilmsPresenter.swift in Sources */,
				BD6C97F121217E3D00E5660A /* ReviewDataSource.swift in Sources */,
				BDD85B85211C492200256E60 /* AboutArtistUsecase.swift in Sources */,
				BD700C5F211B2BF400C51220 /* Credits.swift in Sources */,
				BD700C46211AF49B00C51220 /* GalleryImage.swift in Sources */,
				BDD85B98211C4C5200256E60 /* ArtistBioDataSource.swift in Sources */,
				BDAC1021212C512600A2DA9B /* BaseFilmsDataSourceAssembly.swift in Sources */,
				BDF83D682111F24F001596EA /* PopularFilmsViewController.swift in Sources */,
				BD8B97242131B51A005D8F00 /* UILabelSize.swift in Sources */,
				BDF1954E211877760093D236 /* UIButtonChangeContent.swift in Sources */,
				BD6C98022121A0F300E5660A /* ModuleInput.swift in Sources */,
				BD700C43211AF42E00C51220 /* GalleryUsecase.swift in Sources */,
				BD52F3E22116FC2A0063DEB1 /* ListPopularFilmsUsecase.swift in Sources */,
				BD2992592132E43A00BA6609 /* FilmReviewAssembly.swift in Sources */,
				BDD85B50211C14E500256E60 /* ReviewCollectionViewCell.swift in Sources */,
				BD29925C2132E56E00BA6609 /* ListOfMoviesAssembly.swift in Sources */,
				BD05FCE12119CDCE008B5AC5 /* FilmInfoAssembly.swift in Sources */,
				BDC941FE210F352D005C5041 /* TabNameCollectionViewCell.swift in Sources */,
				BD119EB021202A59002BBAD1 /* ArtistPhotosCollectionViewCell.swift in Sources */,
				BD569A63212DB6D5003F0B31 /* MenuViewController.swift in Sources */,
				BD119ED3212052E8002BBAD1 /* ArtistFilmsViewController.swift in Sources */,
				BD119EC321204DAD002BBAD1 /* ArtistFilmsUsecase.swift in Sources */,
				BDD3BFB5211078860096C212 /* fonts.swift in Sources */,
				BD700C57211B289B00C51220 /* CastDisplayManager.swift in Sources */,
				BD6C98082121AA5C00E5660A /* ArtistFilmsRouting.swift in Sources */,
				BD569A65212DB781003F0B31 /* Storyboardable.swift in Sources */,
				BDD85B4E211C12C600256E60 /* ReviewViewController.swift in Sources */,
				BD119EB6212036A8002BBAD1 /* SimilarFilmsUsecase.swift in Sources */,
				BD31206D213019E300FDA3B9 /* ArtistFilmsDataSource.swift in Sources */,
				BD6C97F321217EF800E5660A /* ReviewPresenter.swift in Sources */,
				BD6C97E721217CB600E5660A /* ReviewUsecase.swift in Sources */,
				BD8B971E21315359005D8F00 /* FilmInfo.swift in Sources */,
				BDAC1016212BD73600A2DA9B /* BaseMainPageViewController.swift in Sources */,
				BD700C65211B30E700C51220 /* FilmCastAssembly.swift in Sources */,
				BD700C5D211B2B7400C51220 /* CastUsecase.swift in Sources */,
				BD6C980021219BC700E5660A /* MoviesRouting.swift in Sources */,
				BDD85B7C211C3A8D00256E60 /* CastFilmDataSource.swift in Sources */,
				BD29924F2132DA2100BA6609 /* AboutFilmAssembly.swift in Sources */,
				BD700C55211B285F00C51220 /* CastViewController.swift in Sources */,
				BD6C980A2121BFE900E5660A /* CustomHR.swift in Sources */,
				BD96F8A3212E818B0070579E /* HostViewController.swift in Sources */,
				BDF83D642111D68E001596EA /* FilmCard.swift in Sources */,
				BD29924D2132D8DE00BA6609 /* AboutArtistAssembly.swift in Sources */,
				BD52F3E42116FE980063DEB1 /* Films.swift in Sources */,
				BDF1954C21186DDB0093D236 /* AboutFilmViewController.swift in Sources */,
				BD05FCCA2119C38F008B5AC5 /* FilmDetail.swift in Sources */,
				BD2992562132DE1E00BA6609 /* ArtistFilmsAssembly.swift in Sources */,
				BD05FCCC2119C48B008B5AC5 /* ProductionCountry.swift in Sources */,
				BD5292A22114783700870328 /* TabNamesPresenter.swift in Sources */,
				BD8B9718213149E1005D8F00 /* notificationNames.swift in Sources */,
				BD119EEE21206B8B002BBAD1 /* BaseMoviesDataSourceProtocols.swift in Sources */,
				BDC941F4210EF464005C5041 /* BaseViewController.swift in Sources */,
				BD47CFDC2112FE15007339C8 /* NetworkingError.swift in Sources */,
				BDF83D662111D980001596EA /* FilmCollectionViewCell.swift in Sources */,
				BDD85B96211C4C3400256E60 /* ArtistBioPresenter.swift in Sources */,
				BD700C48211B019400C51220 /* Gallery.swift in Sources */,
				BD2992542132DC8A00BA6609 /* ArtistBioAssembly.swift in Sources */,
				BDF83D6A2111FF35001596EA /* CALayerApplySketchShadow.swift in Sources */,
				BD3D14DE21231F7200F5BD1E /* AboutFilmContainerAssembly.swift in Sources */,
				BDD85B9E211C4D7600256E60 /* ArtistPhotos.swift in Sources */,
				BD700C3E211AF00400C51220 /* GalleryDisplayManager.swift in Sources */,
				BD119ECF212050BC002BBAD1 /* ArtistFilmsPresenter.swift in Sources */,
				BDD85B88211C49B700256E60 /* Artist.swift in Sources */,
				BD700C53211B271A00C51220 /* CastCollectionCell.swift in Sources */,
				BDC941F6210EF50E005C5041 /* BaseHandlerController.swift in Sources */,
				BD6C97F521217FC100E5660A /* ReviewDisplayManager.swift in Sources */,
				BDD85B59211C1AB800256E60 /* AboutArtistViewController.swift in Sources */,
			);
			runOnlyForDeploymentPostprocessing = 0;
		};
/* End PBXSourcesBuildPhase section */

/* Begin PBXTargetDependency section */
		BD3D14D32122F0D300F5BD1E /* PBXTargetDependency */ = {
			isa = PBXTargetDependency;
			target = BDC941C6210EE861005C5041 /* Films iOS */;
			targetProxy = BD3D14D22122F0D300F5BD1E /* PBXContainerItemProxy */;
		};
/* End PBXTargetDependency section */

/* Begin PBXVariantGroup section */
		BDC941CE210EE861005C5041 /* MainViewController.storyboard */ = {
			isa = PBXVariantGroup;
			children = (
				BDC941CF210EE861005C5041 /* Base */,
			);
			name = MainViewController.storyboard;
			path = .;
			sourceTree = "<group>";
		};
		BDC941D3210EE864005C5041 /* LaunchScreen.storyboard */ = {
			isa = PBXVariantGroup;
			children = (
				BDC941D4210EE864005C5041 /* Base */,
			);
			name = LaunchScreen.storyboard;
			path = .;
			sourceTree = "<group>";
		};
/* End PBXVariantGroup section */

/* Begin XCBuildConfiguration section */
		BD3D14D42122F0D300F5BD1E /* Debug */ = {
			isa = XCBuildConfiguration;
			buildSettings = {
				BUNDLE_LOADER = "$(TEST_HOST)";
				CODE_SIGN_STYLE = Automatic;
				INFOPLIST_FILE = Films_iOSTests/Info.plist;
				LD_RUNPATH_SEARCH_PATHS = (
					"$(inherited)",
					"@executable_path/Frameworks",
					"@loader_path/Frameworks",
				);
				PRODUCT_BUNDLE_IDENTIFIER = "com.SML.Films-iOSTests";
				PRODUCT_NAME = "$(TARGET_NAME)";
				SWIFT_VERSION = 4.0;
				TARGETED_DEVICE_FAMILY = "1,2";
				TEST_HOST = "$(BUILT_PRODUCTS_DIR)/Films iOS.app/Films iOS";
			};
			name = Debug;
		};
		BD3D14D52122F0D300F5BD1E /* Release */ = {
			isa = XCBuildConfiguration;
			buildSettings = {
				BUNDLE_LOADER = "$(TEST_HOST)";
				CODE_SIGN_STYLE = Automatic;
				INFOPLIST_FILE = Films_iOSTests/Info.plist;
				LD_RUNPATH_SEARCH_PATHS = (
					"$(inherited)",
					"@executable_path/Frameworks",
					"@loader_path/Frameworks",
				);
				PRODUCT_BUNDLE_IDENTIFIER = "com.SML.Films-iOSTests";
				PRODUCT_NAME = "$(TARGET_NAME)";
				SWIFT_VERSION = 4.0;
				TARGETED_DEVICE_FAMILY = "1,2";
				TEST_HOST = "$(BUILT_PRODUCTS_DIR)/Films iOS.app/Films iOS";
			};
			name = Release;
		};
		BDC941D7210EE864005C5041 /* Debug */ = {
			isa = XCBuildConfiguration;
			buildSettings = {
				ALWAYS_SEARCH_USER_PATHS = NO;
				CLANG_ANALYZER_NONNULL = YES;
				CLANG_ANALYZER_NUMBER_OBJECT_CONVERSION = YES_AGGRESSIVE;
				CLANG_CXX_LANGUAGE_STANDARD = "gnu++14";
				CLANG_CXX_LIBRARY = "libc++";
				CLANG_ENABLE_MODULES = YES;
				CLANG_ENABLE_OBJC_ARC = YES;
				CLANG_ENABLE_OBJC_WEAK = YES;
				CLANG_WARN_BLOCK_CAPTURE_AUTORELEASING = YES;
				CLANG_WARN_BOOL_CONVERSION = YES;
				CLANG_WARN_COMMA = YES;
				CLANG_WARN_CONSTANT_CONVERSION = YES;
				CLANG_WARN_DEPRECATED_OBJC_IMPLEMENTATIONS = YES;
				CLANG_WARN_DIRECT_OBJC_ISA_USAGE = YES_ERROR;
				CLANG_WARN_DOCUMENTATION_COMMENTS = YES;
				CLANG_WARN_EMPTY_BODY = YES;
				CLANG_WARN_ENUM_CONVERSION = YES;
				CLANG_WARN_INFINITE_RECURSION = YES;
				CLANG_WARN_INT_CONVERSION = YES;
				CLANG_WARN_NON_LITERAL_NULL_CONVERSION = YES;
				CLANG_WARN_OBJC_IMPLICIT_RETAIN_SELF = YES;
				CLANG_WARN_OBJC_LITERAL_CONVERSION = YES;
				CLANG_WARN_OBJC_ROOT_CLASS = YES_ERROR;
				CLANG_WARN_RANGE_LOOP_ANALYSIS = YES;
				CLANG_WARN_STRICT_PROTOTYPES = YES;
				CLANG_WARN_SUSPICIOUS_MOVE = YES;
				CLANG_WARN_UNGUARDED_AVAILABILITY = YES_AGGRESSIVE;
				CLANG_WARN_UNREACHABLE_CODE = YES;
				CLANG_WARN__DUPLICATE_METHOD_MATCH = YES;
				CODE_SIGN_IDENTITY = "iPhone Developer";
				COPY_PHASE_STRIP = NO;
				DEBUG_INFORMATION_FORMAT = dwarf;
				ENABLE_STRICT_OBJC_MSGSEND = YES;
				ENABLE_TESTABILITY = YES;
				GCC_C_LANGUAGE_STANDARD = gnu11;
				GCC_DYNAMIC_NO_PIC = NO;
				GCC_NO_COMMON_BLOCKS = YES;
				GCC_OPTIMIZATION_LEVEL = 0;
				GCC_PREPROCESSOR_DEFINITIONS = (
					"DEBUG=1",
					"$(inherited)",
				);
				GCC_WARN_64_TO_32_BIT_CONVERSION = YES;
				GCC_WARN_ABOUT_RETURN_TYPE = YES_ERROR;
				GCC_WARN_UNDECLARED_SELECTOR = YES;
				GCC_WARN_UNINITIALIZED_AUTOS = YES_AGGRESSIVE;
				GCC_WARN_UNUSED_FUNCTION = YES;
				GCC_WARN_UNUSED_VARIABLE = YES;
				IPHONEOS_DEPLOYMENT_TARGET = 11.4;
				MTL_ENABLE_DEBUG_INFO = YES;
				ONLY_ACTIVE_ARCH = YES;
				SDKROOT = iphoneos;
				SWIFT_ACTIVE_COMPILATION_CONDITIONS = DEBUG;
				SWIFT_OPTIMIZATION_LEVEL = "-Onone";
			};
			name = Debug;
		};
		BDC941D8210EE864005C5041 /* Release */ = {
			isa = XCBuildConfiguration;
			buildSettings = {
				ALWAYS_SEARCH_USER_PATHS = NO;
				CLANG_ANALYZER_NONNULL = YES;
				CLANG_ANALYZER_NUMBER_OBJECT_CONVERSION = YES_AGGRESSIVE;
				CLANG_CXX_LANGUAGE_STANDARD = "gnu++14";
				CLANG_CXX_LIBRARY = "libc++";
				CLANG_ENABLE_MODULES = YES;
				CLANG_ENABLE_OBJC_ARC = YES;
				CLANG_ENABLE_OBJC_WEAK = YES;
				CLANG_WARN_BLOCK_CAPTURE_AUTORELEASING = YES;
				CLANG_WARN_BOOL_CONVERSION = YES;
				CLANG_WARN_COMMA = YES;
				CLANG_WARN_CONSTANT_CONVERSION = YES;
				CLANG_WARN_DEPRECATED_OBJC_IMPLEMENTATIONS = YES;
				CLANG_WARN_DIRECT_OBJC_ISA_USAGE = YES_ERROR;
				CLANG_WARN_DOCUMENTATION_COMMENTS = YES;
				CLANG_WARN_EMPTY_BODY = YES;
				CLANG_WARN_ENUM_CONVERSION = YES;
				CLANG_WARN_INFINITE_RECURSION = YES;
				CLANG_WARN_INT_CONVERSION = YES;
				CLANG_WARN_NON_LITERAL_NULL_CONVERSION = YES;
				CLANG_WARN_OBJC_IMPLICIT_RETAIN_SELF = YES;
				CLANG_WARN_OBJC_LITERAL_CONVERSION = YES;
				CLANG_WARN_OBJC_ROOT_CLASS = YES_ERROR;
				CLANG_WARN_RANGE_LOOP_ANALYSIS = YES;
				CLANG_WARN_STRICT_PROTOTYPES = YES;
				CLANG_WARN_SUSPICIOUS_MOVE = YES;
				CLANG_WARN_UNGUARDED_AVAILABILITY = YES_AGGRESSIVE;
				CLANG_WARN_UNREACHABLE_CODE = YES;
				CLANG_WARN__DUPLICATE_METHOD_MATCH = YES;
				CODE_SIGN_IDENTITY = "iPhone Developer";
				COPY_PHASE_STRIP = NO;
				DEBUG_INFORMATION_FORMAT = "dwarf-with-dsym";
				ENABLE_NS_ASSERTIONS = NO;
				ENABLE_STRICT_OBJC_MSGSEND = YES;
				GCC_C_LANGUAGE_STANDARD = gnu11;
				GCC_NO_COMMON_BLOCKS = YES;
				GCC_WARN_64_TO_32_BIT_CONVERSION = YES;
				GCC_WARN_ABOUT_RETURN_TYPE = YES_ERROR;
				GCC_WARN_UNDECLARED_SELECTOR = YES;
				GCC_WARN_UNINITIALIZED_AUTOS = YES_AGGRESSIVE;
				GCC_WARN_UNUSED_FUNCTION = YES;
				GCC_WARN_UNUSED_VARIABLE = YES;
				IPHONEOS_DEPLOYMENT_TARGET = 11.4;
				MTL_ENABLE_DEBUG_INFO = NO;
				SDKROOT = iphoneos;
				SWIFT_COMPILATION_MODE = wholemodule;
				SWIFT_OPTIMIZATION_LEVEL = "-O";
				VALIDATE_PRODUCT = YES;
			};
			name = Release;
		};
		BDC941DA210EE864005C5041 /* Debug */ = {
			isa = XCBuildConfiguration;
			baseConfigurationReference = 313906239C0C062D5B903C0D /* Pods-Films iOS.debug.xcconfig */;
			buildSettings = {
				ASSETCATALOG_COMPILER_APPICON_NAME = AppIcon;
				CODE_SIGN_STYLE = Automatic;
				INFOPLIST_FILE = "$(SRCROOT)/Films iOS/App/Info.plist";
				LD_RUNPATH_SEARCH_PATHS = (
					"$(inherited)",
					"@executable_path/Frameworks",
				);
				PRODUCT_BUNDLE_IDENTIFIER = "com.SML.Films-iOS";
				PRODUCT_NAME = "$(TARGET_NAME)";
				SWIFT_VERSION = 4.0;
				TARGETED_DEVICE_FAMILY = "1,2";
			};
			name = Debug;
		};
		BDC941DB210EE864005C5041 /* Release */ = {
			isa = XCBuildConfiguration;
			baseConfigurationReference = 86484042187C4F131FBE1961 /* Pods-Films iOS.release.xcconfig */;
			buildSettings = {
				ASSETCATALOG_COMPILER_APPICON_NAME = AppIcon;
				CODE_SIGN_STYLE = Automatic;
				INFOPLIST_FILE = "$(SRCROOT)/Films iOS/App/Info.plist";
				LD_RUNPATH_SEARCH_PATHS = (
					"$(inherited)",
					"@executable_path/Frameworks",
				);
				PRODUCT_BUNDLE_IDENTIFIER = "com.SML.Films-iOS";
				PRODUCT_NAME = "$(TARGET_NAME)";
				SWIFT_VERSION = 4.0;
				TARGETED_DEVICE_FAMILY = "1,2";
			};
			name = Release;
		};
/* End XCBuildConfiguration section */

/* Begin XCConfigurationList section */
		BD3D14D62122F0D300F5BD1E /* Build configuration list for PBXNativeTarget "Films_iOSTests" */ = {
			isa = XCConfigurationList;
			buildConfigurations = (
				BD3D14D42122F0D300F5BD1E /* Debug */,
				BD3D14D52122F0D300F5BD1E /* Release */,
			);
			defaultConfigurationIsVisible = 0;
			defaultConfigurationName = Release;
		};
		BDC941C2210EE861005C5041 /* Build configuration list for PBXProject "Films iOS" */ = {
			isa = XCConfigurationList;
			buildConfigurations = (
				BDC941D7210EE864005C5041 /* Debug */,
				BDC941D8210EE864005C5041 /* Release */,
			);
			defaultConfigurationIsVisible = 0;
			defaultConfigurationName = Release;
		};
		BDC941D9210EE864005C5041 /* Build configuration list for PBXNativeTarget "Films iOS" */ = {
			isa = XCConfigurationList;
			buildConfigurations = (
				BDC941DA210EE864005C5041 /* Debug */,
				BDC941DB210EE864005C5041 /* Release */,
			);
			defaultConfigurationIsVisible = 0;
			defaultConfigurationName = Release;
		};
/* End XCConfigurationList section */
	};
	rootObject = BDC941BF210EE861005C5041 /* Project object */;
}
