// !$*UTF8*$!
{
	archiveVersion = 1;
	classes = {
	};
	objectVersion = 50;
	objects = {

/* Begin PBXBuildFile section */
		3BA753C0705FFA4885FD9053 /* Pods_Films_iOS.framework in Frameworks */ = {isa = PBXBuildFile; fileRef = F2BA10CCB5AE7214BBA9E48E /* Pods_Films_iOS.framework */; };
		BD05FCCA2119C38F008B5AC5 /* FilmDetail.swift in Sources */ = {isa = PBXBuildFile; fileRef = BD05FCC92119C38F008B5AC5 /* FilmDetail.swift */; };
		BD05FCCC2119C48B008B5AC5 /* ProductionCountry.swift in Sources */ = {isa = PBXBuildFile; fileRef = BD05FCCB2119C48B008B5AC5 /* ProductionCountry.swift */; };
		BD05FCCE2119C552008B5AC5 /* DetailsFilmUsecase.swift in Sources */ = {isa = PBXBuildFile; fileRef = BD05FCCD2119C552008B5AC5 /* DetailsFilmUsecase.swift */; };
		BD05FCD12119C60F008B5AC5 /* DetailsFilmPresenter.swift in Sources */ = {isa = PBXBuildFile; fileRef = BD05FCD02119C60F008B5AC5 /* DetailsFilmPresenter.swift */; };
		BD05FCD32119C6F4008B5AC5 /* DetailsFilmDataSource.swift in Sources */ = {isa = PBXBuildFile; fileRef = BD05FCD22119C6F4008B5AC5 /* DetailsFilmDataSource.swift */; };
		BD05FCDD2119CCD5008B5AC5 /* DetailsFilmPresenterAssembly.swift in Sources */ = {isa = PBXBuildFile; fileRef = BD05FCDC2119CCD5008B5AC5 /* DetailsFilmPresenterAssembly.swift */; };
		BD05FCDF2119CD08008B5AC5 /* DetailsFilmDataSourceAssembly.swift in Sources */ = {isa = PBXBuildFile; fileRef = BD05FCDE2119CD08008B5AC5 /* DetailsFilmDataSourceAssembly.swift */; };
		BD05FCE12119CDCE008B5AC5 /* InfoViewAssembly.swift in Sources */ = {isa = PBXBuildFile; fileRef = BD05FCE02119CDCE008B5AC5 /* InfoViewAssembly.swift */; };
		BD05FCE82119E4C4008B5AC5 /* Segoe UI, Regular.ttf in Resources */ = {isa = PBXBuildFile; fileRef = BD05FCE72119E4C4008B5AC5 /* Segoe UI, Regular.ttf */; };
		BD119EB021202A59002BBAD1 /* ArtistPhotosCollectionViewCell.swift in Sources */ = {isa = PBXBuildFile; fileRef = BD119EAF21202A59002BBAD1 /* ArtistPhotosCollectionViewCell.swift */; };
		BD119EB221202B9A002BBAD1 /* ArtistPhotosDisplayManager.swift in Sources */ = {isa = PBXBuildFile; fileRef = BD119EB121202B9A002BBAD1 /* ArtistPhotosDisplayManager.swift */; };
		BD119EB421202ED5002BBAD1 /* ArtistPhotosDisplayManagerAssembly.swift in Sources */ = {isa = PBXBuildFile; fileRef = BD119EB321202ED5002BBAD1 /* ArtistPhotosDisplayManagerAssembly.swift */; };
		BD1DCF6321131A38001B48EF /* NetworkingAssembly.swift in Sources */ = {isa = PBXBuildFile; fileRef = BD1DCF6221131A38001B48EF /* NetworkingAssembly.swift */; };
		BD1DCF6621131DCA001B48EF /* MainViewAssembly.swift in Sources */ = {isa = PBXBuildFile; fileRef = BD1DCF6521131DCA001B48EF /* MainViewAssembly.swift */; };
		BD1DCF6821131EA6001B48EF /* TabNamesUsecase.swift in Sources */ = {isa = PBXBuildFile; fileRef = BD1DCF6721131EA6001B48EF /* TabNamesUsecase.swift */; };
		BD1DCF6C21132308001B48EF /* TabName.swift in Sources */ = {isa = PBXBuildFile; fileRef = BD1DCF6B21132308001B48EF /* TabName.swift */; };
		BD1DCF7221132939001B48EF /* Genres.swift in Sources */ = {isa = PBXBuildFile; fileRef = BD1DCF7121132939001B48EF /* Genres.swift */; };
		BD47CFD92112F47E007339C8 /* Networking.swift in Sources */ = {isa = PBXBuildFile; fileRef = BD47CFD82112F47E007339C8 /* Networking.swift */; };
		BD47CFDC2112FE15007339C8 /* NetworkingError.swift in Sources */ = {isa = PBXBuildFile; fileRef = BD47CFDB2112FE15007339C8 /* NetworkingError.swift */; };
		BD5292A22114783700870328 /* TabNamesPresenter.swift in Sources */ = {isa = PBXBuildFile; fileRef = BD5292A12114783700870328 /* TabNamesPresenter.swift */; };
		BD5292A4211479DF00870328 /* TabNamesDataSource.swift in Sources */ = {isa = PBXBuildFile; fileRef = BD5292A3211479DF00870328 /* TabNamesDataSource.swift */; };
		BD52F3D82116D3CA0063DEB1 /* TabNamesPresenterAssembly.swift in Sources */ = {isa = PBXBuildFile; fileRef = BD52F3D72116D3CA0063DEB1 /* TabNamesPresenterAssembly.swift */; };
		BD52F3DA2116E3D80063DEB1 /* TabDisplayManagerAssembly.swift in Sources */ = {isa = PBXBuildFile; fileRef = BD52F3D92116E3D80063DEB1 /* TabDisplayManagerAssembly.swift */; };
		BD52F3DE2116EDC70063DEB1 /* TabNamesDataSourceAssembly.swift in Sources */ = {isa = PBXBuildFile; fileRef = BD52F3DD2116EDC70063DEB1 /* TabNamesDataSourceAssembly.swift */; };
		BD52F3E22116FC2A0063DEB1 /* ListPopularFilmsUsecase.swift in Sources */ = {isa = PBXBuildFile; fileRef = BD52F3E12116FC2A0063DEB1 /* ListPopularFilmsUsecase.swift */; };
		BD52F3E42116FE980063DEB1 /* PopularFilms.swift in Sources */ = {isa = PBXBuildFile; fileRef = BD52F3E32116FE980063DEB1 /* PopularFilms.swift */; };
		BD52F3E6211700C70063DEB1 /* PopularFilmsPresenter.swift in Sources */ = {isa = PBXBuildFile; fileRef = BD52F3E5211700C70063DEB1 /* PopularFilmsPresenter.swift */; };
		BD52F3E8211701600063DEB1 /* ListPopularDataSource.swift in Sources */ = {isa = PBXBuildFile; fileRef = BD52F3E7211701600063DEB1 /* ListPopularDataSource.swift */; };
		BD52F3EE2117042C0063DEB1 /* PopularFilmsPresenterAssembly.swift in Sources */ = {isa = PBXBuildFile; fileRef = BD52F3ED2117042C0063DEB1 /* PopularFilmsPresenterAssembly.swift */; };
		BD52F3F1211704930063DEB1 /* PopularFilmsDSAssembly.swift in Sources */ = {isa = PBXBuildFile; fileRef = BD52F3F0211704930063DEB1 /* PopularFilmsDSAssembly.swift */; };
		BD52F3F3211706400063DEB1 /* PopularFilmsDisplayManagerAssembly.swift in Sources */ = {isa = PBXBuildFile; fileRef = BD52F3F2211706400063DEB1 /* PopularFilmsDisplayManagerAssembly.swift */; };
		BD52F3F52117083B0063DEB1 /* PopularFilmsViewAssembly.swift in Sources */ = {isa = PBXBuildFile; fileRef = BD52F3F42117083B0063DEB1 /* PopularFilmsViewAssembly.swift */; };
		BD52F3F7211711660063DEB1 /* UIImageLoadFromURL+cornerRadius.swift in Sources */ = {isa = PBXBuildFile; fileRef = BD52F3F6211711660063DEB1 /* UIImageLoadFromURL+cornerRadius.swift */; };
		BD700C36211ABDE300C51220 /* FSegmentControl.swift in Sources */ = {isa = PBXBuildFile; fileRef = BD700C35211ABDE300C51220 /* FSegmentControl.swift */; };
		BD700C3C211AE24100C51220 /* FStarRating.swift in Sources */ = {isa = PBXBuildFile; fileRef = BD700C3B211AE24100C51220 /* FStarRating.swift */; };
		BD700C3E211AF00400C51220 /* GalleryDisplayManager.swift in Sources */ = {isa = PBXBuildFile; fileRef = BD700C3D211AF00400C51220 /* GalleryDisplayManager.swift */; };
		BD700C40211AF10600C51220 /* MakeRequestGateway.swift in Sources */ = {isa = PBXBuildFile; fileRef = BD700C3F211AF10600C51220 /* MakeRequestGateway.swift */; };
		BD700C43211AF42E00C51220 /* GalleryUsecase.swift in Sources */ = {isa = PBXBuildFile; fileRef = BD700C42211AF42E00C51220 /* GalleryUsecase.swift */; };
		BD700C46211AF49B00C51220 /* GalleryImage.swift in Sources */ = {isa = PBXBuildFile; fileRef = BD700C45211AF49B00C51220 /* GalleryImage.swift */; };
		BD700C48211B019400C51220 /* Gallery.swift in Sources */ = {isa = PBXBuildFile; fileRef = BD700C47211B019400C51220 /* Gallery.swift */; };
		BD700C4E211B0C1D00C51220 /* GalleryCollectionCell.swift in Sources */ = {isa = PBXBuildFile; fileRef = BD700C4D211B0C1D00C51220 /* GalleryCollectionCell.swift */; };
		BD700C50211B168500C51220 /* GalleryDisplayManagerAssembly.swift in Sources */ = {isa = PBXBuildFile; fileRef = BD700C4F211B168500C51220 /* GalleryDisplayManagerAssembly.swift */; };
		BD700C53211B271A00C51220 /* CastCollectionCell.swift in Sources */ = {isa = PBXBuildFile; fileRef = BD700C52211B271A00C51220 /* CastCollectionCell.swift */; };
		BD700C55211B285F00C51220 /* CastViewController.swift in Sources */ = {isa = PBXBuildFile; fileRef = BD700C54211B285F00C51220 /* CastViewController.swift */; };
		BD700C57211B289B00C51220 /* CastDisplayManager.swift in Sources */ = {isa = PBXBuildFile; fileRef = BD700C56211B289B00C51220 /* CastDisplayManager.swift */; };
		BD700C59211B296A00C51220 /* Cast.swift in Sources */ = {isa = PBXBuildFile; fileRef = BD700C58211B296A00C51220 /* Cast.swift */; };
		BD700C5B211B2AE800C51220 /* CastDisplayAssembly.swift in Sources */ = {isa = PBXBuildFile; fileRef = BD700C5A211B2AE800C51220 /* CastDisplayAssembly.swift */; };
		BD700C5D211B2B7400C51220 /* CastUsecase.swift in Sources */ = {isa = PBXBuildFile; fileRef = BD700C5C211B2B7400C51220 /* CastUsecase.swift */; };
		BD700C5F211B2BF400C51220 /* Credits.swift in Sources */ = {isa = PBXBuildFile; fileRef = BD700C5E211B2BF400C51220 /* Credits.swift */; };
		BD700C65211B30E700C51220 /* CastViewAssembly.swift in Sources */ = {isa = PBXBuildFile; fileRef = BD700C64211B30E700C51220 /* CastViewAssembly.swift */; };
		BDC941CB210EE861005C5041 /* AppDelegate.swift in Sources */ = {isa = PBXBuildFile; fileRef = BDC941CA210EE861005C5041 /* AppDelegate.swift */; };
		BDC941D0210EE861005C5041 /* Main.storyboard in Resources */ = {isa = PBXBuildFile; fileRef = BDC941CE210EE861005C5041 /* Main.storyboard */; };
		BDC941D2210EE864005C5041 /* Assets.xcassets in Resources */ = {isa = PBXBuildFile; fileRef = BDC941D1210EE864005C5041 /* Assets.xcassets */; };
		BDC941D5210EE864005C5041 /* LaunchScreen.storyboard in Resources */ = {isa = PBXBuildFile; fileRef = BDC941D3210EE864005C5041 /* LaunchScreen.storyboard */; };
		BDC941EF210EF1F7005C5041 /* Localizable.strings in Resources */ = {isa = PBXBuildFile; fileRef = BDC941EE210EF1F7005C5041 /* Localizable.strings */; };
		BDC941F4210EF464005C5041 /* BaseViewController.swift in Sources */ = {isa = PBXBuildFile; fileRef = BDC941F3210EF464005C5041 /* BaseViewController.swift */; };
		BDC941F6210EF50E005C5041 /* BaseHandlerController.swift in Sources */ = {isa = PBXBuildFile; fileRef = BDC941F5210EF50E005C5041 /* BaseHandlerController.swift */; };
		BDC941F8210F1B2C005C5041 /* colors.swift in Sources */ = {isa = PBXBuildFile; fileRef = BDC941F7210F1B2C005C5041 /* colors.swift */; };
		BDC941FC210F2ADE005C5041 /* MainViewController.swift in Sources */ = {isa = PBXBuildFile; fileRef = BDC941FB210F2ADE005C5041 /* MainViewController.swift */; };
		BDC941FE210F352D005C5041 /* TabNameCollectionViewCell.swift in Sources */ = {isa = PBXBuildFile; fileRef = BDC941FD210F352D005C5041 /* TabNameCollectionViewCell.swift */; };
		BDC94202210F52F6005C5041 /* CustomMenuBarButtonItem.swift in Sources */ = {isa = PBXBuildFile; fileRef = BDC94201210F52F6005C5041 /* CustomMenuBarButtonItem.swift */; };
		BDD0FC9921107DE50060A3F0 /* seguisb.ttf in Resources */ = {isa = PBXBuildFile; fileRef = BDD0FC9821107DE50060A3F0 /* seguisb.ttf */; };
		BDD16047211985920063650A /* InfoFilmViewController.swift in Sources */ = {isa = PBXBuildFile; fileRef = BDD16046211985920063650A /* InfoFilmViewController.swift */; };
		BDD3BFB5211078860096C212 /* fonts.swift in Sources */ = {isa = PBXBuildFile; fileRef = BDD3BFB4211078860096C212 /* fonts.swift */; };
		BDD85B4E211C12C600256E60 /* ReviewViewController.swift in Sources */ = {isa = PBXBuildFile; fileRef = BDD85B4D211C12C600256E60 /* ReviewViewController.swift */; };
		BDD85B50211C14E500256E60 /* ReviewCollectionViewCell.swift in Sources */ = {isa = PBXBuildFile; fileRef = BDD85B4F211C14E500256E60 /* ReviewCollectionViewCell.swift */; };
		BDD85B59211C1AB800256E60 /* AboutArtistViewController.swift in Sources */ = {isa = PBXBuildFile; fileRef = BDD85B58211C1AB800256E60 /* AboutArtistViewController.swift */; };
		BDD85B70211C311400256E60 /* InfoFilmUsecaseAssembly.swift in Sources */ = {isa = PBXBuildFile; fileRef = BDD85B6F211C311400256E60 /* InfoFilmUsecaseAssembly.swift */; };
		BDD85B72211C313E00256E60 /* InfoFilmGatewayAssembly.swift in Sources */ = {isa = PBXBuildFile; fileRef = BDD85B71211C313E00256E60 /* InfoFilmGatewayAssembly.swift */; };
		BDD85B76211C337B00256E60 /* CastFilmUsecaseAssembly.swift in Sources */ = {isa = PBXBuildFile; fileRef = BDD85B75211C337B00256E60 /* CastFilmUsecaseAssembly.swift */; };
		BDD85B78211C339000256E60 /* CastFilmGatewayAssembly.swift in Sources */ = {isa = PBXBuildFile; fileRef = BDD85B77211C339000256E60 /* CastFilmGatewayAssembly.swift */; };
		BDD85B7C211C3A8D00256E60 /* CastFilmDataSource.swift in Sources */ = {isa = PBXBuildFile; fileRef = BDD85B7B211C3A8D00256E60 /* CastFilmDataSource.swift */; };
		BDD85B7E211C3B6100256E60 /* CastFilmPresenter.swift in Sources */ = {isa = PBXBuildFile; fileRef = BDD85B7D211C3B6100256E60 /* CastFilmPresenter.swift */; };
		BDD85B80211C3C7600256E60 /* CastFilmPresenterAssembly.swift in Sources */ = {isa = PBXBuildFile; fileRef = BDD85B7F211C3C7600256E60 /* CastFilmPresenterAssembly.swift */; };
		BDD85B82211C3C8D00256E60 /* CastFilmDataSourceAssembly.swift in Sources */ = {isa = PBXBuildFile; fileRef = BDD85B81211C3C8D00256E60 /* CastFilmDataSourceAssembly.swift */; };
		BDD85B85211C492200256E60 /* AboutArtistUsecase.swift in Sources */ = {isa = PBXBuildFile; fileRef = BDD85B84211C492200256E60 /* AboutArtistUsecase.swift */; };
		BDD85B88211C49B700256E60 /* Artist.swift in Sources */ = {isa = PBXBuildFile; fileRef = BDD85B87211C49B700256E60 /* Artist.swift */; };
		BDD85B8D211C4B1300256E60 /* ArtistBioUsecaseAssembly.swift in Sources */ = {isa = PBXBuildFile; fileRef = BDD85B8C211C4B1300256E60 /* ArtistBioUsecaseAssembly.swift */; };
		BDD85B8F211C4B2600256E60 /* ArtistBioGatewayAssembly.swift in Sources */ = {isa = PBXBuildFile; fileRef = BDD85B8E211C4B2600256E60 /* ArtistBioGatewayAssembly.swift */; };
		BDD85B96211C4C3400256E60 /* ArtistBioPresenter.swift in Sources */ = {isa = PBXBuildFile; fileRef = BDD85B95211C4C3400256E60 /* ArtistBioPresenter.swift */; };
		BDD85B98211C4C5200256E60 /* ArtistBioDataSource.swift in Sources */ = {isa = PBXBuildFile; fileRef = BDD85B97211C4C5200256E60 /* ArtistBioDataSource.swift */; };
		BDD85B9A211C4CA500256E60 /* ArtistPhotosUsecase.swift in Sources */ = {isa = PBXBuildFile; fileRef = BDD85B99211C4CA500256E60 /* ArtistPhotosUsecase.swift */; };
		BDD85B9C211C4D4C00256E60 /* ArtistPhoto.swift in Sources */ = {isa = PBXBuildFile; fileRef = BDD85B9B211C4D4C00256E60 /* ArtistPhoto.swift */; };
		BDD85B9E211C4D7600256E60 /* ArtistPhotos.swift in Sources */ = {isa = PBXBuildFile; fileRef = BDD85B9D211C4D7600256E60 /* ArtistPhotos.swift */; };
		BDD85BA0211C505900256E60 /* ArtistBioDataSourceAssembly.swift in Sources */ = {isa = PBXBuildFile; fileRef = BDD85B9F211C505900256E60 /* ArtistBioDataSourceAssembly.swift */; };
		BDD85BA2211C506A00256E60 /* ArtistBioPresenterAssembly.swift in Sources */ = {isa = PBXBuildFile; fileRef = BDD85BA1211C506A00256E60 /* ArtistBioPresenterAssembly.swift */; };
		BDD85BA4211C51D300256E60 /* artist.storyboard in Resources */ = {isa = PBXBuildFile; fileRef = BDD85BA3211C51D300256E60 /* artist.storyboard */; };
		BDD85BA8211C545A00256E60 /* ArtistBioViewController.swift in Sources */ = {isa = PBXBuildFile; fileRef = BDD85BA7211C545A00256E60 /* ArtistBioViewController.swift */; };
		BDD85BAA211C56BD00256E60 /* ArtistViewAssembly.swift in Sources */ = {isa = PBXBuildFile; fileRef = BDD85BA9211C56BD00256E60 /* ArtistViewAssembly.swift */; };
		BDE164EB21119D57002E0A14 /* TabDisplayManager.swift in Sources */ = {isa = PBXBuildFile; fileRef = BDE164EA21119D57002E0A14 /* TabDisplayManager.swift */; };
		BDE164ED2111A0DA002E0A14 /* StringWithFormating.swift in Sources */ = {isa = PBXBuildFile; fileRef = BDE164EC2111A0DA002E0A14 /* StringWithFormating.swift */; };
		BDF1954A211863320093D236 /* film.storyboard in Resources */ = {isa = PBXBuildFile; fileRef = BDF19549211863320093D236 /* film.storyboard */; };
		BDF1954C21186DDB0093D236 /* AboutFilmViewController.swift in Sources */ = {isa = PBXBuildFile; fileRef = BDF1954B21186DDB0093D236 /* AboutFilmViewController.swift */; };
		BDF1954E211877760093D236 /* UIButtonChangeContent.swift in Sources */ = {isa = PBXBuildFile; fileRef = BDF1954D211877750093D236 /* UIButtonChangeContent.swift */; };
		BDF83D622111D58D001596EA /* FilmCollectionDisplayManager.swift in Sources */ = {isa = PBXBuildFile; fileRef = BDF83D612111D58C001596EA /* FilmCollectionDisplayManager.swift */; };
		BDF83D642111D68E001596EA /* FilmCard.swift in Sources */ = {isa = PBXBuildFile; fileRef = BDF83D632111D68E001596EA /* FilmCard.swift */; };
		BDF83D662111D980001596EA /* FilmCollectionViewCell.swift in Sources */ = {isa = PBXBuildFile; fileRef = BDF83D652111D980001596EA /* FilmCollectionViewCell.swift */; };
		BDF83D682111F24F001596EA /* PopularFilmsViewController.swift in Sources */ = {isa = PBXBuildFile; fileRef = BDF83D672111F24F001596EA /* PopularFilmsViewController.swift */; };
		BDF83D6A2111FF35001596EA /* CALayerApplySketchShadow.swift in Sources */ = {isa = PBXBuildFile; fileRef = BDF83D692111FF35001596EA /* CALayerApplySketchShadow.swift */; };
		BDFCE2CB211D60AB00C70770 /* MoviesGatewayAssembly.swift in Sources */ = {isa = PBXBuildFile; fileRef = BDFCE2CA211D60AB00C70770 /* MoviesGatewayAssembly.swift */; };
		BDFCE2CD211D611700C70770 /* MoviesUsecaseAssembly.swift in Sources */ = {isa = PBXBuildFile; fileRef = BDFCE2CC211D611700C70770 /* MoviesUsecaseAssembly.swift */; };
		BDFCE2D6211D7BA200C70770 /* MoviesRouting.swift in Sources */ = {isa = PBXBuildFile; fileRef = BDFCE2D5211D7BA200C70770 /* MoviesRouting.swift */; };
		BDFCE2D8211D7D5000C70770 /* MoviesRotingAssembly.swift in Sources */ = {isa = PBXBuildFile; fileRef = BDFCE2D7211D7D5000C70770 /* MoviesRotingAssembly.swift */; };
		BDFCE2DA211D8AA100C70770 /* BasePageViewController.swift in Sources */ = {isa = PBXBuildFile; fileRef = BDFCE2D9211D8AA100C70770 /* BasePageViewController.swift */; };
		BDFCE2DD211DA2FE00C70770 /* CastRouting.swift in Sources */ = {isa = PBXBuildFile; fileRef = BDFCE2DC211DA2FE00C70770 /* CastRouting.swift */; };
		BDFCE2DF211DA4F600C70770 /* CastRoutingAssembly.swift in Sources */ = {isa = PBXBuildFile; fileRef = BDFCE2DE211DA4F600C70770 /* CastRoutingAssembly.swift */; };
/* End PBXBuildFile section */

/* Begin PBXFileReference section */
		313906239C0C062D5B903C0D /* Pods-Films iOS.debug.xcconfig */ = {isa = PBXFileReference; includeInIndex = 1; lastKnownFileType = text.xcconfig; name = "Pods-Films iOS.debug.xcconfig"; path = "Pods/Target Support Files/Pods-Films iOS/Pods-Films iOS.debug.xcconfig"; sourceTree = "<group>"; };
		86484042187C4F131FBE1961 /* Pods-Films iOS.release.xcconfig */ = {isa = PBXFileReference; includeInIndex = 1; lastKnownFileType = text.xcconfig; name = "Pods-Films iOS.release.xcconfig"; path = "Pods/Target Support Files/Pods-Films iOS/Pods-Films iOS.release.xcconfig"; sourceTree = "<group>"; };
		BD05FCC92119C38F008B5AC5 /* FilmDetail.swift */ = {isa = PBXFileReference; lastKnownFileType = sourcecode.swift; path = FilmDetail.swift; sourceTree = "<group>"; };
		BD05FCCB2119C48B008B5AC5 /* ProductionCountry.swift */ = {isa = PBXFileReference; lastKnownFileType = sourcecode.swift; path = ProductionCountry.swift; sourceTree = "<group>"; };
		BD05FCCD2119C552008B5AC5 /* DetailsFilmUsecase.swift */ = {isa = PBXFileReference; lastKnownFileType = sourcecode.swift; path = DetailsFilmUsecase.swift; sourceTree = "<group>"; };
		BD05FCD02119C60F008B5AC5 /* DetailsFilmPresenter.swift */ = {isa = PBXFileReference; lastKnownFileType = sourcecode.swift; path = DetailsFilmPresenter.swift; sourceTree = "<group>"; };
		BD05FCD22119C6F4008B5AC5 /* DetailsFilmDataSource.swift */ = {isa = PBXFileReference; lastKnownFileType = sourcecode.swift; path = DetailsFilmDataSource.swift; sourceTree = "<group>"; };
		BD05FCDC2119CCD5008B5AC5 /* DetailsFilmPresenterAssembly.swift */ = {isa = PBXFileReference; lastKnownFileType = sourcecode.swift; path = DetailsFilmPresenterAssembly.swift; sourceTree = "<group>"; };
		BD05FCDE2119CD08008B5AC5 /* DetailsFilmDataSourceAssembly.swift */ = {isa = PBXFileReference; lastKnownFileType = sourcecode.swift; path = DetailsFilmDataSourceAssembly.swift; sourceTree = "<group>"; };
		BD05FCE02119CDCE008B5AC5 /* InfoViewAssembly.swift */ = {isa = PBXFileReference; lastKnownFileType = sourcecode.swift; path = InfoViewAssembly.swift; sourceTree = "<group>"; };
		BD05FCE72119E4C4008B5AC5 /* Segoe UI, Regular.ttf */ = {isa = PBXFileReference; lastKnownFileType = file; path = "Segoe UI, Regular.ttf"; sourceTree = "<group>"; };
		BD119EAF21202A59002BBAD1 /* ArtistPhotosCollectionViewCell.swift */ = {isa = PBXFileReference; lastKnownFileType = sourcecode.swift; path = ArtistPhotosCollectionViewCell.swift; sourceTree = "<group>"; };
		BD119EB121202B9A002BBAD1 /* ArtistPhotosDisplayManager.swift */ = {isa = PBXFileReference; lastKnownFileType = sourcecode.swift; path = ArtistPhotosDisplayManager.swift; sourceTree = "<group>"; };
		BD119EB321202ED5002BBAD1 /* ArtistPhotosDisplayManagerAssembly.swift */ = {isa = PBXFileReference; lastKnownFileType = sourcecode.swift; path = ArtistPhotosDisplayManagerAssembly.swift; sourceTree = "<group>"; };
		BD1DCF6221131A38001B48EF /* NetworkingAssembly.swift */ = {isa = PBXFileReference; lastKnownFileType = sourcecode.swift; path = NetworkingAssembly.swift; sourceTree = "<group>"; };
		BD1DCF6521131DCA001B48EF /* MainViewAssembly.swift */ = {isa = PBXFileReference; lastKnownFileType = sourcecode.swift; path = MainViewAssembly.swift; sourceTree = "<group>"; };
		BD1DCF6721131EA6001B48EF /* TabNamesUsecase.swift */ = {isa = PBXFileReference; lastKnownFileType = sourcecode.swift; path = TabNamesUsecase.swift; sourceTree = "<group>"; };
		BD1DCF6B21132308001B48EF /* TabName.swift */ = {isa = PBXFileReference; lastKnownFileType = sourcecode.swift; path = TabName.swift; sourceTree = "<group>"; };
		BD1DCF7121132939001B48EF /* Genres.swift */ = {isa = PBXFileReference; lastKnownFileType = sourcecode.swift; path = Genres.swift; sourceTree = "<group>"; };
		BD47CFD82112F47E007339C8 /* Networking.swift */ = {isa = PBXFileReference; lastKnownFileType = sourcecode.swift; path = Networking.swift; sourceTree = "<group>"; };
		BD47CFDB2112FE15007339C8 /* NetworkingError.swift */ = {isa = PBXFileReference; lastKnownFileType = sourcecode.swift; path = NetworkingError.swift; sourceTree = "<group>"; };
		BD5292A12114783700870328 /* TabNamesPresenter.swift */ = {isa = PBXFileReference; lastKnownFileType = sourcecode.swift; path = TabNamesPresenter.swift; sourceTree = "<group>"; };
		BD5292A3211479DF00870328 /* TabNamesDataSource.swift */ = {isa = PBXFileReference; lastKnownFileType = sourcecode.swift; path = TabNamesDataSource.swift; sourceTree = "<group>"; };
		BD52F3D72116D3CA0063DEB1 /* TabNamesPresenterAssembly.swift */ = {isa = PBXFileReference; lastKnownFileType = sourcecode.swift; path = TabNamesPresenterAssembly.swift; sourceTree = "<group>"; };
		BD52F3D92116E3D80063DEB1 /* TabDisplayManagerAssembly.swift */ = {isa = PBXFileReference; lastKnownFileType = sourcecode.swift; path = TabDisplayManagerAssembly.swift; sourceTree = "<group>"; };
		BD52F3DD2116EDC70063DEB1 /* TabNamesDataSourceAssembly.swift */ = {isa = PBXFileReference; lastKnownFileType = sourcecode.swift; path = TabNamesDataSourceAssembly.swift; sourceTree = "<group>"; };
		BD52F3E12116FC2A0063DEB1 /* ListPopularFilmsUsecase.swift */ = {isa = PBXFileReference; lastKnownFileType = sourcecode.swift; path = ListPopularFilmsUsecase.swift; sourceTree = "<group>"; };
		BD52F3E32116FE980063DEB1 /* PopularFilms.swift */ = {isa = PBXFileReference; lastKnownFileType = sourcecode.swift; path = PopularFilms.swift; sourceTree = "<group>"; };
		BD52F3E5211700C70063DEB1 /* PopularFilmsPresenter.swift */ = {isa = PBXFileReference; lastKnownFileType = sourcecode.swift; path = PopularFilmsPresenter.swift; sourceTree = "<group>"; };
		BD52F3E7211701600063DEB1 /* ListPopularDataSource.swift */ = {isa = PBXFileReference; lastKnownFileType = sourcecode.swift; path = ListPopularDataSource.swift; sourceTree = "<group>"; };
		BD52F3ED2117042C0063DEB1 /* PopularFilmsPresenterAssembly.swift */ = {isa = PBXFileReference; lastKnownFileType = sourcecode.swift; path = PopularFilmsPresenterAssembly.swift; sourceTree = "<group>"; };
		BD52F3F0211704930063DEB1 /* PopularFilmsDSAssembly.swift */ = {isa = PBXFileReference; lastKnownFileType = sourcecode.swift; path = PopularFilmsDSAssembly.swift; sourceTree = "<group>"; };
		BD52F3F2211706400063DEB1 /* PopularFilmsDisplayManagerAssembly.swift */ = {isa = PBXFileReference; lastKnownFileType = sourcecode.swift; path = PopularFilmsDisplayManagerAssembly.swift; sourceTree = "<group>"; };
		BD52F3F42117083B0063DEB1 /* PopularFilmsViewAssembly.swift */ = {isa = PBXFileReference; lastKnownFileType = sourcecode.swift; path = PopularFilmsViewAssembly.swift; sourceTree = "<group>"; };
		BD52F3F6211711660063DEB1 /* UIImageLoadFromURL+cornerRadius.swift */ = {isa = PBXFileReference; lastKnownFileType = sourcecode.swift; path = "UIImageLoadFromURL+cornerRadius.swift"; sourceTree = "<group>"; };
		BD700C35211ABDE300C51220 /* FSegmentControl.swift */ = {isa = PBXFileReference; lastKnownFileType = sourcecode.swift; path = FSegmentControl.swift; sourceTree = "<group>"; };
		BD700C3B211AE24100C51220 /* FStarRating.swift */ = {isa = PBXFileReference; lastKnownFileType = sourcecode.swift; path = FStarRating.swift; sourceTree = "<group>"; };
		BD700C3D211AF00400C51220 /* GalleryDisplayManager.swift */ = {isa = PBXFileReference; lastKnownFileType = sourcecode.swift; path = GalleryDisplayManager.swift; sourceTree = "<group>"; };
		BD700C3F211AF10600C51220 /* MakeRequestGateway.swift */ = {isa = PBXFileReference; lastKnownFileType = sourcecode.swift; path = MakeRequestGateway.swift; sourceTree = "<group>"; };
		BD700C42211AF42E00C51220 /* GalleryUsecase.swift */ = {isa = PBXFileReference; lastKnownFileType = sourcecode.swift; path = GalleryUsecase.swift; sourceTree = "<group>"; };
		BD700C45211AF49B00C51220 /* GalleryImage.swift */ = {isa = PBXFileReference; lastKnownFileType = sourcecode.swift; path = GalleryImage.swift; sourceTree = "<group>"; };
		BD700C47211B019400C51220 /* Gallery.swift */ = {isa = PBXFileReference; lastKnownFileType = sourcecode.swift; path = Gallery.swift; sourceTree = "<group>"; };
		BD700C4D211B0C1D00C51220 /* GalleryCollectionCell.swift */ = {isa = PBXFileReference; lastKnownFileType = sourcecode.swift; path = GalleryCollectionCell.swift; sourceTree = "<group>"; };
		BD700C4F211B168500C51220 /* GalleryDisplayManagerAssembly.swift */ = {isa = PBXFileReference; lastKnownFileType = sourcecode.swift; path = GalleryDisplayManagerAssembly.swift; sourceTree = "<group>"; };
		BD700C52211B271A00C51220 /* CastCollectionCell.swift */ = {isa = PBXFileReference; lastKnownFileType = sourcecode.swift; path = CastCollectionCell.swift; sourceTree = "<group>"; };
		BD700C54211B285F00C51220 /* CastViewController.swift */ = {isa = PBXFileReference; lastKnownFileType = sourcecode.swift; path = CastViewController.swift; sourceTree = "<group>"; };
		BD700C56211B289B00C51220 /* CastDisplayManager.swift */ = {isa = PBXFileReference; lastKnownFileType = sourcecode.swift; path = CastDisplayManager.swift; sourceTree = "<group>"; };
		BD700C58211B296A00C51220 /* Cast.swift */ = {isa = PBXFileReference; lastKnownFileType = sourcecode.swift; path = Cast.swift; sourceTree = "<group>"; };
		BD700C5A211B2AE800C51220 /* CastDisplayAssembly.swift */ = {isa = PBXFileReference; lastKnownFileType = sourcecode.swift; path = CastDisplayAssembly.swift; sourceTree = "<group>"; };
		BD700C5C211B2B7400C51220 /* CastUsecase.swift */ = {isa = PBXFileReference; lastKnownFileType = sourcecode.swift; path = CastUsecase.swift; sourceTree = "<group>"; };
		BD700C5E211B2BF400C51220 /* Credits.swift */ = {isa = PBXFileReference; lastKnownFileType = sourcecode.swift; path = Credits.swift; sourceTree = "<group>"; };
		BD700C64211B30E700C51220 /* CastViewAssembly.swift */ = {isa = PBXFileReference; lastKnownFileType = sourcecode.swift; path = CastViewAssembly.swift; sourceTree = "<group>"; };
		BDC941C7210EE861005C5041 /* Films iOS.app */ = {isa = PBXFileReference; explicitFileType = wrapper.application; includeInIndex = 0; path = "Films iOS.app"; sourceTree = BUILT_PRODUCTS_DIR; };
		BDC941CA210EE861005C5041 /* AppDelegate.swift */ = {isa = PBXFileReference; lastKnownFileType = sourcecode.swift; path = AppDelegate.swift; sourceTree = "<group>"; };
		BDC941CF210EE861005C5041 /* Base */ = {isa = PBXFileReference; lastKnownFileType = file.storyboard; name = Base; path = Base.lproj/Main.storyboard; sourceTree = "<group>"; };
		BDC941D1210EE864005C5041 /* Assets.xcassets */ = {isa = PBXFileReference; lastKnownFileType = folder.assetcatalog; path = Assets.xcassets; sourceTree = "<group>"; };
		BDC941D4210EE864005C5041 /* Base */ = {isa = PBXFileReference; lastKnownFileType = file.storyboard; name = Base; path = Base.lproj/LaunchScreen.storyboard; sourceTree = "<group>"; };
		BDC941D6210EE864005C5041 /* Info.plist */ = {isa = PBXFileReference; lastKnownFileType = text.plist.xml; path = Info.plist; sourceTree = "<group>"; };
		BDC941EE210EF1F7005C5041 /* Localizable.strings */ = {isa = PBXFileReference; lastKnownFileType = text.plist.strings; path = Localizable.strings; sourceTree = "<group>"; };
		BDC941F3210EF464005C5041 /* BaseViewController.swift */ = {isa = PBXFileReference; lastKnownFileType = sourcecode.swift; path = BaseViewController.swift; sourceTree = "<group>"; };
		BDC941F5210EF50E005C5041 /* BaseHandlerController.swift */ = {isa = PBXFileReference; lastKnownFileType = sourcecode.swift; path = BaseHandlerController.swift; sourceTree = "<group>"; };
		BDC941F7210F1B2C005C5041 /* colors.swift */ = {isa = PBXFileReference; lastKnownFileType = sourcecode.swift; path = colors.swift; sourceTree = "<group>"; };
		BDC941FB210F2ADE005C5041 /* MainViewController.swift */ = {isa = PBXFileReference; lastKnownFileType = sourcecode.swift; path = MainViewController.swift; sourceTree = "<group>"; };
		BDC941FD210F352D005C5041 /* TabNameCollectionViewCell.swift */ = {isa = PBXFileReference; lastKnownFileType = sourcecode.swift; path = TabNameCollectionViewCell.swift; sourceTree = "<group>"; };
		BDC94201210F52F6005C5041 /* CustomMenuBarButtonItem.swift */ = {isa = PBXFileReference; lastKnownFileType = sourcecode.swift; path = CustomMenuBarButtonItem.swift; sourceTree = "<group>"; };
		BDD0FC9821107DE50060A3F0 /* seguisb.ttf */ = {isa = PBXFileReference; lastKnownFileType = file; path = seguisb.ttf; sourceTree = "<group>"; };
		BDD16046211985920063650A /* InfoFilmViewController.swift */ = {isa = PBXFileReference; lastKnownFileType = sourcecode.swift; path = InfoFilmViewController.swift; sourceTree = "<group>"; };
		BDD3BFB4211078860096C212 /* fonts.swift */ = {isa = PBXFileReference; lastKnownFileType = sourcecode.swift; path = fonts.swift; sourceTree = "<group>"; };
		BDD85B4D211C12C600256E60 /* ReviewViewController.swift */ = {isa = PBXFileReference; lastKnownFileType = sourcecode.swift; path = ReviewViewController.swift; sourceTree = "<group>"; };
		BDD85B4F211C14E500256E60 /* ReviewCollectionViewCell.swift */ = {isa = PBXFileReference; lastKnownFileType = sourcecode.swift; path = ReviewCollectionViewCell.swift; sourceTree = "<group>"; };
		BDD85B58211C1AB800256E60 /* AboutArtistViewController.swift */ = {isa = PBXFileReference; lastKnownFileType = sourcecode.swift; path = AboutArtistViewController.swift; sourceTree = "<group>"; };
		BDD85B6F211C311400256E60 /* InfoFilmUsecaseAssembly.swift */ = {isa = PBXFileReference; lastKnownFileType = sourcecode.swift; path = InfoFilmUsecaseAssembly.swift; sourceTree = "<group>"; };
		BDD85B71211C313E00256E60 /* InfoFilmGatewayAssembly.swift */ = {isa = PBXFileReference; lastKnownFileType = sourcecode.swift; path = InfoFilmGatewayAssembly.swift; sourceTree = "<group>"; };
		BDD85B75211C337B00256E60 /* CastFilmUsecaseAssembly.swift */ = {isa = PBXFileReference; lastKnownFileType = sourcecode.swift; path = CastFilmUsecaseAssembly.swift; sourceTree = "<group>"; };
		BDD85B77211C339000256E60 /* CastFilmGatewayAssembly.swift */ = {isa = PBXFileReference; lastKnownFileType = sourcecode.swift; path = CastFilmGatewayAssembly.swift; sourceTree = "<group>"; };
		BDD85B7B211C3A8D00256E60 /* CastFilmDataSource.swift */ = {isa = PBXFileReference; lastKnownFileType = sourcecode.swift; path = CastFilmDataSource.swift; sourceTree = "<group>"; };
		BDD85B7D211C3B6100256E60 /* CastFilmPresenter.swift */ = {isa = PBXFileReference; lastKnownFileType = sourcecode.swift; path = CastFilmPresenter.swift; sourceTree = "<group>"; };
		BDD85B7F211C3C7600256E60 /* CastFilmPresenterAssembly.swift */ = {isa = PBXFileReference; lastKnownFileType = sourcecode.swift; path = CastFilmPresenterAssembly.swift; sourceTree = "<group>"; };
		BDD85B81211C3C8D00256E60 /* CastFilmDataSourceAssembly.swift */ = {isa = PBXFileReference; lastKnownFileType = sourcecode.swift; path = CastFilmDataSourceAssembly.swift; sourceTree = "<group>"; };
		BDD85B84211C492200256E60 /* AboutArtistUsecase.swift */ = {isa = PBXFileReference; lastKnownFileType = sourcecode.swift; path = AboutArtistUsecase.swift; sourceTree = "<group>"; };
		BDD85B87211C49B700256E60 /* Artist.swift */ = {isa = PBXFileReference; lastKnownFileType = sourcecode.swift; path = Artist.swift; sourceTree = "<group>"; };
		BDD85B8C211C4B1300256E60 /* ArtistBioUsecaseAssembly.swift */ = {isa = PBXFileReference; lastKnownFileType = sourcecode.swift; path = ArtistBioUsecaseAssembly.swift; sourceTree = "<group>"; };
		BDD85B8E211C4B2600256E60 /* ArtistBioGatewayAssembly.swift */ = {isa = PBXFileReference; lastKnownFileType = sourcecode.swift; path = ArtistBioGatewayAssembly.swift; sourceTree = "<group>"; };
		BDD85B95211C4C3400256E60 /* ArtistBioPresenter.swift */ = {isa = PBXFileReference; lastKnownFileType = sourcecode.swift; path = ArtistBioPresenter.swift; sourceTree = "<group>"; };
		BDD85B97211C4C5200256E60 /* ArtistBioDataSource.swift */ = {isa = PBXFileReference; lastKnownFileType = sourcecode.swift; path = ArtistBioDataSource.swift; sourceTree = "<group>"; };
		BDD85B99211C4CA500256E60 /* ArtistPhotosUsecase.swift */ = {isa = PBXFileReference; lastKnownFileType = sourcecode.swift; path = ArtistPhotosUsecase.swift; sourceTree = "<group>"; };
		BDD85B9B211C4D4C00256E60 /* ArtistPhoto.swift */ = {isa = PBXFileReference; lastKnownFileType = sourcecode.swift; path = ArtistPhoto.swift; sourceTree = "<group>"; };
		BDD85B9D211C4D7600256E60 /* ArtistPhotos.swift */ = {isa = PBXFileReference; lastKnownFileType = sourcecode.swift; path = ArtistPhotos.swift; sourceTree = "<group>"; };
		BDD85B9F211C505900256E60 /* ArtistBioDataSourceAssembly.swift */ = {isa = PBXFileReference; lastKnownFileType = sourcecode.swift; path = ArtistBioDataSourceAssembly.swift; sourceTree = "<group>"; };
		BDD85BA1211C506A00256E60 /* ArtistBioPresenterAssembly.swift */ = {isa = PBXFileReference; lastKnownFileType = sourcecode.swift; path = ArtistBioPresenterAssembly.swift; sourceTree = "<group>"; };
		BDD85BA3211C51D300256E60 /* artist.storyboard */ = {isa = PBXFileReference; lastKnownFileType = file.storyboard; path = artist.storyboard; sourceTree = "<group>"; };
		BDD85BA7211C545A00256E60 /* ArtistBioViewController.swift */ = {isa = PBXFileReference; lastKnownFileType = sourcecode.swift; path = ArtistBioViewController.swift; sourceTree = "<group>"; };
		BDD85BA9211C56BD00256E60 /* ArtistViewAssembly.swift */ = {isa = PBXFileReference; lastKnownFileType = sourcecode.swift; path = ArtistViewAssembly.swift; sourceTree = "<group>"; };
		BDE164EA21119D57002E0A14 /* TabDisplayManager.swift */ = {isa = PBXFileReference; lastKnownFileType = sourcecode.swift; path = TabDisplayManager.swift; sourceTree = "<group>"; };
		BDE164EC2111A0DA002E0A14 /* StringWithFormating.swift */ = {isa = PBXFileReference; lastKnownFileType = sourcecode.swift; path = StringWithFormating.swift; sourceTree = "<group>"; };
		BDF19549211863320093D236 /* film.storyboard */ = {isa = PBXFileReference; lastKnownFileType = file.storyboard; path = film.storyboard; sourceTree = "<group>"; };
		BDF1954B21186DDB0093D236 /* AboutFilmViewController.swift */ = {isa = PBXFileReference; lastKnownFileType = sourcecode.swift; path = AboutFilmViewController.swift; sourceTree = "<group>"; };
		BDF1954D211877750093D236 /* UIButtonChangeContent.swift */ = {isa = PBXFileReference; lastKnownFileType = sourcecode.swift; path = UIButtonChangeContent.swift; sourceTree = "<group>"; };
		BDF83D612111D58C001596EA /* FilmCollectionDisplayManager.swift */ = {isa = PBXFileReference; lastKnownFileType = sourcecode.swift; path = FilmCollectionDisplayManager.swift; sourceTree = "<group>"; };
		BDF83D632111D68E001596EA /* FilmCard.swift */ = {isa = PBXFileReference; lastKnownFileType = sourcecode.swift; path = FilmCard.swift; sourceTree = "<group>"; };
		BDF83D652111D980001596EA /* FilmCollectionViewCell.swift */ = {isa = PBXFileReference; lastKnownFileType = sourcecode.swift; path = FilmCollectionViewCell.swift; sourceTree = "<group>"; };
		BDF83D672111F24F001596EA /* PopularFilmsViewController.swift */ = {isa = PBXFileReference; lastKnownFileType = sourcecode.swift; path = PopularFilmsViewController.swift; sourceTree = "<group>"; };
		BDF83D692111FF35001596EA /* CALayerApplySketchShadow.swift */ = {isa = PBXFileReference; lastKnownFileType = sourcecode.swift; path = CALayerApplySketchShadow.swift; sourceTree = "<group>"; };
		BDFCE2CA211D60AB00C70770 /* MoviesGatewayAssembly.swift */ = {isa = PBXFileReference; lastKnownFileType = sourcecode.swift; path = MoviesGatewayAssembly.swift; sourceTree = "<group>"; };
		BDFCE2CC211D611700C70770 /* MoviesUsecaseAssembly.swift */ = {isa = PBXFileReference; lastKnownFileType = sourcecode.swift; path = MoviesUsecaseAssembly.swift; sourceTree = "<group>"; };
		BDFCE2D5211D7BA200C70770 /* MoviesRouting.swift */ = {isa = PBXFileReference; lastKnownFileType = sourcecode.swift; path = MoviesRouting.swift; sourceTree = "<group>"; };
		BDFCE2D7211D7D5000C70770 /* MoviesRotingAssembly.swift */ = {isa = PBXFileReference; lastKnownFileType = sourcecode.swift; path = MoviesRotingAssembly.swift; sourceTree = "<group>"; };
		BDFCE2D9211D8AA100C70770 /* BasePageViewController.swift */ = {isa = PBXFileReference; lastKnownFileType = sourcecode.swift; path = BasePageViewController.swift; sourceTree = "<group>"; };
		BDFCE2DC211DA2FE00C70770 /* CastRouting.swift */ = {isa = PBXFileReference; lastKnownFileType = sourcecode.swift; path = CastRouting.swift; sourceTree = "<group>"; };
		BDFCE2DE211DA4F600C70770 /* CastRoutingAssembly.swift */ = {isa = PBXFileReference; lastKnownFileType = sourcecode.swift; path = CastRoutingAssembly.swift; sourceTree = "<group>"; };
		F2BA10CCB5AE7214BBA9E48E /* Pods_Films_iOS.framework */ = {isa = PBXFileReference; explicitFileType = wrapper.framework; includeInIndex = 0; path = Pods_Films_iOS.framework; sourceTree = BUILT_PRODUCTS_DIR; };
/* End PBXFileReference section */

/* Begin PBXFrameworksBuildPhase section */
		BDC941C4210EE861005C5041 /* Frameworks */ = {
			isa = PBXFrameworksBuildPhase;
			buildActionMask = 2147483647;
			files = (
				3BA753C0705FFA4885FD9053 /* Pods_Films_iOS.framework in Frameworks */,
			);
			runOnlyForDeploymentPostprocessing = 0;
		};
/* End PBXFrameworksBuildPhase section */

/* Begin PBXGroup section */
		0DA4F846C6640711AA98B6C6 /* Pods */ = {
			isa = PBXGroup;
			children = (
				313906239C0C062D5B903C0D /* Pods-Films iOS.debug.xcconfig */,
				86484042187C4F131FBE1961 /* Pods-Films iOS.release.xcconfig */,
			);
			name = Pods;
			sourceTree = "<group>";
		};
		711919AEDDF845E282EB6DA3 /* Frameworks */ = {
			isa = PBXGroup;
			children = (
				F2BA10CCB5AE7214BBA9E48E /* Pods_Films_iOS.framework */,
			);
			name = Frameworks;
			sourceTree = "<group>";
		};
		BD05FCDB2119CCAB008B5AC5 /* Assemblies */ = {
			isa = PBXGroup;
			children = (
				BD05FCDE2119CD08008B5AC5 /* DetailsFilmDataSourceAssembly.swift */,
				BD05FCDC2119CCD5008B5AC5 /* DetailsFilmPresenterAssembly.swift */,
				BD700C4F211B168500C51220 /* GalleryDisplayManagerAssembly.swift */,
				BD05FCE02119CDCE008B5AC5 /* InfoViewAssembly.swift */,
			);
			path = Assemblies;
			sourceTree = "<group>";
		};
		BD119EAD21202A0C002BBAD1 /* DisplayManagers */ = {
			isa = PBXGroup;
			children = (
				BD119EB121202B9A002BBAD1 /* ArtistPhotosDisplayManager.swift */,
			);
			path = DisplayManagers;
			sourceTree = "<group>";
		};
		BD119EAE21202A1B002BBAD1 /* Cells */ = {
			isa = PBXGroup;
			children = (
				BD119EAF21202A59002BBAD1 /* ArtistPhotosCollectionViewCell.swift */,
			);
			path = Cells;
			sourceTree = "<group>";
		};
		BD700C34211ABDC500C51220 /* AboutFilm */ = {
			isa = PBXGroup;
			children = (
				BD700C35211ABDE300C51220 /* FSegmentControl.swift */,
				BD700C3B211AE24100C51220 /* FStarRating.swift */,
			);
			path = AboutFilm;
			sourceTree = "<group>";
		};
		BD700C41211AF36000C51220 /* AboutFilm */ = {
			isa = PBXGroup;
			children = (
				BDD85B74211C336300256E60 /* Cast */,
				BDD85B73211C322700256E60 /* Info */,
			);
			path = AboutFilm;
			sourceTree = "<group>";
		};
		BD700C44211AF48F00C51220 /* AboutFilm */ = {
			isa = PBXGroup;
			children = (
				BD700C58211B296A00C51220 /* Cast.swift */,
				BD700C5E211B2BF400C51220 /* Credits.swift */,
				BD05FCC92119C38F008B5AC5 /* FilmDetail.swift */,
				BD700C47211B019400C51220 /* Gallery.swift */,
				BD700C45211AF49B00C51220 /* GalleryImage.swift */,
				BD05FCCB2119C48B008B5AC5 /* ProductionCountry.swift */,
			);
			path = AboutFilm;
			sourceTree = "<group>";
		};
		BD700C51211B24E300C51220 /* Movies */ = {
			isa = PBXGroup;
			children = (
				BDFCE2C9211D607300C70770 /* Popular */,
			);
			path = Movies;
			sourceTree = "<group>";
		};
		BDC941BE210EE861005C5041 = {
			isa = PBXGroup;
			children = (
				BDC941C9210EE861005C5041 /* Films iOS */,
				711919AEDDF845E282EB6DA3 /* Frameworks */,
				0DA4F846C6640711AA98B6C6 /* Pods */,
				BDC941C8210EE861005C5041 /* Products */,
			);
			sourceTree = "<group>";
		};
		BDC941C8210EE861005C5041 /* Products */ = {
			isa = PBXGroup;
			children = (
				BDC941C7210EE861005C5041 /* Films iOS.app */,
			);
			name = Products;
			sourceTree = "<group>";
		};
		BDC941C9210EE861005C5041 /* Films iOS */ = {
			isa = PBXGroup;
			children = (
				BDC941DC210EEFC1005C5041 /* App */,
				BDC941E1210EF011005C5041 /* BusinessLogic */,
				BDC941E0210EEFF6005C5041 /* Constants */,
				BDC941DD210EEFC6005C5041 /* Core */,
				BDC941DE210EEFCC005C5041 /* Presentation */,
				BDC941DF210EEFD5005C5041 /* Resources */,
			);
			path = "Films iOS";
			sourceTree = "<group>";
		};
		BDC941DC210EEFC1005C5041 /* App */ = {
			isa = PBXGroup;
			children = (
				BDC941E2210EF05A005C5041 /* AppDelegates */,
				BDC941D6210EE864005C5041 /* Info.plist */,
				BDC941D3210EE864005C5041 /* LaunchScreen.storyboard */,
			);
			path = App;
			sourceTree = "<group>";
		};
		BDC941DD210EEFC6005C5041 /* Core */ = {
			isa = PBXGroup;
			children = (
				BDC941EA210EF133005C5041 /* Assemblies */,
				BDC941E9210EF124005C5041 /* Extension */,
				BDC941F5210EF50E005C5041 /* BaseHandlerController.swift */,
				BDC941F3210EF464005C5041 /* BaseViewController.swift */,
				BD47CFD82112F47E007339C8 /* Networking.swift */,
				BDFCE2D9211D8AA100C70770 /* BasePageViewController.swift */,
			);
			path = Core;
			sourceTree = "<group>";
		};
		BDC941DE210EEFCC005C5041 /* Presentation */ = {
			isa = PBXGroup;
			children = (
				BDC941F1210EF267005C5041 /* CustomViews */,
				BDC941EB210EF14E005C5041 /* UserStories */,
			);
			path = Presentation;
			sourceTree = "<group>";
		};
		BDC941DF210EEFD5005C5041 /* Resources */ = {
			isa = PBXGroup;
			children = (
				BDC941ED210EF1CD005C5041 /* Fonts */,
				BDC941D1210EE864005C5041 /* Assets.xcassets */,
				BDC941EE210EF1F7005C5041 /* Localizable.strings */,
			);
			path = Resources;
			sourceTree = "<group>";
		};
		BDC941E0210EEFF6005C5041 /* Constants */ = {
			isa = PBXGroup;
			children = (
				BDC941F7210F1B2C005C5041 /* colors.swift */,
				BDD3BFB4211078860096C212 /* fonts.swift */,
			);
			path = Constants;
			sourceTree = "<group>";
		};
		BDC941E1210EF011005C5041 /* BusinessLogic */ = {
			isa = PBXGroup;
			children = (
				BDC941E5210EF0DE005C5041 /* Assemblies */,
				BDC941E8210EF0FF005C5041 /* Entities */,
				BDC941E7210EF0F6005C5041 /* Gateways */,
				BDC941E6210EF0ED005C5041 /* Usecases */,
			);
			path = BusinessLogic;
			sourceTree = "<group>";
		};
		BDC941E2210EF05A005C5041 /* AppDelegates */ = {
			isa = PBXGroup;
			children = (
				BDC941CA210EE861005C5041 /* AppDelegate.swift */,
			);
			path = AppDelegates;
			sourceTree = "<group>";
		};
		BDC941E5210EF0DE005C5041 /* Assemblies */ = {
			isa = PBXGroup;
			children = (
				BDD85B89211C4ACE00256E60 /* AboutArtist */,
				BD700C41211AF36000C51220 /* AboutFilm */,
				BD700C51211B24E300C51220 /* Movies */,
			);
			path = Assemblies;
			sourceTree = "<group>";
		};
		BDC941E6210EF0ED005C5041 /* Usecases */ = {
			isa = PBXGroup;
			children = (
				BDFCE2CF211D618600C70770 /* Movies */,
				BDFCE2CE211D617D00C70770 /* AboutFilm */,
				BDD85B83211C48C600256E60 /* AboutArtist */,
			);
			path = Usecases;
			sourceTree = "<group>";
		};
		BDC941E7210EF0F6005C5041 /* Gateways */ = {
			isa = PBXGroup;
			children = (
				BD700C3F211AF10600C51220 /* MakeRequestGateway.swift */,
			);
			path = Gateways;
			sourceTree = "<group>";
		};
		BDC941E8210EF0FF005C5041 /* Entities */ = {
			isa = PBXGroup;
			children = (
				BDD85B86211C49AB00256E60 /* AboutArtist */,
				BD700C44211AF48F00C51220 /* AboutFilm */,
				BDC941F0210EF225005C5041 /* Errors */,
				BDF83D632111D68E001596EA /* FilmCard.swift */,
				BD1DCF7121132939001B48EF /* Genres.swift */,
				BD52F3E32116FE980063DEB1 /* PopularFilms.swift */,
				BD1DCF6B21132308001B48EF /* TabName.swift */,
			);
			path = Entities;
			sourceTree = "<group>";
		};
		BDC941E9210EF124005C5041 /* Extension */ = {
			isa = PBXGroup;
			children = (
				BDF83D692111FF35001596EA /* CALayerApplySketchShadow.swift */,
				BDE164EC2111A0DA002E0A14 /* StringWithFormating.swift */,
				BDF1954D211877750093D236 /* UIButtonChangeContent.swift */,
				BD52F3F6211711660063DEB1 /* UIImageLoadFromURL+cornerRadius.swift */,
			);
			path = Extension;
			sourceTree = "<group>";
		};
		BDC941EA210EF133005C5041 /* Assemblies */ = {
			isa = PBXGroup;
			children = (
				BD1DCF6221131A38001B48EF /* NetworkingAssembly.swift */,
			);
			path = Assemblies;
			sourceTree = "<group>";
		};
		BDC941EB210EF14E005C5041 /* UserStories */ = {
			isa = PBXGroup;
			children = (
				BDD85B51211C190700256E60 /* AboutArtist */,
				BDF19548211863080093D236 /* AboutFilm */,
				BDC94204210F57EA005C5041 /* Movies */,
			);
			path = UserStories;
			sourceTree = "<group>";
		};
		BDC941ED210EF1CD005C5041 /* Fonts */ = {
			isa = PBXGroup;
			children = (
				BD05FCE72119E4C4008B5AC5 /* Segoe UI, Regular.ttf */,
				BDD0FC9821107DE50060A3F0 /* seguisb.ttf */,
			);
			path = Fonts;
			sourceTree = "<group>";
		};
		BDC941F0210EF225005C5041 /* Errors */ = {
			isa = PBXGroup;
			children = (
				BD47CFDB2112FE15007339C8 /* NetworkingError.swift */,
			);
			path = Errors;
			sourceTree = "<group>";
		};
		BDC941F1210EF267005C5041 /* CustomViews */ = {
			isa = PBXGroup;
			children = (
				BD700C34211ABDC500C51220 /* AboutFilm */,
				BDC94203210F57D0005C5041 /* NavigationBar */,
			);
			path = CustomViews;
			sourceTree = "<group>";
		};
		BDC94203210F57D0005C5041 /* NavigationBar */ = {
			isa = PBXGroup;
			children = (
				BDC94201210F52F6005C5041 /* CustomMenuBarButtonItem.swift */,
			);
			path = NavigationBar;
			sourceTree = "<group>";
		};
		BDC94204210F57EA005C5041 /* Movies */ = {
			isa = PBXGroup;
			children = (
				BDFCE2C1211D5F3700C70770 /* Container */,
				BDFCE2C0211D5F2500C70770 /* Modules */,
			);
			path = Movies;
			sourceTree = "<group>";
		};
		BDD160452119857B0063650A /* Info */ = {
			isa = PBXGroup;
			children = (
				BDD85B68211C2F9400256E60 /* Presenter */,
				BDD85B67211C2F8F00256E60 /* View */,
				BD05FCDB2119CCAB008B5AC5 /* Assemblies */,
			);
			path = Info;
			sourceTree = "<group>";
		};
		BDD85B51211C190700256E60 /* AboutArtist */ = {
			isa = PBXGroup;
			children = (
				BDD85B6E211C304B00256E60 /* Container */,
				BDD85B6D211C303E00256E60 /* Modules */,
			);
			path = AboutArtist;
			sourceTree = "<group>";
		};
		BDD85B52211C192A00256E60 /* Bio */ = {
			isa = PBXGroup;
			children = (
				BDD85B92211C4C0800256E60 /* Assemblies */,
				BDD85B91211C4BFE00256E60 /* View */,
				BDD85B90211C4BF500256E60 /* Presenter */,
			);
			path = Bio;
			sourceTree = "<group>";
		};
		BDD85B53211C193300256E60 /* Films */ = {
			isa = PBXGroup;
			children = (
			);
			path = Films;
			sourceTree = "<group>";
		};
		BDD85B5A211C2ECD00256E60 /* Cast */ = {
			isa = PBXGroup;
			children = (
				BDFCE2DB211DA2EF00C70770 /* Routing */,
				BDD85B63211C2F4300256E60 /* Assemblies */,
				BDD85B62211C2F3D00256E60 /* Presenter */,
				BDD85B61211C2F3700256E60 /* View */,
			);
			path = Cast;
			sourceTree = "<group>";
		};
		BDD85B5B211C2ED500256E60 /* Review */ = {
			isa = PBXGroup;
			children = (
				BDD85B5E211C2EFB00256E60 /* View */,
				BDD85B5D211C2EF000256E60 /* Presenter */,
				BDD85B5C211C2EE600256E60 /* Assemblies */,
			);
			path = Review;
			sourceTree = "<group>";
		};
		BDD85B5C211C2EE600256E60 /* Assemblies */ = {
			isa = PBXGroup;
			children = (
			);
			path = Assemblies;
			sourceTree = "<group>";
		};
		BDD85B5D211C2EF000256E60 /* Presenter */ = {
			isa = PBXGroup;
			children = (
			);
			path = Presenter;
			sourceTree = "<group>";
		};
		BDD85B5E211C2EFB00256E60 /* View */ = {
			isa = PBXGroup;
			children = (
				BDD85B4D211C12C600256E60 /* ReviewViewController.swift */,
				BDD85B64211C2F5B00256E60 /* Cells */,
			);
			path = View;
			sourceTree = "<group>";
		};
		BDD85B5F211C2F1500256E60 /* Container */ = {
			isa = PBXGroup;
			children = (
				BDF19549211863320093D236 /* film.storyboard */,
				BDF1954B21186DDB0093D236 /* AboutFilmViewController.swift */,
			);
			path = Container;
			sourceTree = "<group>";
		};
		BDD85B60211C2F1E00256E60 /* Modules */ = {
			isa = PBXGroup;
			children = (
				BDD85B5B211C2ED500256E60 /* Review */,
				BDD85B5A211C2ECD00256E60 /* Cast */,
				BDD160452119857B0063650A /* Info */,
			);
			path = Modules;
			sourceTree = "<group>";
		};
		BDD85B61211C2F3700256E60 /* View */ = {
			isa = PBXGroup;
			children = (
				BD700C54211B285F00C51220 /* CastViewController.swift */,
				BDD85B66211C2F7A00256E60 /* DisplayManagers */,
				BDD85B65211C2F6500256E60 /* Cells */,
			);
			path = View;
			sourceTree = "<group>";
		};
		BDD85B62211C2F3D00256E60 /* Presenter */ = {
			isa = PBXGroup;
			children = (
				BDD85B7A211C3A7200256E60 /* Presenters */,
				BDD85B79211C3A6500256E60 /* DataSource */,
			);
			path = Presenter;
			sourceTree = "<group>";
		};
		BDD85B63211C2F4300256E60 /* Assemblies */ = {
			isa = PBXGroup;
			children = (
				BD700C5A211B2AE800C51220 /* CastDisplayAssembly.swift */,
				BD700C64211B30E700C51220 /* CastViewAssembly.swift */,
				BDD85B7F211C3C7600256E60 /* CastFilmPresenterAssembly.swift */,
				BDD85B81211C3C8D00256E60 /* CastFilmDataSourceAssembly.swift */,
				BDFCE2DE211DA4F600C70770 /* CastRoutingAssembly.swift */,
			);
			path = Assemblies;
			sourceTree = "<group>";
		};
		BDD85B64211C2F5B00256E60 /* Cells */ = {
			isa = PBXGroup;
			children = (
				BDD85B4F211C14E500256E60 /* ReviewCollectionViewCell.swift */,
			);
			path = Cells;
			sourceTree = "<group>";
		};
		BDD85B65211C2F6500256E60 /* Cells */ = {
			isa = PBXGroup;
			children = (
				BD700C52211B271A00C51220 /* CastCollectionCell.swift */,
			);
			path = Cells;
			sourceTree = "<group>";
		};
		BDD85B66211C2F7A00256E60 /* DisplayManagers */ = {
			isa = PBXGroup;
			children = (
				BD700C56211B289B00C51220 /* CastDisplayManager.swift */,
			);
			path = DisplayManagers;
			sourceTree = "<group>";
		};
		BDD85B67211C2F8F00256E60 /* View */ = {
			isa = PBXGroup;
			children = (
				BDD16046211985920063650A /* InfoFilmViewController.swift */,
				BDD85B6C211C2FE100256E60 /* Cells */,
				BDD85B69211C2F9B00256E60 /* DisplayManagers */,
			);
			path = View;
			sourceTree = "<group>";
		};
		BDD85B68211C2F9400256E60 /* Presenter */ = {
			isa = PBXGroup;
			children = (
				BDD85B6B211C2FBE00256E60 /* DataSource */,
				BDD85B6A211C2FB600256E60 /* Presenters */,
			);
			path = Presenter;
			sourceTree = "<group>";
		};
		BDD85B69211C2F9B00256E60 /* DisplayManagers */ = {
			isa = PBXGroup;
			children = (
				BD700C3D211AF00400C51220 /* GalleryDisplayManager.swift */,
			);
			path = DisplayManagers;
			sourceTree = "<group>";
		};
		BDD85B6A211C2FB600256E60 /* Presenters */ = {
			isa = PBXGroup;
			children = (
				BD05FCD02119C60F008B5AC5 /* DetailsFilmPresenter.swift */,
			);
			path = Presenters;
			sourceTree = "<group>";
		};
		BDD85B6B211C2FBE00256E60 /* DataSource */ = {
			isa = PBXGroup;
			children = (
				BD05FCD22119C6F4008B5AC5 /* DetailsFilmDataSource.swift */,
			);
			path = DataSource;
			sourceTree = "<group>";
		};
		BDD85B6C211C2FE100256E60 /* Cells */ = {
			isa = PBXGroup;
			children = (
				BD700C4D211B0C1D00C51220 /* GalleryCollectionCell.swift */,
			);
			path = Cells;
			sourceTree = "<group>";
		};
		BDD85B6D211C303E00256E60 /* Modules */ = {
			isa = PBXGroup;
			children = (
				BDD85B53211C193300256E60 /* Films */,
				BDD85B52211C192A00256E60 /* Bio */,
			);
			path = Modules;
			sourceTree = "<group>";
		};
		BDD85B6E211C304B00256E60 /* Container */ = {
			isa = PBXGroup;
			children = (
				BDD85B58211C1AB800256E60 /* AboutArtistViewController.swift */,
				BDD85BA3211C51D300256E60 /* artist.storyboard */,
			);
			path = Container;
			sourceTree = "<group>";
		};
		BDD85B73211C322700256E60 /* Info */ = {
			isa = PBXGroup;
			children = (
				BDD85B6F211C311400256E60 /* InfoFilmUsecaseAssembly.swift */,
				BDD85B71211C313E00256E60 /* InfoFilmGatewayAssembly.swift */,
			);
			path = Info;
			sourceTree = "<group>";
		};
		BDD85B74211C336300256E60 /* Cast */ = {
			isa = PBXGroup;
			children = (
				BDD85B75211C337B00256E60 /* CastFilmUsecaseAssembly.swift */,
				BDD85B77211C339000256E60 /* CastFilmGatewayAssembly.swift */,
			);
			path = Cast;
			sourceTree = "<group>";
		};
		BDD85B79211C3A6500256E60 /* DataSource */ = {
			isa = PBXGroup;
			children = (
				BDD85B7B211C3A8D00256E60 /* CastFilmDataSource.swift */,
			);
			path = DataSource;
			sourceTree = "<group>";
		};
		BDD85B7A211C3A7200256E60 /* Presenters */ = {
			isa = PBXGroup;
			children = (
				BDD85B7D211C3B6100256E60 /* CastFilmPresenter.swift */,
			);
			path = Presenters;
			sourceTree = "<group>";
		};
		BDD85B83211C48C600256E60 /* AboutArtist */ = {
			isa = PBXGroup;
			children = (
				BDD85B84211C492200256E60 /* AboutArtistUsecase.swift */,
				BDD85B99211C4CA500256E60 /* ArtistPhotosUsecase.swift */,
			);
			path = AboutArtist;
			sourceTree = "<group>";
		};
		BDD85B86211C49AB00256E60 /* AboutArtist */ = {
			isa = PBXGroup;
			children = (
				BDD85B87211C49B700256E60 /* Artist.swift */,
				BDD85B9B211C4D4C00256E60 /* ArtistPhoto.swift */,
				BDD85B9D211C4D7600256E60 /* ArtistPhotos.swift */,
			);
			path = AboutArtist;
			sourceTree = "<group>";
		};
		BDD85B89211C4ACE00256E60 /* AboutArtist */ = {
			isa = PBXGroup;
			children = (
				BDD85B8B211C4AF500256E60 /* Films */,
				BDD85B8A211C4AE200256E60 /* Bio */,
			);
			path = AboutArtist;
			sourceTree = "<group>";
		};
		BDD85B8A211C4AE200256E60 /* Bio */ = {
			isa = PBXGroup;
			children = (
				BDD85B8C211C4B1300256E60 /* ArtistBioUsecaseAssembly.swift */,
				BDD85B8E211C4B2600256E60 /* ArtistBioGatewayAssembly.swift */,
			);
			path = Bio;
			sourceTree = "<group>";
		};
		BDD85B8B211C4AF500256E60 /* Films */ = {
			isa = PBXGroup;
			children = (
			);
			path = Films;
			sourceTree = "<group>";
		};
		BDD85B90211C4BF500256E60 /* Presenter */ = {
			isa = PBXGroup;
			children = (
				BDD85B94211C4C1D00256E60 /* DataSource */,
				BDD85B93211C4C1700256E60 /* Presenters */,
			);
			path = Presenter;
			sourceTree = "<group>";
		};
		BDD85B91211C4BFE00256E60 /* View */ = {
			isa = PBXGroup;
			children = (
				BD119EAE21202A1B002BBAD1 /* Cells */,
				BD119EAD21202A0C002BBAD1 /* DisplayManagers */,
				BDD85BA7211C545A00256E60 /* ArtistBioViewController.swift */,
			);
			path = View;
			sourceTree = "<group>";
		};
		BDD85B92211C4C0800256E60 /* Assemblies */ = {
			isa = PBXGroup;
			children = (
				BDD85B9F211C505900256E60 /* ArtistBioDataSourceAssembly.swift */,
				BDD85BA1211C506A00256E60 /* ArtistBioPresenterAssembly.swift */,
				BDD85BA9211C56BD00256E60 /* ArtistViewAssembly.swift */,
				BD119EB321202ED5002BBAD1 /* ArtistPhotosDisplayManagerAssembly.swift */,
			);
			path = Assemblies;
			sourceTree = "<group>";
		};
		BDD85B93211C4C1700256E60 /* Presenters */ = {
			isa = PBXGroup;
			children = (
				BDD85B95211C4C3400256E60 /* ArtistBioPresenter.swift */,
			);
			path = Presenters;
			sourceTree = "<group>";
		};
		BDD85B94211C4C1D00256E60 /* DataSource */ = {
			isa = PBXGroup;
			children = (
				BDD85B97211C4C5200256E60 /* ArtistBioDataSource.swift */,
			);
			path = DataSource;
			sourceTree = "<group>";
		};
		BDE164E921119D2C002E0A14 /* DisplayManagers */ = {
			isa = PBXGroup;
			children = (
				BDF83D612111D58C001596EA /* FilmCollectionDisplayManager.swift */,
				BDE164EA21119D57002E0A14 /* TabDisplayManager.swift */,
			);
			path = DisplayManagers;
			sourceTree = "<group>";
		};
		BDF19548211863080093D236 /* AboutFilm */ = {
			isa = PBXGroup;
			children = (
				BDD85B60211C2F1E00256E60 /* Modules */,
				BDD85B5F211C2F1500256E60 /* Container */,
			);
			path = AboutFilm;
			sourceTree = "<group>";
		};
		BDFCE2C0211D5F2500C70770 /* Modules */ = {
			isa = PBXGroup;
			children = (
				BDFCE2C2211D5F6200C70770 /* Popular */,
			);
			path = Modules;
			sourceTree = "<group>";
		};
		BDFCE2C1211D5F3700C70770 /* Container */ = {
			isa = PBXGroup;
			children = (
				BDC941FB210F2ADE005C5041 /* MainViewController.swift */,
				BDC941CE210EE861005C5041 /* Main.storyboard */,
			);
			path = Container;
			sourceTree = "<group>";
		};
		BDFCE2C2211D5F6200C70770 /* Popular */ = {
			isa = PBXGroup;
			children = (
				BDFCE2D4211D7B8600C70770 /* Routing */,
				BDFCE2C5211D5F8200C70770 /* Assemblies */,
				BDFCE2C4211D5F7B00C70770 /* Presenter */,
				BDFCE2C3211D5F7400C70770 /* View */,
			);
			path = Popular;
			sourceTree = "<group>";
		};
		BDFCE2C3211D5F7400C70770 /* View */ = {
			isa = PBXGroup;
			children = (
				BDF83D672111F24F001596EA /* PopularFilmsViewController.swift */,
				BDFCE2C8211D5FDC00C70770 /* Cells */,
				BDE164E921119D2C002E0A14 /* DisplayManagers */,
			);
			path = View;
			sourceTree = "<group>";
		};
		BDFCE2C4211D5F7B00C70770 /* Presenter */ = {
			isa = PBXGroup;
			children = (
				BDFCE2C7211D5FD300C70770 /* DataSource */,
				BDFCE2C6211D5FCD00C70770 /* Presenters */,
			);
			path = Presenter;
			sourceTree = "<group>";
		};
		BDFCE2C5211D5F8200C70770 /* Assemblies */ = {
			isa = PBXGroup;
			children = (
				BD1DCF6521131DCA001B48EF /* MainViewAssembly.swift */,
				BD52F3F0211704930063DEB1 /* PopularFilmsDSAssembly.swift */,
				BD52F3F2211706400063DEB1 /* PopularFilmsDisplayManagerAssembly.swift */,
				BD52F3ED2117042C0063DEB1 /* PopularFilmsPresenterAssembly.swift */,
				BD52F3F42117083B0063DEB1 /* PopularFilmsViewAssembly.swift */,
				BD52F3D92116E3D80063DEB1 /* TabDisplayManagerAssembly.swift */,
				BD52F3DD2116EDC70063DEB1 /* TabNamesDataSourceAssembly.swift */,
				BD52F3D72116D3CA0063DEB1 /* TabNamesPresenterAssembly.swift */,
				BDFCE2D7211D7D5000C70770 /* MoviesRotingAssembly.swift */,
			);
			path = Assemblies;
			sourceTree = "<group>";
		};
		BDFCE2C6211D5FCD00C70770 /* Presenters */ = {
			isa = PBXGroup;
			children = (
				BD52F3E5211700C70063DEB1 /* PopularFilmsPresenter.swift */,
				BD5292A12114783700870328 /* TabNamesPresenter.swift */,
			);
			path = Presenters;
			sourceTree = "<group>";
		};
		BDFCE2C7211D5FD300C70770 /* DataSource */ = {
			isa = PBXGroup;
			children = (
				BD5292A3211479DF00870328 /* TabNamesDataSource.swift */,
				BD52F3E7211701600063DEB1 /* ListPopularDataSource.swift */,
			);
			path = DataSource;
			sourceTree = "<group>";
		};
		BDFCE2C8211D5FDC00C70770 /* Cells */ = {
			isa = PBXGroup;
			children = (
				BDC941FD210F352D005C5041 /* TabNameCollectionViewCell.swift */,
				BDF83D652111D980001596EA /* FilmCollectionViewCell.swift */,
			);
			path = Cells;
			sourceTree = "<group>";
		};
		BDFCE2C9211D607300C70770 /* Popular */ = {
			isa = PBXGroup;
			children = (
				BDFCE2CA211D60AB00C70770 /* MoviesGatewayAssembly.swift */,
				BDFCE2CC211D611700C70770 /* MoviesUsecaseAssembly.swift */,
			);
			path = Popular;
			sourceTree = "<group>";
		};
		BDFCE2CE211D617D00C70770 /* AboutFilm */ = {
			isa = PBXGroup;
			children = (
				BD700C5C211B2B7400C51220 /* CastUsecase.swift */,
				BD05FCCD2119C552008B5AC5 /* DetailsFilmUsecase.swift */,
				BD700C42211AF42E00C51220 /* GalleryUsecase.swift */,
			);
			path = AboutFilm;
			sourceTree = "<group>";
		};
		BDFCE2CF211D618600C70770 /* Movies */ = {
			isa = PBXGroup;
			children = (
				BD52F3E12116FC2A0063DEB1 /* ListPopularFilmsUsecase.swift */,
				BD1DCF6721131EA6001B48EF /* TabNamesUsecase.swift */,
			);
			path = Movies;
			sourceTree = "<group>";
		};
		BDFCE2D4211D7B8600C70770 /* Routing */ = {
			isa = PBXGroup;
			children = (
				BDFCE2D5211D7BA200C70770 /* MoviesRouting.swift */,
			);
			path = Routing;
			sourceTree = "<group>";
		};
		BDFCE2DB211DA2EF00C70770 /* Routing */ = {
			isa = PBXGroup;
			children = (
				BDFCE2DC211DA2FE00C70770 /* CastRouting.swift */,
			);
			path = Routing;
			sourceTree = "<group>";
		};
/* End PBXGroup section */

/* Begin PBXNativeTarget section */
		BDC941C6210EE861005C5041 /* Films iOS */ = {
			isa = PBXNativeTarget;
			buildConfigurationList = BDC941D9210EE864005C5041 /* Build configuration list for PBXNativeTarget "Films iOS" */;
			buildPhases = (
				6BB1C109D88D899C21878B9C /* [CP] Check Pods Manifest.lock */,
				BDF83D5F2111D0AC001596EA /* swiftlint */,
				BDC941C3210EE861005C5041 /* Sources */,
				BDC941C4210EE861005C5041 /* Frameworks */,
				BDC941C5210EE861005C5041 /* Resources */,
				F617928A9E70026A6E4811BB /* [CP] Embed Pods Frameworks */,
			);
			buildRules = (
			);
			dependencies = (
			);
			name = "Films iOS";
			productName = "Films iOS";
			productReference = BDC941C7210EE861005C5041 /* Films iOS.app */;
			productType = "com.apple.product-type.application";
		};
/* End PBXNativeTarget section */

/* Begin PBXProject section */
		BDC941BF210EE861005C5041 /* Project object */ = {
			isa = PBXProject;
			attributes = {
				LastSwiftUpdateCheck = 0940;
				LastUpgradeCheck = 0940;
				ORGANIZATIONNAME = "Nikita Zhudin";
				TargetAttributes = {
					BDC941C6210EE861005C5041 = {
						CreatedOnToolsVersion = 9.4.1;
					};
				};
			};
			buildConfigurationList = BDC941C2210EE861005C5041 /* Build configuration list for PBXProject "Films iOS" */;
			compatibilityVersion = "Xcode 9.3";
			developmentRegion = en;
			hasScannedForEncodings = 0;
			knownRegions = (
				en,
				Base,
			);
			mainGroup = BDC941BE210EE861005C5041;
			productRefGroup = BDC941C8210EE861005C5041 /* Products */;
			projectDirPath = "";
			projectRoot = "";
			targets = (
				BDC941C6210EE861005C5041 /* Films iOS */,
			);
		};
/* End PBXProject section */

/* Begin PBXResourcesBuildPhase section */
		BDC941C5210EE861005C5041 /* Resources */ = {
			isa = PBXResourcesBuildPhase;
			buildActionMask = 2147483647;
			files = (
				BDD0FC9921107DE50060A3F0 /* seguisb.ttf in Resources */,
				BDD85BA4211C51D300256E60 /* artist.storyboard in Resources */,
				BDF1954A211863320093D236 /* film.storyboard in Resources */,
				BDC941D5210EE864005C5041 /* LaunchScreen.storyboard in Resources */,
				BDC941EF210EF1F7005C5041 /* Localizable.strings in Resources */,
				BDC941D2210EE864005C5041 /* Assets.xcassets in Resources */,
				BDC941D0210EE861005C5041 /* Main.storyboard in Resources */,
				BD05FCE82119E4C4008B5AC5 /* Segoe UI, Regular.ttf in Resources */,
			);
			runOnlyForDeploymentPostprocessing = 0;
		};
/* End PBXResourcesBuildPhase section */

/* Begin PBXShellScriptBuildPhase section */
		6BB1C109D88D899C21878B9C /* [CP] Check Pods Manifest.lock */ = {
			isa = PBXShellScriptBuildPhase;
			buildActionMask = 2147483647;
			files = (
			);
			inputPaths = (
				"${PODS_PODFILE_DIR_PATH}/Podfile.lock",
				"${PODS_ROOT}/Manifest.lock",
			);
			name = "[CP] Check Pods Manifest.lock";
			outputPaths = (
				"$(DERIVED_FILE_DIR)/Pods-Films iOS-checkManifestLockResult.txt",
			);
			runOnlyForDeploymentPostprocessing = 0;
			shellPath = /bin/sh;
			shellScript = "diff \"${PODS_PODFILE_DIR_PATH}/Podfile.lock\" \"${PODS_ROOT}/Manifest.lock\" > /dev/null\nif [ $? != 0 ] ; then\n    # print error to STDERR\n    echo \"error: The sandbox is not in sync with the Podfile.lock. Run 'pod install' or update your CocoaPods installation.\" >&2\n    exit 1\nfi\n# This output is used by Xcode 'outputs' to avoid re-running this script phase.\necho \"SUCCESS\" > \"${SCRIPT_OUTPUT_FILE_0}\"\n";
			showEnvVarsInLog = 0;
		};
		BDF83D5F2111D0AC001596EA /* swiftlint */ = {
			isa = PBXShellScriptBuildPhase;
			buildActionMask = 2147483647;
			files = (
			);
			inputPaths = (
			);
			name = swiftlint;
			outputPaths = (
			);
			runOnlyForDeploymentPostprocessing = 0;
			shellPath = /bin/sh;
			shellScript = "\"${PODS_ROOT}/SwiftLint/swiftlint\" autocorrect\n\"${PODS_ROOT}/SwiftLint/swiftlint\"";
		};
		F617928A9E70026A6E4811BB /* [CP] Embed Pods Frameworks */ = {
			isa = PBXShellScriptBuildPhase;
			buildActionMask = 2147483647;
			files = (
			);
			inputPaths = (
				"${SRCROOT}/Pods/Target Support Files/Pods-Films iOS/Pods-Films iOS-frameworks.sh",
				"${BUILT_PRODUCTS_DIR}/Alamofire/Alamofire.framework",
				"${BUILT_PRODUCTS_DIR}/AlamofireNetworkActivityLogger/AlamofireNetworkActivityLogger.framework",
				"${BUILT_PRODUCTS_DIR}/EasyDi/EasyDi.framework",
				"${BUILT_PRODUCTS_DIR}/PromiseKit/PromiseKit.framework",
			);
			name = "[CP] Embed Pods Frameworks";
			outputPaths = (
				"${TARGET_BUILD_DIR}/${FRAMEWORKS_FOLDER_PATH}/Alamofire.framework",
				"${TARGET_BUILD_DIR}/${FRAMEWORKS_FOLDER_PATH}/AlamofireNetworkActivityLogger.framework",
				"${TARGET_BUILD_DIR}/${FRAMEWORKS_FOLDER_PATH}/EasyDi.framework",
				"${TARGET_BUILD_DIR}/${FRAMEWORKS_FOLDER_PATH}/PromiseKit.framework",
			);
			runOnlyForDeploymentPostprocessing = 0;
			shellPath = /bin/sh;
			shellScript = "\"${SRCROOT}/Pods/Target Support Files/Pods-Films iOS/Pods-Films iOS-frameworks.sh\"\n";
			showEnvVarsInLog = 0;
		};
/* End PBXShellScriptBuildPhase section */

/* Begin PBXSourcesBuildPhase section */
		BDC941C3210EE861005C5041 /* Sources */ = {
			isa = PBXSourcesBuildPhase;
			buildActionMask = 2147483647;
			files = (
				BD52F3DA2116E3D80063DEB1 /* TabDisplayManagerAssembly.swift in Sources */,
				BD1DCF6821131EA6001B48EF /* TabNamesUsecase.swift in Sources */,
				BD700C59211B296A00C51220 /* Cast.swift in Sources */,
				BD700C50211B168500C51220 /* GalleryDisplayManagerAssembly.swift in Sources */,
				BDD85BA8211C545A00256E60 /* ArtistBioViewController.swift in Sources */,
				BD47CFD92112F47E007339C8 /* Networking.swift in Sources */,
				BDD85B9A211C4CA500256E60 /* ArtistPhotosUsecase.swift in Sources */,
				BDFCE2CB211D60AB00C70770 /* MoviesGatewayAssembly.swift in Sources */,
				BD52F3F7211711660063DEB1 /* UIImageLoadFromURL+cornerRadius.swift in Sources */,
				BDD85B76211C337B00256E60 /* CastFilmUsecaseAssembly.swift in Sources */,
				BDD85B7E211C3B6100256E60 /* CastFilmPresenter.swift in Sources */,
				BD1DCF6621131DCA001B48EF /* MainViewAssembly.swift in Sources */,
				BD05FCD12119C60F008B5AC5 /* DetailsFilmPresenter.swift in Sources */,
				BD700C40211AF10600C51220 /* MakeRequestGateway.swift in Sources */,
				BDFCE2DA211D8AA100C70770 /* BasePageViewController.swift in Sources */,
				BDE164EB21119D57002E0A14 /* TabDisplayManager.swift in Sources */,
				BDD85B72211C313E00256E60 /* InfoFilmGatewayAssembly.swift in Sources */,
				BD700C3C211AE24100C51220 /* FStarRating.swift in Sources */,
				BDC94202210F52F6005C5041 /* CustomMenuBarButtonItem.swift in Sources */,
				BDD85B8D211C4B1300256E60 /* ArtistBioUsecaseAssembly.swift in Sources */,
				BDD85B8F211C4B2600256E60 /* ArtistBioGatewayAssembly.swift in Sources */,
				BD5292A4211479DF00870328 /* TabNamesDataSource.swift in Sources */,
				BD1DCF7221132939001B48EF /* Genres.swift in Sources */,
				BD700C36211ABDE300C51220 /* FSegmentControl.swift in Sources */,
				BD05FCD32119C6F4008B5AC5 /* DetailsFilmDataSource.swift in Sources */,
				BDC941FC210F2ADE005C5041 /* MainViewController.swift in Sources */,
				BDD85B80211C3C7600256E60 /* CastFilmPresenterAssembly.swift in Sources */,
				BD52F3F52117083B0063DEB1 /* PopularFilmsViewAssembly.swift in Sources */,
				BD52F3F3211706400063DEB1 /* PopularFilmsDisplayManagerAssembly.swift in Sources */,
				BD119EB221202B9A002BBAD1 /* ArtistPhotosDisplayManager.swift in Sources */,
				BDC941F8210F1B2C005C5041 /* colors.swift in Sources */,
				BDD16047211985920063650A /* InfoFilmViewController.swift in Sources */,
				BDC941CB210EE861005C5041 /* AppDelegate.swift in Sources */,
				BDD85B9C211C4D4C00256E60 /* ArtistPhoto.swift in Sources */,
				BD1DCF6C21132308001B48EF /* TabName.swift in Sources */,
				BD05FCCE2119C552008B5AC5 /* DetailsFilmUsecase.swift in Sources */,
				BDFCE2DD211DA2FE00C70770 /* CastRouting.swift in Sources */,
				BD1DCF6321131A38001B48EF /* NetworkingAssembly.swift in Sources */,
				BD05FCDF2119CD08008B5AC5 /* DetailsFilmDataSourceAssembly.swift in Sources */,
				BDE164ED2111A0DA002E0A14 /* StringWithFormating.swift in Sources */,
				BDFCE2D6211D7BA200C70770 /* MoviesRouting.swift in Sources */,
				BD700C4E211B0C1D00C51220 /* GalleryCollectionCell.swift in Sources */,
				BD700C5B211B2AE800C51220 /* CastDisplayAssembly.swift in Sources */,
				BD52F3E6211700C70063DEB1 /* PopularFilmsPresenter.swift in Sources */,
				BDFCE2DF211DA4F600C70770 /* CastRoutingAssembly.swift in Sources */,
				BDD85B85211C492200256E60 /* AboutArtistUsecase.swift in Sources */,
				BD52F3DE2116EDC70063DEB1 /* TabNamesDataSourceAssembly.swift in Sources */,
				BDFCE2CD211D611700C70770 /* MoviesUsecaseAssembly.swift in Sources */,
				BD700C5F211B2BF400C51220 /* Credits.swift in Sources */,
				BD700C46211AF49B00C51220 /* GalleryImage.swift in Sources */,
				BDD85B98211C4C5200256E60 /* ArtistBioDataSource.swift in Sources */,
				BDF83D682111F24F001596EA /* PopularFilmsViewController.swift in Sources */,
				BD52F3D82116D3CA0063DEB1 /* TabNamesPresenterAssembly.swift in Sources */,
				BDF1954E211877760093D236 /* UIButtonChangeContent.swift in Sources */,
				BD700C43211AF42E00C51220 /* GalleryUsecase.swift in Sources */,
				BD52F3E22116FC2A0063DEB1 /* ListPopularFilmsUsecase.swift in Sources */,
				BDD85B50211C14E500256E60 /* ReviewCollectionViewCell.swift in Sources */,
				BD05FCE12119CDCE008B5AC5 /* InfoViewAssembly.swift in Sources */,
				BDC941FE210F352D005C5041 /* TabNameCollectionViewCell.swift in Sources */,
				BD119EB021202A59002BBAD1 /* ArtistPhotosCollectionViewCell.swift in Sources */,
				BD05FCDD2119CCD5008B5AC5 /* DetailsFilmPresenterAssembly.swift in Sources */,
				BDD3BFB5211078860096C212 /* fonts.swift in Sources */,
				BD700C57211B289B00C51220 /* CastDisplayManager.swift in Sources */,
				BDD85B4E211C12C600256E60 /* ReviewViewController.swift in Sources */,
				BDD85B70211C311400256E60 /* InfoFilmUsecaseAssembly.swift in Sources */,
				BD700C65211B30E700C51220 /* CastViewAssembly.swift in Sources */,
				BD700C5D211B2B7400C51220 /* CastUsecase.swift in Sources */,
				BDD85B7C211C3A8D00256E60 /* CastFilmDataSource.swift in Sources */,
				BD700C55211B285F00C51220 /* CastViewController.swift in Sources */,
				BDD85BAA211C56BD00256E60 /* ArtistViewAssembly.swift in Sources */,
				BDF83D642111D68E001596EA /* FilmCard.swift in Sources */,
				BDD85BA0211C505900256E60 /* ArtistBioDataSourceAssembly.swift in Sources */,
				BD52F3E8211701600063DEB1 /* ListPopularDataSource.swift in Sources */,
				BDD85B82211C3C8D00256E60 /* CastFilmDataSourceAssembly.swift in Sources */,
				BD119EB421202ED5002BBAD1 /* ArtistPhotosDisplayManagerAssembly.swift in Sources */,
				BDFCE2D8211D7D5000C70770 /* MoviesRotingAssembly.swift in Sources */,
				BD52F3F1211704930063DEB1 /* PopularFilmsDSAssembly.swift in Sources */,
				BD52F3E42116FE980063DEB1 /* PopularFilms.swift in Sources */,
				BDF1954C21186DDB0093D236 /* AboutFilmViewController.swift in Sources */,
				BD05FCCA2119C38F008B5AC5 /* FilmDetail.swift in Sources */,
				BD05FCCC2119C48B008B5AC5 /* ProductionCountry.swift in Sources */,
				BD5292A22114783700870328 /* TabNamesPresenter.swift in Sources */,
				BDC941F4210EF464005C5041 /* BaseViewController.swift in Sources */,
				BD47CFDC2112FE15007339C8 /* NetworkingError.swift in Sources */,
				BDF83D662111D980001596EA /* FilmCollectionViewCell.swift in Sources */,
				BDD85B96211C4C3400256E60 /* ArtistBioPresenter.swift in Sources */,
				BD700C48211B019400C51220 /* Gallery.swift in Sources */,
				BDF83D6A2111FF35001596EA /* CALayerApplySketchShadow.swift in Sources */,
				BDD85B9E211C4D7600256E60 /* ArtistPhotos.swift in Sources */,
				BD700C3E211AF00400C51220 /* GalleryDisplayManager.swift in Sources */,
				BDD85BA2211C506A00256E60 /* ArtistBioPresenterAssembly.swift in Sources */,
				BDD85B88211C49B700256E60 /* Artist.swift in Sources */,
				BD700C53211B271A00C51220 /* CastCollectionCell.swift in Sources */,
				BDF83D622111D58D001596EA /* FilmCollectionDisplayManager.swift in Sources */,
				BDC941F6210EF50E005C5041 /* BaseHandlerController.swift in Sources */,
				BD52F3EE2117042C0063DEB1 /* PopularFilmsPresenterAssembly.swift in Sources */,
				BDD85B59211C1AB800256E60 /* AboutArtistViewController.swift in Sources */,
				BDD85B78211C339000256E60 /* CastFilmGatewayAssembly.swift in Sources */,
			);
			runOnlyForDeploymentPostprocessing = 0;
		};
/* End PBXSourcesBuildPhase section */

/* Begin PBXVariantGroup section */
		BDC941CE210EE861005C5041 /* Main.storyboard */ = {
			isa = PBXVariantGroup;
			children = (
				BDC941CF210EE861005C5041 /* Base */,
			);
			name = Main.storyboard;
			path = .;
			sourceTree = "<group>";
		};
		BDC941D3210EE864005C5041 /* LaunchScreen.storyboard */ = {
			isa = PBXVariantGroup;
			children = (
				BDC941D4210EE864005C5041 /* Base */,
			);
			name = LaunchScreen.storyboard;
			path = .;
			sourceTree = "<group>";
		};
/* End PBXVariantGroup section */

/* Begin XCBuildConfiguration section */
		BDC941D7210EE864005C5041 /* Debug */ = {
			isa = XCBuildConfiguration;
			buildSettings = {
				ALWAYS_SEARCH_USER_PATHS = NO;
				CLANG_ANALYZER_NONNULL = YES;
				CLANG_ANALYZER_NUMBER_OBJECT_CONVERSION = YES_AGGRESSIVE;
				CLANG_CXX_LANGUAGE_STANDARD = "gnu++14";
				CLANG_CXX_LIBRARY = "libc++";
				CLANG_ENABLE_MODULES = YES;
				CLANG_ENABLE_OBJC_ARC = YES;
				CLANG_ENABLE_OBJC_WEAK = YES;
				CLANG_WARN_BLOCK_CAPTURE_AUTORELEASING = YES;
				CLANG_WARN_BOOL_CONVERSION = YES;
				CLANG_WARN_COMMA = YES;
				CLANG_WARN_CONSTANT_CONVERSION = YES;
				CLANG_WARN_DEPRECATED_OBJC_IMPLEMENTATIONS = YES;
				CLANG_WARN_DIRECT_OBJC_ISA_USAGE = YES_ERROR;
				CLANG_WARN_DOCUMENTATION_COMMENTS = YES;
				CLANG_WARN_EMPTY_BODY = YES;
				CLANG_WARN_ENUM_CONVERSION = YES;
				CLANG_WARN_INFINITE_RECURSION = YES;
				CLANG_WARN_INT_CONVERSION = YES;
				CLANG_WARN_NON_LITERAL_NULL_CONVERSION = YES;
				CLANG_WARN_OBJC_IMPLICIT_RETAIN_SELF = YES;
				CLANG_WARN_OBJC_LITERAL_CONVERSION = YES;
				CLANG_WARN_OBJC_ROOT_CLASS = YES_ERROR;
				CLANG_WARN_RANGE_LOOP_ANALYSIS = YES;
				CLANG_WARN_STRICT_PROTOTYPES = YES;
				CLANG_WARN_SUSPICIOUS_MOVE = YES;
				CLANG_WARN_UNGUARDED_AVAILABILITY = YES_AGGRESSIVE;
				CLANG_WARN_UNREACHABLE_CODE = YES;
				CLANG_WARN__DUPLICATE_METHOD_MATCH = YES;
				CODE_SIGN_IDENTITY = "iPhone Developer";
				COPY_PHASE_STRIP = NO;
				DEBUG_INFORMATION_FORMAT = dwarf;
				ENABLE_STRICT_OBJC_MSGSEND = YES;
				ENABLE_TESTABILITY = YES;
				GCC_C_LANGUAGE_STANDARD = gnu11;
				GCC_DYNAMIC_NO_PIC = NO;
				GCC_NO_COMMON_BLOCKS = YES;
				GCC_OPTIMIZATION_LEVEL = 0;
				GCC_PREPROCESSOR_DEFINITIONS = (
					"DEBUG=1",
					"$(inherited)",
				);
				GCC_WARN_64_TO_32_BIT_CONVERSION = YES;
				GCC_WARN_ABOUT_RETURN_TYPE = YES_ERROR;
				GCC_WARN_UNDECLARED_SELECTOR = YES;
				GCC_WARN_UNINITIALIZED_AUTOS = YES_AGGRESSIVE;
				GCC_WARN_UNUSED_FUNCTION = YES;
				GCC_WARN_UNUSED_VARIABLE = YES;
				IPHONEOS_DEPLOYMENT_TARGET = 11.4;
				MTL_ENABLE_DEBUG_INFO = YES;
				ONLY_ACTIVE_ARCH = YES;
				SDKROOT = iphoneos;
				SWIFT_ACTIVE_COMPILATION_CONDITIONS = DEBUG;
				SWIFT_OPTIMIZATION_LEVEL = "-Onone";
			};
			name = Debug;
		};
		BDC941D8210EE864005C5041 /* Release */ = {
			isa = XCBuildConfiguration;
			buildSettings = {
				ALWAYS_SEARCH_USER_PATHS = NO;
				CLANG_ANALYZER_NONNULL = YES;
				CLANG_ANALYZER_NUMBER_OBJECT_CONVERSION = YES_AGGRESSIVE;
				CLANG_CXX_LANGUAGE_STANDARD = "gnu++14";
				CLANG_CXX_LIBRARY = "libc++";
				CLANG_ENABLE_MODULES = YES;
				CLANG_ENABLE_OBJC_ARC = YES;
				CLANG_ENABLE_OBJC_WEAK = YES;
				CLANG_WARN_BLOCK_CAPTURE_AUTORELEASING = YES;
				CLANG_WARN_BOOL_CONVERSION = YES;
				CLANG_WARN_COMMA = YES;
				CLANG_WARN_CONSTANT_CONVERSION = YES;
				CLANG_WARN_DEPRECATED_OBJC_IMPLEMENTATIONS = YES;
				CLANG_WARN_DIRECT_OBJC_ISA_USAGE = YES_ERROR;
				CLANG_WARN_DOCUMENTATION_COMMENTS = YES;
				CLANG_WARN_EMPTY_BODY = YES;
				CLANG_WARN_ENUM_CONVERSION = YES;
				CLANG_WARN_INFINITE_RECURSION = YES;
				CLANG_WARN_INT_CONVERSION = YES;
				CLANG_WARN_NON_LITERAL_NULL_CONVERSION = YES;
				CLANG_WARN_OBJC_IMPLICIT_RETAIN_SELF = YES;
				CLANG_WARN_OBJC_LITERAL_CONVERSION = YES;
				CLANG_WARN_OBJC_ROOT_CLASS = YES_ERROR;
				CLANG_WARN_RANGE_LOOP_ANALYSIS = YES;
				CLANG_WARN_STRICT_PROTOTYPES = YES;
				CLANG_WARN_SUSPICIOUS_MOVE = YES;
				CLANG_WARN_UNGUARDED_AVAILABILITY = YES_AGGRESSIVE;
				CLANG_WARN_UNREACHABLE_CODE = YES;
				CLANG_WARN__DUPLICATE_METHOD_MATCH = YES;
				CODE_SIGN_IDENTITY = "iPhone Developer";
				COPY_PHASE_STRIP = NO;
				DEBUG_INFORMATION_FORMAT = "dwarf-with-dsym";
				ENABLE_NS_ASSERTIONS = NO;
				ENABLE_STRICT_OBJC_MSGSEND = YES;
				GCC_C_LANGUAGE_STANDARD = gnu11;
				GCC_NO_COMMON_BLOCKS = YES;
				GCC_WARN_64_TO_32_BIT_CONVERSION = YES;
				GCC_WARN_ABOUT_RETURN_TYPE = YES_ERROR;
				GCC_WARN_UNDECLARED_SELECTOR = YES;
				GCC_WARN_UNINITIALIZED_AUTOS = YES_AGGRESSIVE;
				GCC_WARN_UNUSED_FUNCTION = YES;
				GCC_WARN_UNUSED_VARIABLE = YES;
				IPHONEOS_DEPLOYMENT_TARGET = 11.4;
				MTL_ENABLE_DEBUG_INFO = NO;
				SDKROOT = iphoneos;
				SWIFT_COMPILATION_MODE = wholemodule;
				SWIFT_OPTIMIZATION_LEVEL = "-O";
				VALIDATE_PRODUCT = YES;
			};
			name = Release;
		};
		BDC941DA210EE864005C5041 /* Debug */ = {
			isa = XCBuildConfiguration;
			baseConfigurationReference = 313906239C0C062D5B903C0D /* Pods-Films iOS.debug.xcconfig */;
			buildSettings = {
				ASSETCATALOG_COMPILER_APPICON_NAME = AppIcon;
				CODE_SIGN_STYLE = Automatic;
				INFOPLIST_FILE = "$(SRCROOT)/Films iOS/App/Info.plist";
				LD_RUNPATH_SEARCH_PATHS = (
					"$(inherited)",
					"@executable_path/Frameworks",
				);
				PRODUCT_BUNDLE_IDENTIFIER = "com.SML.Films-iOS";
				PRODUCT_NAME = "$(TARGET_NAME)";
				SWIFT_VERSION = 4.0;
				TARGETED_DEVICE_FAMILY = "1,2";
			};
			name = Debug;
		};
		BDC941DB210EE864005C5041 /* Release */ = {
			isa = XCBuildConfiguration;
			baseConfigurationReference = 86484042187C4F131FBE1961 /* Pods-Films iOS.release.xcconfig */;
			buildSettings = {
				ASSETCATALOG_COMPILER_APPICON_NAME = AppIcon;
				CODE_SIGN_STYLE = Automatic;
				INFOPLIST_FILE = "$(SRCROOT)/Films iOS/App/Info.plist";
				LD_RUNPATH_SEARCH_PATHS = (
					"$(inherited)",
					"@executable_path/Frameworks",
				);
				PRODUCT_BUNDLE_IDENTIFIER = "com.SML.Films-iOS";
				PRODUCT_NAME = "$(TARGET_NAME)";
				SWIFT_VERSION = 4.0;
				TARGETED_DEVICE_FAMILY = "1,2";
			};
			name = Release;
		};
/* End XCBuildConfiguration section */

/* Begin XCConfigurationList section */
		BDC941C2210EE861005C5041 /* Build configuration list for PBXProject "Films iOS" */ = {
			isa = XCConfigurationList;
			buildConfigurations = (
				BDC941D7210EE864005C5041 /* Debug */,
				BDC941D8210EE864005C5041 /* Release */,
			);
			defaultConfigurationIsVisible = 0;
			defaultConfigurationName = Release;
		};
		BDC941D9210EE864005C5041 /* Build configuration list for PBXNativeTarget "Films iOS" */ = {
			isa = XCConfigurationList;
			buildConfigurations = (
				BDC941DA210EE864005C5041 /* Debug */,
				BDC941DB210EE864005C5041 /* Release */,
			);
			defaultConfigurationIsVisible = 0;
			defaultConfigurationName = Release;
		};
/* End XCConfigurationList section */
	};
	rootObject = BDC941BF210EE861005C5041 /* Project object */;
}
